{"format_version":"1.0","provider_schemas":{"registry.terraform.io/scaleway/scaleway":{"provider":{"version":0,"block":{"attributes":{"access_key":{"type":"string","description":"The Scaleway access key.","description_kind":"plain","optional":true},"api_url":{"type":"string","description":"The Scaleway API URL to use.","description_kind":"plain","optional":true},"organization_id":{"type":"string","description":"The Scaleway organization ID.","description_kind":"plain","optional":true},"profile":{"type":"string","description":"The Scaleway profile to use.","description_kind":"plain","optional":true},"project_id":{"type":"string","description":"The Scaleway project ID.","description_kind":"plain","optional":true},"region":{"type":"string","description":"The region you want to attach the resource to","description_kind":"plain","optional":true,"computed":true},"secret_key":{"type":"string","description":"The Scaleway secret Key.","description_kind":"plain","optional":true},"zone":{"type":"string","description":"The zone you want to attach the resource to","description_kind":"plain","optional":true,"computed":true}},"description_kind":"plain"}},"resource_schemas":{"scaleway_account_project":{"version":0,"block":{"attributes":{"created_at":{"type":"string","description":"The date and time of the creation of the Project (Format ISO 8601)","description_kind":"plain","computed":true},"description":{"type":"string","description":"Description of the project","description_kind":"plain","optional":true},"id":{"type":"string","description_kind":"plain","optional":true,"computed":true},"name":{"type":"string","description":"The name of the project","description_kind":"plain","optional":true,"computed":true},"organization_id":{"type":"string","description":"The organization_id you want to attach the resource to","description_kind":"plain","optional":true,"computed":true},"updated_at":{"type":"string","description":"The date and time of the last update of the Project (Format ISO 8601)","description_kind":"plain","computed":true}},"description_kind":"plain"}},"scaleway_account_ssh_key":{"version":0,"block":{"attributes":{"created_at":{"type":"string","description":"The date and time of the creation of the iam SSH Key","description_kind":"plain","computed":true},"disabled":{"type":"bool","description":"The SSH key status","description_kind":"plain","optional":true},"fingerprint":{"type":"string","description":"The fingerprint of the iam SSH key","description_kind":"plain","computed":true},"id":{"type":"string","description_kind":"plain","optional":true,"computed":true},"name":{"type":"string","description":"The name of the iam SSH key","description_kind":"plain","optional":true,"computed":true},"organization_id":{"type":"string","description":"The organization_id you want to attach the resource to","description_kind":"plain","computed":true},"project_id":{"type":"string","description":"The project_id you want to attach the resource to","description_kind":"plain","optional":true,"computed":true},"public_key":{"type":"string","description":"The public SSH key","description_kind":"plain","required":true},"updated_at":{"type":"string","description":"The date and time of the last update of the iam SSH Key","description_kind":"plain","computed":true}},"description_kind":"plain"}},"scaleway_apple_silicon_server":{"version":0,"block":{"attributes":{"created_at":{"type":"string","description":"The date and time of the creation of the server","description_kind":"plain","computed":true},"deletable_at":{"type":"string","description":"The minimal date and time on which you can delete this server due to Apple licence","description_kind":"plain","computed":true},"id":{"type":"string","description_kind":"plain","optional":true,"computed":true},"ip":{"type":"string","description":"IPv4 address of the server","description_kind":"plain","computed":true},"name":{"type":"string","description":"Name of the server","description_kind":"plain","optional":true,"computed":true},"organization_id":{"type":"string","description":"The organization_id you want to attach the resource to","description_kind":"plain","computed":true},"project_id":{"type":"string","description":"The project_id you want to attach the resource to","description_kind":"plain","optional":true,"computed":true},"state":{"type":"string","description":"The state of the server","description_kind":"plain","computed":true},"type":{"type":"string","description":"Type of the server","description_kind":"plain","required":true},"updated_at":{"type":"string","description":"The date and time of the last update of the server","description_kind":"plain","computed":true},"vnc_url":{"type":"string","description":"VNC url use to connect remotely to the desktop GUI","description_kind":"plain","computed":true},"zone":{"type":"string","description":"The zone you want to attach the resource to","description_kind":"plain","optional":true,"computed":true}},"block_types":{"timeouts":{"nesting_mode":"single","block":{"attributes":{"create":{"type":"string","description_kind":"plain","optional":true},"default":{"type":"string","description_kind":"plain","optional":true}},"description_kind":"plain"}}},"description_kind":"plain"}},"scaleway_baremetal_server":{"version":0,"block":{"attributes":{"description":{"type":"string","description":"Some description to associate to the server, max 255 characters","description_kind":"plain","optional":true},"domain":{"type":"string","description_kind":"plain","computed":true},"hostname":{"type":"string","description":"Hostname of the server","description_kind":"plain","optional":true},"id":{"type":"string","description_kind":"plain","optional":true,"computed":true},"install_config_afterward":{"type":"bool","description":"If True, this boolean allows to create a server without the install config if you want to provide it later","description_kind":"plain","optional":true},"ips":{"type":["list",["object",{"address":"string","id":"string","reverse":"string","version":"string"}]],"description":"IP addresses attached to the server.","description_kind":"plain","computed":true},"ipv4":{"type":["list",["object",{"address":"string","id":"string","reverse":"string","version":"string"}]],"description":"IPv4 addresses attached to the server","description_kind":"plain","computed":true},"ipv6":{"type":["list",["object",{"address":"string","id":"string","reverse":"string","version":"string"}]],"description":"IPv6 addresses attached to the server","description_kind":"plain","computed":true},"name":{"type":"string","description":"Name of the server","description_kind":"plain","optional":true,"computed":true},"offer":{"type":"string","description":"ID or name of the server offer","description_kind":"plain","required":true},"offer_id":{"type":"string","description":"ID of the server offer","description_kind":"plain","computed":true},"offer_name":{"type":"string","description":"Name of the server offer","description_kind":"plain","computed":true},"organization_id":{"type":"string","description":"The organization_id you want to attach the resource to","description_kind":"plain","computed":true},"os":{"type":"string","description":"The base image of the server","description_kind":"plain","optional":true},"os_name":{"type":"string","description":"The base image name of the server","description_kind":"plain","computed":true},"password":{"type":"string","description":"Password used for the installation.","description_kind":"plain","optional":true,"sensitive":true},"project_id":{"type":"string","description":"The project_id you want to attach the resource to","description_kind":"plain","optional":true,"computed":true},"reinstall_on_config_changes":{"type":"bool","description":"If True, this boolean allows to reinstall the server on SSH key IDs, user or password changes","description_kind":"plain","optional":true},"service_password":{"type":"string","description":"Password used for the service to install.","description_kind":"plain","optional":true,"sensitive":true},"service_user":{"type":"string","description":"User used for the service to install.","description_kind":"plain","optional":true,"computed":true},"ssh_key_ids":{"type":["list","string"],"description":"Array of SSH key IDs allowed to SSH to the server\n\n**NOTE** : If you are attempting to update your SSH key IDs, it will induce the reinstall of your server. \nIf this behaviour is wanted, please set 'reinstall_on_ssh_key_changes' argument to true.","description_kind":"plain","optional":true},"tags":{"type":["list","string"],"description":"Array of tags to associate with the server","description_kind":"plain","optional":true,"computed":true},"user":{"type":"string","description":"User used for the installation.","description_kind":"plain","optional":true,"computed":true},"zone":{"type":"string","description":"The zone you want to attach the resource to","description_kind":"plain","optional":true,"computed":true}},"block_types":{"options":{"nesting_mode":"set","block":{"attributes":{"expires_at":{"type":"string","description":"Auto expire the option after this date","description_kind":"plain","optional":true,"computed":true},"id":{"type":"string","description":"IDs of the options","description_kind":"plain","required":true},"name":{"type":"string","description":"name of the option","description_kind":"plain","computed":true}},"description":"The options to enable on server","description_kind":"plain"}},"private_network":{"nesting_mode":"set","block":{"attributes":{"created_at":{"type":"string","description":"The date and time of the creation of the private network","description_kind":"plain","computed":true},"id":{"type":"string","description":"The private network ID","description_kind":"plain","required":true},"status":{"type":"string","description":"The private network status","description_kind":"plain","computed":true},"updated_at":{"type":"string","description":"The date and time of the last update of the private network","description_kind":"plain","computed":true},"vlan":{"type":"number","description":"The VLAN ID associated to the private network","description_kind":"plain","computed":true}},"description":"The private networks to attach to the server","description_kind":"plain"}},"timeouts":{"nesting_mode":"single","block":{"attributes":{"create":{"type":"string","description_kind":"plain","optional":true},"default":{"type":"string","description_kind":"plain","optional":true},"delete":{"type":"string","description_kind":"plain","optional":true},"update":{"type":"string","description_kind":"plain","optional":true}},"description_kind":"plain"}}},"description_kind":"plain"}},"scaleway_block_snapshot":{"version":0,"block":{"attributes":{"id":{"type":"string","description_kind":"plain","optional":true,"computed":true},"name":{"type":"string","description":"The snapshot name","description_kind":"plain","optional":true,"computed":true},"project_id":{"type":"string","description":"The project_id you want to attach the resource to","description_kind":"plain","optional":true,"computed":true},"tags":{"type":["list","string"],"description":"The tags associated with the snapshot","description_kind":"plain","optional":true},"volume_id":{"type":"string","description":"ID of the volume from which creates a snapshot","description_kind":"plain","required":true},"zone":{"type":"string","description":"The zone you want to attach the resource to","description_kind":"plain","optional":true,"computed":true}},"block_types":{"timeouts":{"nesting_mode":"single","block":{"attributes":{"create":{"type":"string","description_kind":"plain","optional":true},"default":{"type":"string","description_kind":"plain","optional":true},"delete":{"type":"string","description_kind":"plain","optional":true},"read":{"type":"string","description_kind":"plain","optional":true}},"description_kind":"plain"}}},"description_kind":"plain"}},"scaleway_block_volume":{"version":0,"block":{"attributes":{"id":{"type":"string","description_kind":"plain","optional":true,"computed":true},"iops":{"type":"number","description":"The maximum IO/s expected, must match available options","description_kind":"plain","required":true},"name":{"type":"string","description":"The volume name","description_kind":"plain","optional":true,"computed":true},"project_id":{"type":"string","description":"The project_id you want to attach the resource to","description_kind":"plain","optional":true,"computed":true},"size_in_gb":{"type":"number","description":"The volume size in GB","description_kind":"plain","optional":true,"computed":true},"snapshot_id":{"type":"string","description":"The snapshot to create the volume from","description_kind":"plain","optional":true},"tags":{"type":["list","string"],"description":"The tags associated with the volume","description_kind":"plain","optional":true},"zone":{"type":"string","description":"The zone you want to attach the resource to","description_kind":"plain","optional":true,"computed":true}},"block_types":{"timeouts":{"nesting_mode":"single","block":{"attributes":{"create":{"type":"string","description_kind":"plain","optional":true},"default":{"type":"string","description_kind":"plain","optional":true},"delete":{"type":"string","description_kind":"plain","optional":true},"read":{"type":"string","description_kind":"plain","optional":true}},"description_kind":"plain"}}},"description_kind":"plain"}},"scaleway_cockpit":{"version":0,"block":{"attributes":{"endpoints":{"type":["list",["object",{"alertmanager_url":"string","grafana_url":"string","logs_url":"string","metrics_url":"string","traces_url":"string"}]],"description":"Endpoints","description_kind":"plain","deprecated":true,"computed":true},"id":{"type":"string","description_kind":"plain","optional":true,"computed":true},"plan":{"type":"string","description":"Name or ID of the plan","description_kind":"plain","optional":true},"plan_id":{"type":"string","description":"The plan ID of the cockpit","description_kind":"plain","deprecated":true,"computed":true},"project_id":{"type":"string","description":"The project_id you want to attach the resource to","description_kind":"plain","optional":true,"computed":true},"push_url":{"type":["list",["object",{"push_logs_url":"string","push_metrics_url":"string"}]],"description":"Push_url","description_kind":"plain","deprecated":true,"computed":true}},"description_kind":"plain"}},"scaleway_cockpit_alert_manager":{"version":0,"block":{"attributes":{"alert_manager_url":{"type":"string","description":"Alert manager URL","description_kind":"plain","computed":true},"enable_managed_alerts":{"type":"bool","description":"Enable or disable the alert manager","description_kind":"plain","optional":true},"id":{"type":"string","description_kind":"plain","optional":true,"computed":true},"project_id":{"type":"string","description":"The project_id you want to attach the resource to","description_kind":"plain","optional":true,"computed":true},"region":{"type":"string","description":"The region you want to attach the resource to","description_kind":"plain","optional":true,"computed":true}},"block_types":{"contact_points":{"nesting_mode":"list","block":{"attributes":{"email":{"type":"string","description":"Email addresses for the alert receivers","description_kind":"plain","optional":true}},"description":"A list of contact points","description_kind":"plain"}}},"description_kind":"plain"}},"scaleway_cockpit_grafana_user":{"version":0,"block":{"attributes":{"id":{"type":"string","description_kind":"plain","optional":true,"computed":true},"login":{"type":"string","description":"The login of the Grafana user","description_kind":"plain","required":true},"password":{"type":"string","description":"The password of the Grafana user","description_kind":"plain","computed":true,"sensitive":true},"project_id":{"type":"string","description":"The project_id you want to attach the resource to","description_kind":"plain","optional":true,"computed":true},"role":{"type":"string","description":"The role of the Grafana user","description_kind":"plain","required":true}},"block_types":{"timeouts":{"nesting_mode":"single","block":{"attributes":{"create":{"type":"string","description_kind":"plain","optional":true},"default":{"type":"string","description_kind":"plain","optional":true},"delete":{"type":"string","description_kind":"plain","optional":true},"read":{"type":"string","description_kind":"plain","optional":true}},"description_kind":"plain"}}},"description_kind":"plain"}},"scaleway_cockpit_source":{"version":0,"block":{"attributes":{"created_at":{"type":"string","description":"The date and time of the creation of the cockpit datasource","description_kind":"plain","computed":true},"id":{"type":"string","description_kind":"plain","optional":true,"computed":true},"name":{"type":"string","description":"Name of the datasource","description_kind":"plain","optional":true},"origin":{"type":"string","description":"The origin of the datasource","description_kind":"plain","computed":true},"project_id":{"type":"string","description":"The project_id you want to attach the resource to","description_kind":"plain","optional":true,"computed":true},"push_url":{"type":"string","description":"The URL endpoint used for pushing data to the cockpit data source.","description_kind":"plain","computed":true},"region":{"type":"string","description":"The region you want to attach the resource to","description_kind":"plain","optional":true,"computed":true},"synchronized_with_grafana":{"type":"bool","description":"Indicates whether the data source is synchronized with Grafana","description_kind":"plain","computed":true},"type":{"type":"string","description":"The type of the datasource","description_kind":"plain","optional":true},"updated_at":{"type":"string","description":"The date and time of the last update of the cockpit datasource","description_kind":"plain","computed":true},"url":{"type":"string","description":"The URL of the datasource","description_kind":"plain","computed":true}},"block_types":{"timeouts":{"nesting_mode":"single","block":{"attributes":{"create":{"type":"string","description_kind":"plain","optional":true},"default":{"type":"string","description_kind":"plain","optional":true},"delete":{"type":"string","description_kind":"plain","optional":true},"read":{"type":"string","description_kind":"plain","optional":true}},"description_kind":"plain"}}},"description_kind":"plain"}},"scaleway_cockpit_token":{"version":1,"block":{"attributes":{"created_at":{"type":"string","description":"The date and time of the creation of the Cockpit Token (Format ISO 8601)","description_kind":"plain","computed":true},"id":{"type":"string","description_kind":"plain","optional":true,"computed":true},"name":{"type":"string","description":"The name of the token","description_kind":"plain","required":true},"project_id":{"type":"string","description":"The project_id you want to attach the resource to","description_kind":"plain","optional":true,"computed":true},"region":{"type":"string","description":"The region you want to attach the resource to","description_kind":"plain","optional":true,"computed":true},"secret_key":{"type":"string","description":"The secret key of the token","description_kind":"plain","computed":true,"sensitive":true},"updated_at":{"type":"string","description":"The date and time of the last update of the Cockpit Token (Format ISO 8601)","description_kind":"plain","computed":true}},"block_types":{"scopes":{"nesting_mode":"list","block":{"attributes":{"query_logs":{"type":"bool","description":"Query logs","description_kind":"plain","optional":true},"query_metrics":{"type":"bool","description":"Query metrics","description_kind":"plain","optional":true},"query_traces":{"type":"bool","description":"Query traces","description_kind":"plain","optional":true},"setup_alerts":{"type":"bool","description":"Setup alerts","description_kind":"plain","optional":true},"setup_logs_rules":{"type":"bool","description":"Setup logs rules","description_kind":"plain","optional":true},"setup_metrics_rules":{"type":"bool","description":"Setup metrics rules","description_kind":"plain","optional":true},"write_logs":{"type":"bool","description":"Write logs","description_kind":"plain","optional":true},"write_metrics":{"type":"bool","description":"Write metrics","description_kind":"plain","optional":true},"write_traces":{"type":"bool","description":"Write traces","description_kind":"plain","optional":true}},"description":"Endpoints","description_kind":"plain"},"max_items":1},"timeouts":{"nesting_mode":"single","block":{"attributes":{"create":{"type":"string","description_kind":"plain","optional":true},"default":{"type":"string","description_kind":"plain","optional":true},"delete":{"type":"string","description_kind":"plain","optional":true},"read":{"type":"string","description_kind":"plain","optional":true}},"description_kind":"plain"}}},"description_kind":"plain"}},"scaleway_container":{"version":0,"block":{"attributes":{"cpu_limit":{"type":"number","description":"The amount of vCPU computing resources to allocate to each container. Defaults to 70.","description_kind":"plain","optional":true,"computed":true},"cron_status":{"type":"string","description":"The cron status","description_kind":"plain","computed":true},"deploy":{"type":"bool","description":"This allows you to control your production environment","description_kind":"plain","optional":true},"description":{"type":"string","description":"The container description","description_kind":"plain","optional":true},"domain_name":{"type":"string","description":"The native container domain name.","description_kind":"plain","computed":true},"environment_variables":{"type":["map","string"],"description":"The environment variables to be injected into your container at runtime.","description_kind":"plain","optional":true,"computed":true},"error_message":{"type":"string","description":"The error description","description_kind":"plain","computed":true},"http_option":{"type":"string","description":"HTTP traffic configuration","description_kind":"plain","optional":true},"id":{"type":"string","description_kind":"plain","optional":true,"computed":true},"max_concurrency":{"type":"number","description":"The maximum the number of simultaneous requests your container can handle at the same time.","description_kind":"plain","optional":true,"computed":true},"max_scale":{"type":"number","description":"The maximum of number of instances this container can scale to.","description_kind":"plain","optional":true,"computed":true},"memory_limit":{"type":"number","description":"The memory computing resources in MB to allocate to each container.","description_kind":"plain","optional":true,"computed":true},"min_scale":{"type":"number","description":"The minimum of running container instances continuously.","description_kind":"plain","optional":true,"computed":true},"name":{"type":"string","description":"The container name","description_kind":"plain","optional":true,"computed":true},"namespace_id":{"type":"string","description":"The container namespace associated","description_kind":"plain","required":true},"port":{"type":"number","description":"The port to expose the container.","description_kind":"plain","optional":true,"computed":true},"privacy":{"type":"string","description":"The privacy type define the way to authenticate to your container","description_kind":"plain","optional":true},"protocol":{"type":"string","description":"The communication protocol http1 or h2c. Defaults to http1.","description_kind":"plain","optional":true},"region":{"type":"string","description":"The region you want to attach the resource to","description_kind":"plain","optional":true,"computed":true},"registry_image":{"type":"string","description":"The scaleway registry image address","description_kind":"plain","optional":true,"computed":true},"registry_sha256":{"type":"string","description":"The sha256 of your source registry image, changing it will re-apply the deployment. Can be any string","description_kind":"plain","optional":true},"sandbox":{"type":"string","description":"Execution environment of the container.","description_kind":"plain","optional":true,"computed":true},"secret_environment_variables":{"type":["map","string"],"description":"The secret environment variables to be injected into your container at runtime.","description_kind":"plain","optional":true,"sensitive":true},"status":{"type":"string","description":"The container status","description_kind":"plain","optional":true,"computed":true},"timeout":{"type":"number","description":"The maximum amount of time in seconds during which your container can process a request before we stop it. Defaults to 300s.","description_kind":"plain","optional":true,"computed":true}},"block_types":{"timeouts":{"nesting_mode":"single","block":{"attributes":{"create":{"type":"string","description_kind":"plain","optional":true},"default":{"type":"string","description_kind":"plain","optional":true},"delete":{"type":"string","description_kind":"plain","optional":true},"read":{"type":"string","description_kind":"plain","optional":true},"update":{"type":"string","description_kind":"plain","optional":true}},"description_kind":"plain"}}},"description_kind":"plain"}},"scaleway_container_cron":{"version":0,"block":{"attributes":{"args":{"type":"string","description":"Cron arguments as json object to pass through during execution.","description_kind":"plain","required":true},"container_id":{"type":"string","description":"The Container ID to link with your trigger.","description_kind":"plain","required":true},"id":{"type":"string","description_kind":"plain","optional":true,"computed":true},"name":{"type":"string","description":"Cron job name","description_kind":"plain","optional":true,"computed":true},"region":{"type":"string","description":"The region you want to attach the resource to","description_kind":"plain","optional":true,"computed":true},"schedule":{"type":"string","description":"Cron format string, e.g. 0 * * * * or @hourly, as schedule time of its jobs to be created and executed.","description_kind":"plain","required":true},"status":{"type":"string","description":"Cron job status.","description_kind":"plain","computed":true}},"block_types":{"timeouts":{"nesting_mode":"single","block":{"attributes":{"create":{"type":"string","description_kind":"plain","optional":true},"default":{"type":"string","description_kind":"plain","optional":true},"delete":{"type":"string","description_kind":"plain","optional":true},"read":{"type":"string","description_kind":"plain","optional":true},"update":{"type":"string","description_kind":"plain","optional":true}},"description_kind":"plain"}}},"description_kind":"plain"}},"scaleway_container_domain":{"version":0,"block":{"attributes":{"container_id":{"type":"string","description":"Container the domain will be bound to","description_kind":"plain","required":true},"hostname":{"type":"string","description":"Domain's hostname","description_kind":"plain","required":true},"id":{"type":"string","description_kind":"plain","optional":true,"computed":true},"region":{"type":"string","description":"The region you want to attach the resource to","description_kind":"plain","optional":true,"computed":true},"url":{"type":"string","description":"URL used to query the container","description_kind":"plain","computed":true}},"block_types":{"timeouts":{"nesting_mode":"single","block":{"attributes":{"create":{"type":"string","description_kind":"plain","optional":true},"default":{"type":"string","description_kind":"plain","optional":true},"delete":{"type":"string","description_kind":"plain","optional":true},"read":{"type":"string","description_kind":"plain","optional":true},"update":{"type":"string","description_kind":"plain","optional":true}},"description_kind":"plain"}}},"description_kind":"plain"}},"scaleway_container_namespace":{"version":0,"block":{"attributes":{"description":{"type":"string","description":"The description of the container namespace","description_kind":"plain","optional":true},"destroy_registry":{"type":"bool","description":"Destroy registry on deletion","description_kind":"plain","deprecated":true,"optional":true},"environment_variables":{"type":["map","string"],"description":"The environment variables of the container namespace","description_kind":"plain","optional":true},"id":{"type":"string","description_kind":"plain","optional":true,"computed":true},"name":{"type":"string","description":"The name of the container namespace","description_kind":"plain","optional":true,"computed":true},"organization_id":{"type":"string","description":"The organization_id you want to attach the resource to","description_kind":"plain","computed":true},"project_id":{"type":"string","description":"The project_id you want to attach the resource to","description_kind":"plain","optional":true,"computed":true},"region":{"type":"string","description":"The region you want to attach the resource to","description_kind":"plain","optional":true,"computed":true},"registry_endpoint":{"type":"string","description":"The endpoint reachable by docker","description_kind":"plain","computed":true},"registry_namespace_id":{"type":"string","description":"The ID of the registry namespace","description_kind":"plain","computed":true},"secret_environment_variables":{"type":["map","string"],"description":"The secret environment variables of the container namespace","description_kind":"plain","optional":true,"sensitive":true}},"block_types":{"timeouts":{"nesting_mode":"single","block":{"attributes":{"create":{"type":"string","description_kind":"plain","optional":true},"default":{"type":"string","description_kind":"plain","optional":true},"delete":{"type":"string","description_kind":"plain","optional":true},"read":{"type":"string","description_kind":"plain","optional":true},"update":{"type":"string","description_kind":"plain","optional":true}},"description_kind":"plain"}}},"description_kind":"plain"}},"scaleway_container_token":{"version":0,"block":{"attributes":{"container_id":{"type":"string","description_kind":"plain","optional":true},"description":{"type":"string","description_kind":"plain","optional":true},"expires_at":{"type":"string","description_kind":"plain","optional":true},"id":{"type":"string","description_kind":"plain","optional":true,"computed":true},"namespace_id":{"type":"string","description_kind":"plain","optional":true},"region":{"type":"string","description":"The region you want to attach the resource to","description_kind":"plain","optional":true,"computed":true},"token":{"type":"string","description_kind":"plain","computed":true,"sensitive":true}},"description_kind":"plain"}},"scaleway_container_trigger":{"version":0,"block":{"attributes":{"container_id":{"type":"string","description":"The ID of the container to create a trigger for","description_kind":"plain","required":true},"description":{"type":"string","description":"The trigger description","description_kind":"plain","optional":true},"id":{"type":"string","description_kind":"plain","optional":true,"computed":true},"name":{"type":"string","description":"The trigger name","description_kind":"plain","optional":true,"computed":true},"region":{"type":"string","description":"The region you want to attach the resource to","description_kind":"plain","optional":true,"computed":true}},"block_types":{"nats":{"nesting_mode":"list","block":{"attributes":{"account_id":{"type":"string","description":"ID of the mnq nats account","description_kind":"plain","optional":true},"project_id":{"type":"string","description":"Project ID of the project where the mnq sqs exists, defaults to provider project_id","description_kind":"plain","optional":true,"computed":true},"region":{"type":"string","description":"Region where the mnq sqs exists, defaults to function's region","description_kind":"plain","optional":true,"computed":true},"subject":{"type":"string","description":"Subject to listen to","description_kind":"plain","required":true}},"description":"Config for nats based trigger using scaleway mnq","description_kind":"plain"},"max_items":1},"sqs":{"nesting_mode":"list","block":{"attributes":{"namespace_id":{"type":"string","description":"ID of the mnq namespace","description_kind":"plain","deprecated":true,"optional":true},"project_id":{"type":"string","description":"Project ID of the project where the mnq sqs exists, defaults to provider project_id","description_kind":"plain","optional":true,"computed":true},"queue":{"type":"string","description":"Name of the queue","description_kind":"plain","required":true},"region":{"type":"string","description":"Region where the mnq sqs exists, defaults to function's region","description_kind":"plain","optional":true,"computed":true}},"description":"Config for sqs based trigger using scaleway mnq","description_kind":"plain"},"max_items":1},"timeouts":{"nesting_mode":"single","block":{"attributes":{"create":{"type":"string","description_kind":"plain","optional":true},"default":{"type":"string","description_kind":"plain","optional":true},"delete":{"type":"string","description_kind":"plain","optional":true},"read":{"type":"string","description_kind":"plain","optional":true},"update":{"type":"string","description_kind":"plain","optional":true}},"description_kind":"plain"}}},"description_kind":"plain"}},"scaleway_domain_record":{"version":0,"block":{"attributes":{"data":{"type":"string","description":"The data of the record","description_kind":"plain","required":true},"dns_zone":{"type":"string","description":"The zone you want to add the record in","description_kind":"plain","required":true},"fqdn":{"type":"string","description":"The FQDN of the record","description_kind":"plain","computed":true},"id":{"type":"string","description_kind":"plain","optional":true,"computed":true},"keep_empty_zone":{"type":"bool","description":"When destroy a resource record, if a zone have only NS, delete the zone","description_kind":"plain","optional":true},"name":{"type":"string","description":"The name of the record","description_kind":"plain","optional":true},"priority":{"type":"number","description":"The priority of the record","description_kind":"plain","optional":true,"computed":true},"project_id":{"type":"string","description":"The project_id you want to attach the resource to","description_kind":"plain","optional":true,"computed":true},"root_zone":{"type":"bool","description":"Does the DNS zone is the root zone or not","description_kind":"plain","computed":true},"ttl":{"type":"number","description":"The ttl of the record","description_kind":"plain","optional":true},"type":{"type":"string","description":"The type of the record","description_kind":"plain","required":true}},"block_types":{"geo_ip":{"nesting_mode":"list","block":{"block_types":{"matches":{"nesting_mode":"list","block":{"attributes":{"continents":{"type":["list","string"],"description":"List of continents (eg: EU for Europe, NA for North America, AS for Asia...). List of all continents code: https://api.scaleway.com/domain-private/v2beta1/continents","description_kind":"plain","optional":true},"countries":{"type":["list","string"],"description":"List of countries (eg: FR for France, US for the United States, GB for Great Britain...). List of all countries code: https://api.scaleway.com/domain-private/v2beta1/countries","description_kind":"plain","optional":true},"data":{"type":"string","description":"The data of the match result","description_kind":"plain","required":true}},"description":"The list of matches","description_kind":"plain"},"min_items":1}},"description":"Return record based on client localisation","description_kind":"plain"},"max_items":1},"http_service":{"nesting_mode":"list","block":{"attributes":{"ips":{"type":["list","string"],"description":"IPs to check","description_kind":"plain","required":true},"must_contain":{"type":"string","description":"Text to search","description_kind":"plain","required":true},"strategy":{"type":"string","description":"Strategy to return an IP from the IPs list","description_kind":"plain","required":true},"url":{"type":"string","description":"URL to match the must_contain text to validate an IP","description_kind":"plain","required":true},"user_agent":{"type":"string","description":"User-agent used when checking the URL","description_kind":"plain","optional":true}},"description":"Return record based on client localisation","description_kind":"plain"},"max_items":1},"timeouts":{"nesting_mode":"single","block":{"attributes":{"create":{"type":"string","description_kind":"plain","optional":true},"default":{"type":"string","description_kind":"plain","optional":true},"delete":{"type":"string","description_kind":"plain","optional":true},"read":{"type":"string","description_kind":"plain","optional":true},"update":{"type":"string","description_kind":"plain","optional":true}},"description_kind":"plain"}},"view":{"nesting_mode":"list","block":{"attributes":{"data":{"type":"string","description":"The data of the view record","description_kind":"plain","required":true},"subnet":{"type":"string","description":"The subnet of the view","description_kind":"plain","required":true}},"description":"Return record based on client subnet","description_kind":"plain"}},"weighted":{"nesting_mode":"list","block":{"attributes":{"ip":{"type":"string","description":"The weighted IP","description_kind":"plain","required":true},"weight":{"type":"number","description":"The weight of the IP","description_kind":"plain","required":true}},"description":"Return record based on weight","description_kind":"plain"}}},"description_kind":"plain"}},"scaleway_domain_zone":{"version":0,"block":{"attributes":{"domain":{"type":"string","description":"The domain where the DNS zone will be created.","description_kind":"plain","required":true},"id":{"type":"string","description_kind":"plain","optional":true,"computed":true},"message":{"type":"string","description":"Message","description_kind":"plain","computed":true},"ns":{"type":["list","string"],"description":"NameServer list for zone.","description_kind":"plain","computed":true},"ns_default":{"type":["list","string"],"description":"NameServer default list for zone.","description_kind":"plain","computed":true},"ns_master":{"type":["list","string"],"description":"NameServer master list for zone.","description_kind":"plain","computed":true},"project_id":{"type":"string","description":"The project_id you want to attach the resource to","description_kind":"plain","optional":true,"computed":true},"status":{"type":"string","description":"The domain zone status.","description_kind":"plain","computed":true},"subdomain":{"type":"string","description":"The subdomain of the DNS zone to create.","description_kind":"plain","required":true},"updated_at":{"type":"string","description":"The date and time of the last update of the DNS zone.","description_kind":"plain","computed":true}},"block_types":{"timeouts":{"nesting_mode":"single","block":{"attributes":{"default":{"type":"string","description_kind":"plain","optional":true}},"description_kind":"plain"}}},"description_kind":"plain"}},"scaleway_flexible_ip":{"version":0,"block":{"attributes":{"created_at":{"type":"string","description":"The date and time of the creation of the Flexible IP (Format ISO 8601)","description_kind":"plain","computed":true},"description":{"type":"string","description":"Description of the flexible IP","description_kind":"plain","optional":true},"id":{"type":"string","description_kind":"plain","optional":true,"computed":true},"ip_address":{"type":"string","description":"The IP address of the flexible IP","description_kind":"plain","computed":true},"is_ipv6":{"type":"bool","description":"Defines whether the flexible IP has an IPv6 address","description_kind":"plain","optional":true},"organization_id":{"type":"string","description":"The organization_id you want to attach the resource to","description_kind":"plain","computed":true},"project_id":{"type":"string","description":"The project_id you want to attach the resource to","description_kind":"plain","optional":true,"computed":true},"reverse":{"type":"string","description":"The reverse DNS for this flexible IP","description_kind":"plain","optional":true,"computed":true},"server_id":{"type":"string","description":"The baremetal server associated with this flexible IP","description_kind":"plain","optional":true},"status":{"type":"string","description":"The status of the flexible IP","description_kind":"plain","computed":true},"tags":{"type":["list","string"],"description":"The tags associated with the flexible IP","description_kind":"plain","optional":true},"updated_at":{"type":"string","description":"The date and time of the last update of the Flexible IP (Format ISO 8601)","description_kind":"plain","computed":true},"zone":{"type":"string","description":"The zone you want to attach the resource to","description_kind":"plain","optional":true,"computed":true}},"block_types":{"timeouts":{"nesting_mode":"single","block":{"attributes":{"create":{"type":"string","description_kind":"plain","optional":true},"default":{"type":"string","description_kind":"plain","optional":true},"delete":{"type":"string","description_kind":"plain","optional":true},"read":{"type":"string","description_kind":"plain","optional":true},"update":{"type":"string","description_kind":"plain","optional":true}},"description_kind":"plain"}}},"description_kind":"plain"}},"scaleway_flexible_ip_mac_address":{"version":0,"block":{"attributes":{"address":{"type":"string","description":"Virtual MAC address","description_kind":"plain","computed":true},"created_at":{"type":"string","description":"The date and time of the creation of the virtual MAC (Format ISO 8601)","description_kind":"plain","computed":true},"flexible_ip_id":{"type":"string","description":"The ID of the flexible IP for which to generate a virtual MAC","description_kind":"plain","required":true},"flexible_ip_ids_to_duplicate":{"type":["set","string"],"description":"The IDs of the flexible IPs on which to duplicate the virtual MAC\n\n**NOTE** : The flexible IPs need to be attached to the same server for the operation to work.","description_kind":"plain","optional":true},"id":{"type":"string","description_kind":"plain","optional":true,"computed":true},"status":{"type":"string","description":"Virtual MAC status","description_kind":"plain","computed":true},"type":{"type":"string","description":"The type of the virtual MAC","description_kind":"plain","required":true},"updated_at":{"type":"string","description":"The date and time of the last update of the virtual MAC (Format ISO 8601)","description_kind":"plain","computed":true},"zone":{"type":"string","description":"The zone you want to attach the resource to","description_kind":"plain","optional":true,"computed":true}},"block_types":{"timeouts":{"nesting_mode":"single","block":{"attributes":{"create":{"type":"string","description_kind":"plain","optional":true},"default":{"type":"string","description_kind":"plain","optional":true},"delete":{"type":"string","description_kind":"plain","optional":true},"read":{"type":"string","description_kind":"plain","optional":true},"update":{"type":"string","description_kind":"plain","optional":true}},"description_kind":"plain"}}},"description_kind":"plain"}},"scaleway_function":{"version":0,"block":{"attributes":{"cpu_limit":{"type":"number","description":"CPU limit in mCPU for your function","description_kind":"plain","computed":true},"deploy":{"type":"bool","description":"Define if the function should be deployed, terraform will wait for function to be deployed","description_kind":"plain","optional":true},"description":{"type":"string","description":"The description of the function","description_kind":"plain","optional":true},"domain_name":{"type":"string","description":"The native function domain name.","description_kind":"plain","computed":true},"environment_variables":{"type":["map","string"],"description":"The environment variables of the function","description_kind":"plain","optional":true},"handler":{"type":"string","description":"Handler of the function. Depends on the runtime https://developers.scaleway.com/en/products/functions/api/#create-a-function","description_kind":"plain","required":true},"http_option":{"type":"string","description":"HTTP traffic configuration","description_kind":"plain","optional":true},"id":{"type":"string","description_kind":"plain","optional":true,"computed":true},"max_scale":{"type":"number","description":"Maximum replicas for your function (defaults to 20), our system will scale your functions automatically based on incoming workload, but will never scale the number of replicas above the configured max_scale.","description_kind":"plain","optional":true},"memory_limit":{"type":"number","description":"Memory limit in MB for your function, defaults to 256MB","description_kind":"plain","optional":true},"min_scale":{"type":"number","description":"Minimum replicas for your function, defaults to 0, Note that a function is billed when it gets executed, and using a min_scale greater than 0 will cause your function to run all the time.","description_kind":"plain","optional":true},"name":{"type":"string","description":"The name of the function","description_kind":"plain","optional":true,"computed":true},"namespace_id":{"type":"string","description":"The namespace ID associated with this function","description_kind":"plain","required":true},"organization_id":{"type":"string","description":"The organization_id you want to attach the resource to","description_kind":"plain","computed":true},"privacy":{"type":"string","description":"Privacy of the function. Can be either `private` or `public`","description_kind":"plain","required":true},"project_id":{"type":"string","description":"The project_id you want to attach the resource to","description_kind":"plain","optional":true,"computed":true},"region":{"type":"string","description":"The region you want to attach the resource to","description_kind":"plain","optional":true,"computed":true},"runtime":{"type":"string","description":"Runtime of the function","description_kind":"plain","required":true},"sandbox":{"type":"string","description":"Execution environment of the function.","description_kind":"plain","optional":true,"computed":true},"secret_environment_variables":{"type":["map","string"],"description":"The secret environment variables to be injected into your function at runtime.","description_kind":"plain","optional":true,"sensitive":true},"timeout":{"type":"number","description":"Holds the max duration (in seconds) the function is allowed for responding to a request","description_kind":"plain","optional":true,"computed":true},"zip_file":{"type":"string","description":"Location of the zip file to upload containing your function sources","description_kind":"plain","optional":true},"zip_hash":{"type":"string","description":"The hash of your source zip file, changing it will re-apply function. Can be any string","description_kind":"plain","optional":true}},"block_types":{"timeouts":{"nesting_mode":"single","block":{"attributes":{"create":{"type":"string","description_kind":"plain","optional":true},"default":{"type":"string","description_kind":"plain","optional":true},"delete":{"type":"string","description_kind":"plain","optional":true},"read":{"type":"string","description_kind":"plain","optional":true},"update":{"type":"string","description_kind":"plain","optional":true}},"description_kind":"plain"}}},"description_kind":"plain"}},"scaleway_function_cron":{"version":0,"block":{"attributes":{"args":{"type":"string","description":"Functions arguments as json object to pass through during execution.","description_kind":"plain","required":true},"function_id":{"type":"string","description":"The ID of the function to create a cron for.","description_kind":"plain","required":true},"id":{"type":"string","description_kind":"plain","optional":true,"computed":true},"name":{"type":"string","description":"The name of the cron job.","description_kind":"plain","optional":true,"computed":true},"region":{"type":"string","description":"The region you want to attach the resource to","description_kind":"plain","optional":true,"computed":true},"schedule":{"type":"string","description":"Cron format string, e.g. 0 * * * * or @hourly, as schedule time of its jobs to be created and executed.","description_kind":"plain","required":true},"status":{"type":"string","description":"Cron job status.","description_kind":"plain","computed":true}},"block_types":{"timeouts":{"nesting_mode":"single","block":{"attributes":{"create":{"type":"string","description_kind":"plain","optional":true},"default":{"type":"string","description_kind":"plain","optional":true},"delete":{"type":"string","description_kind":"plain","optional":true},"read":{"type":"string","description_kind":"plain","optional":true},"update":{"type":"string","description_kind":"plain","optional":true}},"description_kind":"plain"}}},"description_kind":"plain"}},"scaleway_function_domain":{"version":0,"block":{"attributes":{"function_id":{"type":"string","description":"The ID of the function","description_kind":"plain","required":true},"hostname":{"type":"string","description":"The hostname that should be redirected to the function","description_kind":"plain","required":true},"id":{"type":"string","description_kind":"plain","optional":true,"computed":true},"region":{"type":"string","description":"The region you want to attach the resource to","description_kind":"plain","optional":true,"computed":true},"url":{"type":"string","description":"URL to use to trigger the function","description_kind":"plain","computed":true}},"block_types":{"timeouts":{"nesting_mode":"single","block":{"attributes":{"create":{"type":"string","description_kind":"plain","optional":true},"default":{"type":"string","description_kind":"plain","optional":true},"delete":{"type":"string","description_kind":"plain","optional":true},"read":{"type":"string","description_kind":"plain","optional":true},"update":{"type":"string","description_kind":"plain","optional":true}},"description_kind":"plain"}}},"description_kind":"plain"}},"scaleway_function_namespace":{"version":0,"block":{"attributes":{"description":{"type":"string","description":"The description of the function namespace","description_kind":"plain","optional":true},"environment_variables":{"type":["map","string"],"description":"The environment variables of the function namespace","description_kind":"plain","optional":true},"id":{"type":"string","description_kind":"plain","optional":true,"computed":true},"name":{"type":"string","description":"The name of the function namespace","description_kind":"plain","optional":true,"computed":true},"organization_id":{"type":"string","description":"The organization_id you want to attach the resource to","description_kind":"plain","computed":true},"project_id":{"type":"string","description":"The project_id you want to attach the resource to","description_kind":"plain","optional":true,"computed":true},"region":{"type":"string","description":"The region you want to attach the resource to","description_kind":"plain","optional":true,"computed":true},"registry_endpoint":{"type":"string","description":"The endpoint reachable by docker","description_kind":"plain","computed":true},"registry_namespace_id":{"type":"string","description":"The ID of the registry namespace","description_kind":"plain","computed":true},"secret_environment_variables":{"type":["map","string"],"description":"The environment variables of the function namespace","description_kind":"plain","optional":true,"sensitive":true}},"block_types":{"timeouts":{"nesting_mode":"single","block":{"attributes":{"create":{"type":"string","description_kind":"plain","optional":true},"default":{"type":"string","description_kind":"plain","optional":true},"delete":{"type":"string","description_kind":"plain","optional":true},"read":{"type":"string","description_kind":"plain","optional":true},"update":{"type":"string","description_kind":"plain","optional":true}},"description_kind":"plain"}}},"description_kind":"plain"}},"scaleway_function_token":{"version":0,"block":{"attributes":{"description":{"type":"string","description_kind":"plain","optional":true},"expires_at":{"type":"string","description_kind":"plain","optional":true},"function_id":{"type":"string","description_kind":"plain","optional":true},"id":{"type":"string","description_kind":"plain","optional":true,"computed":true},"namespace_id":{"type":"string","description_kind":"plain","optional":true},"region":{"type":"string","description":"The region you want to attach the resource to","description_kind":"plain","optional":true,"computed":true},"token":{"type":"string","description_kind":"plain","computed":true,"sensitive":true}},"description_kind":"plain"}},"scaleway_function_trigger":{"version":0,"block":{"attributes":{"description":{"type":"string","description":"The trigger description","description_kind":"plain","optional":true},"function_id":{"type":"string","description":"The ID of the function to create a trigger for","description_kind":"plain","required":true},"id":{"type":"string","description_kind":"plain","optional":true,"computed":true},"name":{"type":"string","description":"The trigger name","description_kind":"plain","optional":true,"computed":true},"region":{"type":"string","description":"The region you want to attach the resource to","description_kind":"plain","optional":true,"computed":true}},"block_types":{"nats":{"nesting_mode":"list","block":{"attributes":{"account_id":{"type":"string","description":"ID of the mnq nats account","description_kind":"plain","optional":true},"project_id":{"type":"string","description":"Project ID of the project where the mnq sqs exists, defaults to provider project_id","description_kind":"plain","optional":true,"computed":true},"region":{"type":"string","description":"Region where the mnq sqs exists, defaults to function's region","description_kind":"plain","optional":true,"computed":true},"subject":{"type":"string","description":"Subject to listen to","description_kind":"plain","required":true}},"description":"Config for nats based trigger using scaleway mnq","description_kind":"plain"},"max_items":1},"sqs":{"nesting_mode":"list","block":{"attributes":{"namespace_id":{"type":"string","description":"ID of the mnq namespace","description_kind":"plain","deprecated":true,"optional":true},"project_id":{"type":"string","description":"Project ID of the project where the mnq sqs exists, defaults to provider project_id","description_kind":"plain","optional":true,"computed":true},"queue":{"type":"string","description":"Name of the queue","description_kind":"plain","required":true},"region":{"type":"string","description":"Region where the mnq sqs exists, defaults to function's region","description_kind":"plain","optional":true,"computed":true}},"description":"Config for sqs based trigger using scaleway mnq","description_kind":"plain"},"max_items":1},"timeouts":{"nesting_mode":"single","block":{"attributes":{"create":{"type":"string","description_kind":"plain","optional":true},"default":{"type":"string","description_kind":"plain","optional":true},"delete":{"type":"string","description_kind":"plain","optional":true},"read":{"type":"string","description_kind":"plain","optional":true},"update":{"type":"string","description_kind":"plain","optional":true}},"description_kind":"plain"}}},"description_kind":"plain"}},"scaleway_iam_api_key":{"version":0,"block":{"attributes":{"access_key":{"type":"string","description":"The access key of the iam api key","description_kind":"plain","computed":true},"application_id":{"type":"string","description":"ID of the application attached to the api key","description_kind":"plain","optional":true},"created_at":{"type":"string","description":"The date and time of the creation of the iam api key","description_kind":"plain","computed":true},"creation_ip":{"type":"string","description":"The IPv4 Address of the device which created the API key","description_kind":"plain","computed":true},"default_project_id":{"type":"string","description":"The project_id you want to attach the resource to","description_kind":"plain","optional":true,"computed":true},"description":{"type":"string","description":"The description of the iam api key","description_kind":"plain","optional":true},"editable":{"type":"bool","description":"Whether or not the iam api key is editable","description_kind":"plain","computed":true},"expires_at":{"type":"string","description":"The date and time of the expiration of the iam api key. Cannot be changed afterwards","description_kind":"plain","optional":true},"id":{"type":"string","description_kind":"plain","optional":true,"computed":true},"secret_key":{"type":"string","description":"The secret Key of the iam api key","description_kind":"plain","computed":true,"sensitive":true},"updated_at":{"type":"string","description":"The date and time of the last update of the iam api key","description_kind":"plain","computed":true},"user_id":{"type":"string","description":"ID of the user attached to the api key","description_kind":"plain","optional":true}},"description_kind":"plain"}},"scaleway_iam_application":{"version":0,"block":{"attributes":{"created_at":{"type":"string","description":"The date and time of the creation of the application","description_kind":"plain","computed":true},"description":{"type":"string","description":"The description of the iam application","description_kind":"plain","optional":true},"editable":{"type":"bool","description":"Whether or not the application is editable.","description_kind":"plain","computed":true},"id":{"type":"string","description_kind":"plain","optional":true,"computed":true},"name":{"type":"string","description":"The name of the iam application","description_kind":"plain","optional":true,"computed":true},"organization_id":{"type":"string","description":"ID of organization the resource is associated to.","description_kind":"plain","optional":true,"computed":true},"tags":{"type":["list","string"],"description":"The tags associated with the application","description_kind":"plain","optional":true},"updated_at":{"type":"string","description":"The date and time of the last update of the application","description_kind":"plain","computed":true}},"description_kind":"plain"}},"scaleway_iam_group":{"version":0,"block":{"attributes":{"application_ids":{"type":["set","string"],"description":"List of IDs of the applications attached to the group","description_kind":"plain","optional":true},"created_at":{"type":"string","description":"The date and time of the creation of the group","description_kind":"plain","computed":true},"description":{"type":"string","description":"The description of the iam group","description_kind":"plain","optional":true},"external_membership":{"type":"bool","description":"Handle user and application memberships externally","description_kind":"plain","optional":true},"id":{"type":"string","description_kind":"plain","optional":true,"computed":true},"name":{"type":"string","description":"The name of the iam group","description_kind":"plain","optional":true,"computed":true},"organization_id":{"type":"string","description":"ID of organization the resource is associated to.","description_kind":"plain","optional":true,"computed":true},"tags":{"type":["list","string"],"description":"The tags associated with the application","description_kind":"plain","optional":true},"updated_at":{"type":"string","description":"The date and time of the last update of the group","description_kind":"plain","computed":true},"user_ids":{"type":["set","string"],"description":"List of IDs of the users attached to the group","description_kind":"plain","optional":true}},"description_kind":"plain"}},"scaleway_iam_group_membership":{"version":0,"block":{"attributes":{"application_id":{"type":"string","description":"The ID of the user","description_kind":"plain","optional":true},"group_id":{"type":"string","description":"The ID of the group to add the user to","description_kind":"plain","required":true},"id":{"type":"string","description_kind":"plain","optional":true,"computed":true},"user_id":{"type":"string","description":"The ID of the user","description_kind":"plain","optional":true}},"description_kind":"plain"}},"scaleway_iam_policy":{"version":0,"block":{"attributes":{"application_id":{"type":"string","description":"Application id","description_kind":"plain","optional":true},"created_at":{"type":"string","description":"The date and time of the creation of the policy","description_kind":"plain","computed":true},"description":{"type":"string","description":"The description of the iam policy","description_kind":"plain","optional":true},"editable":{"type":"bool","description":"Whether or not the policy is editable.","description_kind":"plain","computed":true},"group_id":{"type":"string","description":"Group id","description_kind":"plain","optional":true},"id":{"type":"string","description_kind":"plain","optional":true,"computed":true},"name":{"type":"string","description":"The name of the iam policy","description_kind":"plain","optional":true,"computed":true},"no_principal":{"type":"bool","description":"Deactivate policy to a principal","description_kind":"plain","optional":true},"organization_id":{"type":"string","description":"ID of organization the resource is associated to.","description_kind":"plain","optional":true,"computed":true},"tags":{"type":["list","string"],"description":"The tags associated with the policy","description_kind":"plain","optional":true},"updated_at":{"type":"string","description":"The date and time of the last update of the policy","description_kind":"plain","computed":true},"user_id":{"type":"string","description":"User id","description_kind":"plain","optional":true}},"block_types":{"rule":{"nesting_mode":"list","block":{"attributes":{"condition":{"type":"string","description":"Conditions of the policy","description_kind":"plain","optional":true},"organization_id":{"type":"string","description":"ID of organization scoped to the rule. Only one of project_ids and organization_id may be set.","description_kind":"plain","optional":true},"permission_set_names":{"type":["set","string"],"description":"Names of permission sets bound to the rule.","description_kind":"plain","required":true},"project_ids":{"type":["list","string"],"description":"List of project IDs scoped to the rule. Only one of project_ids and organization_id may be set.","description_kind":"plain","optional":true}},"description":"Rules of the policy to create","description_kind":"plain"},"min_items":1}},"description_kind":"plain"}},"scaleway_iam_ssh_key":{"version":0,"block":{"attributes":{"created_at":{"type":"string","description":"The date and time of the creation of the iam SSH Key","description_kind":"plain","computed":true},"disabled":{"type":"bool","description":"The SSH key status","description_kind":"plain","optional":true},"fingerprint":{"type":"string","description":"The fingerprint of the iam SSH key","description_kind":"plain","computed":true},"id":{"type":"string","description_kind":"plain","optional":true,"computed":true},"name":{"type":"string","description":"The name of the iam SSH key","description_kind":"plain","optional":true,"computed":true},"organization_id":{"type":"string","description":"The organization_id you want to attach the resource to","description_kind":"plain","computed":true},"project_id":{"type":"string","description":"The project_id you want to attach the resource to","description_kind":"plain","optional":true,"computed":true},"public_key":{"type":"string","description":"The public SSH key","description_kind":"plain","required":true},"updated_at":{"type":"string","description":"The date and time of the last update of the iam SSH Key","description_kind":"plain","computed":true}},"description_kind":"plain"}},"scaleway_iam_user":{"version":0,"block":{"attributes":{"account_root_user_id":{"type":"string","description":"The ID of the account root user associated with the iam user.","description_kind":"plain","computed":true},"created_at":{"type":"string","description":"The date and time of the creation of the iam user","description_kind":"plain","computed":true},"deletable":{"type":"bool","description":"Whether or not the iam user is editable","description_kind":"plain","computed":true},"email":{"type":"string","description":"The description of the iam user","description_kind":"plain","required":true},"id":{"type":"string","description_kind":"plain","optional":true,"computed":true},"last_login_at":{"type":"string","description":"The date and time of last login of the iam user","description_kind":"plain","computed":true},"mfa":{"type":"bool","description":"Whether or not the MFA is enabled","description_kind":"plain","computed":true},"organization_id":{"type":"string","description":"ID of organization the resource is associated to.","description_kind":"plain","optional":true,"computed":true},"status":{"type":"string","description":"The status of user invitation.","description_kind":"plain","computed":true},"type":{"type":"string","description":"The type of the iam user","description_kind":"plain","computed":true},"updated_at":{"type":"string","description":"The date and time of the last update of the iam user","description_kind":"plain","computed":true}},"description_kind":"plain"}},"scaleway_instance_image":{"version":0,"block":{"attributes":{"additional_volume_ids":{"type":["list","string"],"description":"The IDs of the additional volumes attached to the image","description_kind":"plain","optional":true},"additional_volumes":{"type":["list",["object",{"creation_date":"string","export_uri":"string","id":"string","modification_date":"string","name":"string","organization":"string","project":"string","server":["map","string"],"size":"number","state":"string","tags":["list","string"],"volume_type":"string","zone":"string"}]],"description":"Specs of the additional volumes attached to the image","description_kind":"plain","computed":true},"architecture":{"type":"string","description":"Architecture of the image (default = x86_64)","description_kind":"plain","optional":true},"creation_date":{"type":"string","description":"The date and time of the creation of the image","description_kind":"plain","computed":true},"from_server_id":{"type":"string","description":"The ID of the backed-up server from which the snapshot was taken","description_kind":"plain","computed":true},"id":{"type":"string","description_kind":"plain","optional":true,"computed":true},"modification_date":{"type":"string","description":"The date and time of the last modification of the Redis cluster","description_kind":"plain","computed":true},"name":{"type":"string","description":"The name of the image","description_kind":"plain","optional":true,"computed":true},"organization_id":{"type":"string","description":"The organization_id you want to attach the resource to","description_kind":"plain","computed":true},"project_id":{"type":"string","description":"The project_id you want to attach the resource to","description_kind":"plain","optional":true,"computed":true},"public":{"type":"bool","description":"If true, the image will be public","description_kind":"plain","optional":true},"root_volume_id":{"type":"string","description":"UUID of the snapshot from which the image is to be created","description_kind":"plain","required":true},"state":{"type":"string","description":"The state of the image [ available | creating | error ]","description_kind":"plain","computed":true},"tags":{"type":["list","string"],"description":"List of tags [\"tag1\", \"tag2\", ...] attached to the image","description_kind":"plain","optional":true},"zone":{"type":"string","description":"The zone you want to attach the resource to","description_kind":"plain","optional":true,"computed":true}},"block_types":{"timeouts":{"nesting_mode":"single","block":{"attributes":{"create":{"type":"string","description_kind":"plain","optional":true},"default":{"type":"string","description_kind":"plain","optional":true},"delete":{"type":"string","description_kind":"plain","optional":true},"read":{"type":"string","description_kind":"plain","optional":true},"update":{"type":"string","description_kind":"plain","optional":true}},"description_kind":"plain"}}},"description_kind":"plain"}},"scaleway_instance_ip":{"version":0,"block":{"attributes":{"address":{"type":"string","description":"The IP address","description_kind":"plain","computed":true},"id":{"type":"string","description_kind":"plain","optional":true,"computed":true},"organization_id":{"type":"string","description":"The organization_id you want to attach the resource to","description_kind":"plain","computed":true},"prefix":{"type":"string","description":"The IP prefix","description_kind":"plain","computed":true},"project_id":{"type":"string","description":"The project_id you want to attach the resource to","description_kind":"plain","optional":true,"computed":true},"reverse":{"type":"string","description":"The reverse DNS for this IP","description_kind":"plain","computed":true},"server_id":{"type":"string","description":"The server associated with this IP","description_kind":"plain","computed":true},"tags":{"type":["list","string"],"description":"The tags associated with the ip","description_kind":"plain","optional":true},"type":{"type":"string","description":"The type of instance IP","description_kind":"plain","optional":true,"computed":true},"zone":{"type":"string","description":"The zone you want to attach the resource to","description_kind":"plain","optional":true,"computed":true}},"block_types":{"timeouts":{"nesting_mode":"single","block":{"attributes":{"default":{"type":"string","description_kind":"plain","optional":true}},"description_kind":"plain"}}},"description_kind":"plain"}},"scaleway_instance_ip_reverse_dns":{"version":0,"block":{"attributes":{"id":{"type":"string","description_kind":"plain","optional":true,"computed":true},"ip_id":{"type":"string","description":"The IP ID or IP address","description_kind":"plain","required":true},"reverse":{"type":"string","description":"The reverse DNS for this IP","description_kind":"plain","required":true},"zone":{"type":"string","description":"The zone you want to attach the resource to","description_kind":"plain","optional":true,"computed":true}},"block_types":{"timeouts":{"nesting_mode":"single","block":{"attributes":{"create":{"type":"string","description_kind":"plain","optional":true},"default":{"type":"string","description_kind":"plain","optional":true},"update":{"type":"string","description_kind":"plain","optional":true}},"description_kind":"plain"}}},"description_kind":"plain"}},"scaleway_instance_placement_group":{"version":0,"block":{"attributes":{"id":{"type":"string","description_kind":"plain","optional":true,"computed":true},"name":{"type":"string","description":"The name of the placement group","description_kind":"plain","optional":true,"computed":true},"organization_id":{"type":"string","description":"The organization_id you want to attach the resource to","description_kind":"plain","computed":true},"policy_mode":{"type":"string","description":"One of the two policy_mode may be selected: enforced or optional.","description_kind":"plain","optional":true},"policy_respected":{"type":"bool","description":"Is true when the policy is respected.","description_kind":"plain","computed":true},"policy_type":{"type":"string","description":"The operating mode is selected by a policy_type","description_kind":"plain","optional":true},"project_id":{"type":"string","description":"The project_id you want to attach the resource to","description_kind":"plain","optional":true,"computed":true},"tags":{"type":["list","string"],"description":"The tags associated with the placement group","description_kind":"plain","optional":true},"zone":{"type":"string","description":"The zone you want to attach the resource to","description_kind":"plain","optional":true,"computed":true}},"block_types":{"timeouts":{"nesting_mode":"single","block":{"attributes":{"default":{"type":"string","description_kind":"plain","optional":true}},"description_kind":"plain"}}},"description_kind":"plain"}},"scaleway_instance_private_nic":{"version":0,"block":{"attributes":{"id":{"type":"string","description_kind":"plain","optional":true,"computed":true},"ip_ids":{"type":["list","string"],"description":"IPAM ip list, should be for internal use only","description_kind":"plain","optional":true},"ipam_ip_ids":{"type":["list","string"],"description":"IPAM IDs of a pre-reserved IP addresses to assign to the Instance in the requested private network","description_kind":"plain","optional":true},"mac_address":{"type":"string","description":"MAC address of the NIC","description_kind":"plain","computed":true},"private_network_id":{"type":"string","description":"The private network ID","description_kind":"plain","required":true},"server_id":{"type":"string","description":"The server ID","description_kind":"plain","required":true},"tags":{"type":["list","string"],"description":"The tags associated with the private-nic","description_kind":"plain","optional":true},"zone":{"type":"string","description":"The zone you want to attach the resource to","description_kind":"plain","optional":true,"computed":true}},"block_types":{"timeouts":{"nesting_mode":"single","block":{"attributes":{"create":{"type":"string","description_kind":"plain","optional":true},"default":{"type":"string","description_kind":"plain","optional":true},"delete":{"type":"string","description_kind":"plain","optional":true},"read":{"type":"string","description_kind":"plain","optional":true},"update":{"type":"string","description_kind":"plain","optional":true}},"description_kind":"plain"}}},"description_kind":"plain"}},"scaleway_instance_security_group":{"version":0,"block":{"attributes":{"description":{"type":"string","description":"The description of the security group","description_kind":"plain","optional":true},"enable_default_security":{"type":"bool","description":"Enable blocking of SMTP on IPv4 and IPv6","description_kind":"plain","optional":true},"external_rules":{"type":"bool","description_kind":"plain","optional":true},"id":{"type":"string","description_kind":"plain","optional":true,"computed":true},"inbound_default_policy":{"type":"string","description":"Default inbound traffic policy for this security group","description_kind":"plain","optional":true},"name":{"type":"string","description":"The name of the security group","description_kind":"plain","optional":true,"computed":true},"organization_id":{"type":"string","description":"The organization_id you want to attach the resource to","description_kind":"plain","computed":true},"outbound_default_policy":{"type":"string","description":"Default outbound traffic policy for this security group","description_kind":"plain","optional":true},"project_id":{"type":"string","description":"The project_id you want to attach the resource to","description_kind":"plain","optional":true,"computed":true},"stateful":{"type":"bool","description":"The stateful value of the security group","description_kind":"plain","optional":true},"tags":{"type":["list","string"],"description":"The tags associated with the security group","description_kind":"plain","optional":true},"zone":{"type":"string","description":"The zone you want to attach the resource to","description_kind":"plain","optional":true,"computed":true}},"block_types":{"inbound_rule":{"nesting_mode":"list","block":{"attributes":{"action":{"type":"string","description":"Action when rule match request (drop or accept)","description_kind":"plain","required":true},"ip":{"type":"string","description":"Ip address for this rule (e.g: 1.1.1.1). Only one of ip or ip_range should be provided","description_kind":"plain","deprecated":true,"optional":true},"ip_range":{"type":"string","description":"Ip range for this rule (e.g: 192.168.1.0/24). Only one of ip or ip_range should be provided","description_kind":"plain","optional":true},"port":{"type":"number","description":"Network port for this rule","description_kind":"plain","optional":true},"port_range":{"type":"string","description":"Computed port range for this rule (e.g: 1-1024, 22-22)","description_kind":"plain","optional":true},"protocol":{"type":"string","description":"Protocol for this rule (TCP, UDP, ICMP or ANY)","description_kind":"plain","optional":true}},"description":"Inbound rules for this security group","description_kind":"plain"}},"outbound_rule":{"nesting_mode":"list","block":{"attributes":{"action":{"type":"string","description":"Action when rule match request (drop or accept)","description_kind":"plain","required":true},"ip":{"type":"string","description":"Ip address for this rule (e.g: 1.1.1.1). Only one of ip or ip_range should be provided","description_kind":"plain","deprecated":true,"optional":true},"ip_range":{"type":"string","description":"Ip range for this rule (e.g: 192.168.1.0/24). Only one of ip or ip_range should be provided","description_kind":"plain","optional":true},"port":{"type":"number","description":"Network port for this rule","description_kind":"plain","optional":true},"port_range":{"type":"string","description":"Computed port range for this rule (e.g: 1-1024, 22-22)","description_kind":"plain","optional":true},"protocol":{"type":"string","description":"Protocol for this rule (TCP, UDP, ICMP or ANY)","description_kind":"plain","optional":true}},"description":"Outbound rules for this security group","description_kind":"plain"}},"timeouts":{"nesting_mode":"single","block":{"attributes":{"default":{"type":"string","description_kind":"plain","optional":true}},"description_kind":"plain"}}},"description_kind":"plain"}},"scaleway_instance_security_group_rules":{"version":0,"block":{"attributes":{"id":{"type":"string","description_kind":"plain","optional":true,"computed":true},"security_group_id":{"type":"string","description":"The security group associated with this volume","description_kind":"plain","required":true}},"block_types":{"inbound_rule":{"nesting_mode":"list","block":{"attributes":{"action":{"type":"string","description":"Action when rule match request (drop or accept)","description_kind":"plain","required":true},"ip":{"type":"string","description":"Ip address for this rule (e.g: 1.1.1.1). Only one of ip or ip_range should be provided","description_kind":"plain","deprecated":true,"optional":true},"ip_range":{"type":"string","description":"Ip range for this rule (e.g: 192.168.1.0/24). Only one of ip or ip_range should be provided","description_kind":"plain","optional":true},"port":{"type":"number","description":"Network port for this rule","description_kind":"plain","optional":true},"port_range":{"type":"string","description":"Computed port range for this rule (e.g: 1-1024, 22-22)","description_kind":"plain","optional":true},"protocol":{"type":"string","description":"Protocol for this rule (TCP, UDP, ICMP or ANY)","description_kind":"plain","optional":true}},"description":"Inbound rules for this set of security group rules","description_kind":"plain"}},"outbound_rule":{"nesting_mode":"list","block":{"attributes":{"action":{"type":"string","description":"Action when rule match request (drop or accept)","description_kind":"plain","required":true},"ip":{"type":"string","description":"Ip address for this rule (e.g: 1.1.1.1). Only one of ip or ip_range should be provided","description_kind":"plain","deprecated":true,"optional":true},"ip_range":{"type":"string","description":"Ip range for this rule (e.g: 192.168.1.0/24). Only one of ip or ip_range should be provided","description_kind":"plain","optional":true},"port":{"type":"number","description":"Network port for this rule","description_kind":"plain","optional":true},"port_range":{"type":"string","description":"Computed port range for this rule (e.g: 1-1024, 22-22)","description_kind":"plain","optional":true},"protocol":{"type":"string","description":"Protocol for this rule (TCP, UDP, ICMP or ANY)","description_kind":"plain","optional":true}},"description":"Outbound rules for this set of security group rules","description_kind":"plain"}},"timeouts":{"nesting_mode":"single","block":{"attributes":{"default":{"type":"string","description_kind":"plain","optional":true}},"description_kind":"plain"}}},"description_kind":"plain"}},"scaleway_instance_server":{"version":0,"block":{"attributes":{"additional_volume_ids":{"type":["list","string"],"description":"The additional volumes attached to the server","description_kind":"plain","optional":true},"boot_type":{"type":"string","description":"The boot type of the server","description_kind":"plain","optional":true},"bootscript_id":{"type":"string","description":"ID of the target bootscript (set boot_type to bootscript)","description_kind":"plain","deprecated":true,"optional":true,"computed":true},"cloud_init":{"type":"string","description":"The cloud init script associated with this server","description_kind":"plain","optional":true,"computed":true},"enable_dynamic_ip":{"type":"bool","description":"Enable dynamic IP on the server","description_kind":"plain","optional":true},"enable_ipv6":{"type":"bool","description":"Determines if IPv6 is enabled for the server","description_kind":"plain","deprecated":true,"optional":true},"id":{"type":"string","description_kind":"plain","optional":true,"computed":true},"image":{"type":"string","description":"The UUID or the label of the base image used by the server","description_kind":"plain","optional":true},"ip_id":{"type":"string","description":"The ID of the reserved IP for the server","description_kind":"plain","optional":true},"ip_ids":{"type":["list","string"],"description_kind":"plain","optional":true},"ipv6_address":{"type":"string","description":"The default public IPv6 address routed to the server.","description_kind":"plain","deprecated":true,"computed":true},"ipv6_gateway":{"type":"string","description":"The IPv6 gateway address","description_kind":"plain","deprecated":true,"computed":true},"ipv6_prefix_length":{"type":"number","description":"The IPv6 prefix length routed to the server.","description_kind":"plain","computed":true},"name":{"type":"string","description":"The name of the server","description_kind":"plain","optional":true,"computed":true},"organization_id":{"type":"string","description":"The organization_id you want to attach the resource to","description_kind":"plain","computed":true},"placement_group_id":{"type":"string","description":"The placement group the server is attached to","description_kind":"plain","optional":true},"placement_group_policy_respected":{"type":"bool","description":"True when the placement group policy is respected","description_kind":"plain","computed":true},"private_ip":{"type":"string","description":"The Scaleway internal IP address of the server","description_kind":"plain","computed":true},"project_id":{"type":"string","description":"The project_id you want to attach the resource to","description_kind":"plain","optional":true,"computed":true},"public_ip":{"type":"string","description":"The public IPv4 address of the server","description_kind":"plain","deprecated":true,"computed":true},"replace_on_type_change":{"type":"bool","description":"Delete and re-create server if type change","description_kind":"plain","optional":true},"routed_ip_enabled":{"type":"bool","description":"If server supports routed IPs, default to true if public_ips is used","description_kind":"plain","optional":true,"computed":true},"security_group_id":{"type":"string","description":"The security group the server is attached to","description_kind":"plain","optional":true,"computed":true},"state":{"type":"string","description":"The state of the server should be: started, stopped, standby","description_kind":"plain","optional":true},"tags":{"type":["list","string"],"description":"The tags associated with the server","description_kind":"plain","optional":true},"type":{"type":"string","description":"The instanceSDK type of the server","description_kind":"plain","required":true},"user_data":{"type":["map","string"],"description":"The user data associated with the server","description_kind":"plain","optional":true,"computed":true},"zone":{"type":"string","description":"The zone you want to attach the resource to","description_kind":"plain","optional":true,"computed":true}},"block_types":{"private_network":{"nesting_mode":"list","block":{"attributes":{"mac_address":{"type":"string","description":"MAC address of the NIC","description_kind":"plain","computed":true},"pn_id":{"type":"string","description":"The Private Network ID","description_kind":"plain","required":true},"pnic_id":{"type":"string","description":"The ID of the NIC","description_kind":"plain","computed":true},"status":{"type":"string","description":"The private NIC state","description_kind":"plain","computed":true},"zone":{"type":"string","description":"The zone you want to attach the resource to","description_kind":"plain","optional":true,"computed":true}},"description":"List of private network to connect with your instanceSDK","description_kind":"plain"},"max_items":8},"public_ips":{"nesting_mode":"list","block":{"attributes":{"address":{"type":"string","description":"IP Address","description_kind":"plain","computed":true},"id":{"type":"string","description":"ID of the IP","description_kind":"plain","computed":true}},"description":"List of public IPs attached to your instanceSDK","description_kind":"plain"}},"root_volume":{"nesting_mode":"list","block":{"attributes":{"boot":{"type":"bool","description":"Set the volume where the boot the server","description_kind":"plain","optional":true},"delete_on_termination":{"type":"bool","description":"Force deletion of the root volume on instanceSDK termination","description_kind":"plain","optional":true},"name":{"type":"string","description":"Name of the root volume","description_kind":"plain","computed":true},"sbs_iops":{"type":"number","description":"SBS Volume IOPS, only with volume_type as sbs_volume","description_kind":"plain","optional":true,"computed":true},"size_in_gb":{"type":"number","description":"Size of the root volume in gigabytes","description_kind":"plain","optional":true,"computed":true},"volume_id":{"type":"string","description":"Volume ID of the root volume","description_kind":"plain","optional":true,"computed":true},"volume_type":{"type":"string","description":"Volume type of the root volume","description_kind":"plain","optional":true,"computed":true}},"description":"Root volume attached to the server on creation","description_kind":"plain"},"max_items":1},"timeouts":{"nesting_mode":"single","block":{"attributes":{"create":{"type":"string","description_kind":"plain","optional":true},"default":{"type":"string","description_kind":"plain","optional":true},"delete":{"type":"string","description_kind":"plain","optional":true},"read":{"type":"string","description_kind":"plain","optional":true},"update":{"type":"string","description_kind":"plain","optional":true}},"description_kind":"plain"}}},"description_kind":"plain"}},"scaleway_instance_snapshot":{"version":0,"block":{"attributes":{"created_at":{"type":"string","description":"The date and time of the creation of the snapshot","description_kind":"plain","computed":true},"id":{"type":"string","description_kind":"plain","optional":true,"computed":true},"name":{"type":"string","description":"The name of the snapshot","description_kind":"plain","optional":true,"computed":true},"organization_id":{"type":"string","description":"The organization_id you want to attach the resource to","description_kind":"plain","computed":true},"project_id":{"type":"string","description":"The project_id you want to attach the resource to","description_kind":"plain","optional":true,"computed":true},"size_in_gb":{"type":"number","description":"The size of the snapshot in gigabyte","description_kind":"plain","computed":true},"tags":{"type":["list","string"],"description":"The tags associated with the snapshot","description_kind":"plain","optional":true},"type":{"type":"string","description":"The snapshot's volume type","description_kind":"plain","optional":true,"computed":true},"volume_id":{"type":"string","description":"ID of the volume to take a snapshot from","description_kind":"plain","optional":true},"zone":{"type":"string","description":"The zone you want to attach the resource to","description_kind":"plain","optional":true,"computed":true}},"block_types":{"import":{"nesting_mode":"list","block":{"attributes":{"bucket":{"type":"string","description":"Bucket containing qcow","description_kind":"plain","required":true},"key":{"type":"string","description":"Key of the qcow file in the specified bucket","description_kind":"plain","required":true}},"description":"Import snapshot from a qcow","description_kind":"plain"},"max_items":1},"timeouts":{"nesting_mode":"single","block":{"attributes":{"create":{"type":"string","description_kind":"plain","optional":true},"default":{"type":"string","description_kind":"plain","optional":true},"delete":{"type":"string","description_kind":"plain","optional":true}},"description_kind":"plain"}}},"description_kind":"plain"}},"scaleway_instance_user_data":{"version":0,"block":{"attributes":{"id":{"type":"string","description_kind":"plain","optional":true,"computed":true},"key":{"type":"string","description":"The key of the user data to set.","description_kind":"plain","required":true},"server_id":{"type":"string","description":"The ID of the server","description_kind":"plain","required":true},"value":{"type":"string","description":"The value of the user data to set.","description_kind":"plain","required":true},"zone":{"type":"string","description":"The zone you want to attach the resource to","description_kind":"plain","optional":true,"computed":true}},"block_types":{"timeouts":{"nesting_mode":"single","block":{"attributes":{"create":{"type":"string","description_kind":"plain","optional":true},"default":{"type":"string","description_kind":"plain","optional":true},"delete":{"type":"string","description_kind":"plain","optional":true},"read":{"type":"string","description_kind":"plain","optional":true},"update":{"type":"string","description_kind":"plain","optional":true}},"description_kind":"plain"}}},"description_kind":"plain"}},"scaleway_instance_volume":{"version":0,"block":{"attributes":{"from_snapshot_id":{"type":"string","description":"Create a volume based on a image","description_kind":"plain","optional":true},"id":{"type":"string","description_kind":"plain","optional":true,"computed":true},"name":{"type":"string","description":"The name of the volume","description_kind":"plain","optional":true,"computed":true},"organization_id":{"type":"string","description":"The organization_id you want to attach the resource to","description_kind":"plain","computed":true},"project_id":{"type":"string","description":"The project_id you want to attach the resource to","description_kind":"plain","optional":true,"computed":true},"server_id":{"type":"string","description":"The server associated with this volume","description_kind":"plain","computed":true},"size_in_gb":{"type":"number","description":"The size of the volume in gigabyte","description_kind":"plain","optional":true},"tags":{"type":["list","string"],"description":"The tags associated with the volume","description_kind":"plain","optional":true},"type":{"type":"string","description":"The volume type","description_kind":"plain","required":true},"zone":{"type":"string","description":"The zone you want to attach the resource to","description_kind":"plain","optional":true,"computed":true}},"block_types":{"timeouts":{"nesting_mode":"single","block":{"attributes":{"create":{"type":"string","description_kind":"plain","optional":true},"default":{"type":"string","description_kind":"plain","optional":true},"delete":{"type":"string","description_kind":"plain","optional":true},"update":{"type":"string","description_kind":"plain","optional":true}},"description_kind":"plain"}}},"description_kind":"plain"}},"scaleway_iot_device":{"version":0,"block":{"attributes":{"allow_insecure":{"type":"bool","description":"Allow plain and server-authenticated SSL connections in addition to mutually-authenticated ones","description_kind":"plain","optional":true},"allow_multiple_connections":{"type":"bool","description":"Allow multiple connections","description_kind":"plain","optional":true},"created_at":{"type":"string","description":"The date and time of the creation of the device","description_kind":"plain","computed":true},"description":{"type":"string","description":"The description of the device","description_kind":"plain","optional":true},"hub_id":{"type":"string","description":"The ID of the hub on which this device will be created","description_kind":"plain","required":true},"id":{"type":"string","description_kind":"plain","optional":true,"computed":true},"is_connected":{"type":"bool","description":"The MQTT connection status of the device","description_kind":"plain","computed":true},"last_activity_at":{"type":"string","description":"The date and time of last MQTT activity of the device","description_kind":"plain","computed":true},"name":{"type":"string","description":"The name of the device","description_kind":"plain","required":true},"region":{"type":"string","description":"The region you want to attach the resource to","description_kind":"plain","optional":true,"computed":true},"status":{"type":"string","description":"The status of the device","description_kind":"plain","computed":true},"updated_at":{"type":"string","description":"The date and time of the last update of the device","description_kind":"plain","computed":true}},"block_types":{"certificate":{"nesting_mode":"list","block":{"attributes":{"crt":{"type":"string","description":"X509 PEM encoded certificate of the device","description_kind":"plain","optional":true,"computed":true,"sensitive":true},"key":{"type":"string","description":"X509 PEM encoded key of the device","description_kind":"plain","computed":true,"sensitive":true}},"description":"Certificate section of the device","description_kind":"plain"},"max_items":1},"message_filters":{"nesting_mode":"list","block":{"block_types":{"publish":{"nesting_mode":"list","block":{"attributes":{"policy":{"type":"string","description":"Publish message filter policy","description_kind":"plain","optional":true},"topics":{"type":["list","string"],"description":"List of topics in the set","description_kind":"plain","optional":true}},"description":"Rule to restrict topics the device can publish to","description_kind":"plain"},"max_items":1},"subscribe":{"nesting_mode":"list","block":{"attributes":{"policy":{"type":"string","description":"Subscribe message filter policy","description_kind":"plain","optional":true},"topics":{"type":["list","string"],"description":"List of topics in the set","description_kind":"plain","optional":true}},"description":"Rule to restrict topics the device can subscribe to","description_kind":"plain"},"max_items":1}},"description":"Rules to authorize or deny the device to publish/subscribe to specific topics","description_kind":"plain"},"max_items":1}},"description_kind":"plain"}},"scaleway_iot_hub":{"version":0,"block":{"attributes":{"connected_device_count":{"type":"number","description":"The current number of connected devices in the Hub","description_kind":"plain","computed":true},"created_at":{"type":"string","description":"The date and time of the creation of the IoT Hub","description_kind":"plain","computed":true},"device_auto_provisioning":{"type":"bool","description":"Wether to enable the device auto provisioning or not","description_kind":"plain","optional":true},"device_count":{"type":"number","description":"The number of registered devices in the Hub","description_kind":"plain","computed":true},"disable_events":{"type":"bool","description":"Whether to enable the hub events or not","description_kind":"plain","optional":true},"enabled":{"type":"bool","description":"Whether to enable the hub or not","description_kind":"plain","optional":true},"endpoint":{"type":"string","description":"The endpoint to connect the devices to","description_kind":"plain","computed":true},"events_topic_prefix":{"type":"string","description":"Topic prefix for the hub events","description_kind":"plain","optional":true},"hub_ca":{"type":"string","description":"Custom user provided certificate authority","description_kind":"plain","optional":true},"hub_ca_challenge":{"type":"string","description":"Challenge certificate for the user provided hub CA","description_kind":"plain","optional":true},"id":{"type":"string","description_kind":"plain","optional":true,"computed":true},"mqtt_ca":{"type":"string","description":"The MQTT certificat content","description_kind":"plain","computed":true},"mqtt_ca_url":{"type":"string","description":"The url of the MQTT ca","description_kind":"plain","computed":true},"name":{"type":"string","description":"The name of the hub","description_kind":"plain","required":true},"organization_id":{"type":"string","description":"The organization_id you want to attach the resource to","description_kind":"plain","computed":true},"product_plan":{"type":"string","description":"The product plan of the hub","description_kind":"plain","required":true},"project_id":{"type":"string","description":"The project_id you want to attach the resource to","description_kind":"plain","optional":true,"computed":true},"region":{"type":"string","description":"The region you want to attach the resource to","description_kind":"plain","optional":true,"computed":true},"status":{"type":"string","description":"The status of the hub","description_kind":"plain","computed":true},"updated_at":{"type":"string","description":"The date and time of the last update of the IoT Hub","description_kind":"plain","computed":true}},"block_types":{"timeouts":{"nesting_mode":"single","block":{"attributes":{"default":{"type":"string","description_kind":"plain","optional":true}},"description_kind":"plain"}}},"description_kind":"plain"}},"scaleway_iot_network":{"version":0,"block":{"attributes":{"created_at":{"type":"string","description":"The date and time of the creation of the network","description_kind":"plain","computed":true},"endpoint":{"type":"string","description":"The endpoint to use when interacting with the network","description_kind":"plain","computed":true},"hub_id":{"type":"string","description":"The ID of the hub on which this network will be created","description_kind":"plain","required":true},"id":{"type":"string","description_kind":"plain","optional":true,"computed":true},"name":{"type":"string","description":"The name of the network","description_kind":"plain","required":true},"secret":{"type":"string","description":"The endpoint key to keep secret","description_kind":"plain","computed":true,"sensitive":true},"topic_prefix":{"type":"string","description":"The prefix that will be prepended to all topics for this Network","description_kind":"plain","optional":true},"type":{"type":"string","description":"The type of the network","description_kind":"plain","required":true}},"block_types":{"timeouts":{"nesting_mode":"single","block":{"attributes":{"default":{"type":"string","description_kind":"plain","optional":true},"delete":{"type":"string","description_kind":"plain","optional":true}},"description_kind":"plain"}}},"description_kind":"plain"}},"scaleway_iot_route":{"version":0,"block":{"attributes":{"created_at":{"type":"string","description":"The date and time of the creation of the IoT Route","description_kind":"plain","computed":true},"hub_id":{"type":"string","description":"The ID of the route's hub","description_kind":"plain","required":true},"id":{"type":"string","description_kind":"plain","optional":true,"computed":true},"name":{"type":"string","description":"The name of the route","description_kind":"plain","required":true},"region":{"type":"string","description":"The region you want to attach the resource to","description_kind":"plain","optional":true,"computed":true},"topic":{"type":"string","description":"The Topic the route subscribes to (wildcards allowed)","description_kind":"plain","required":true}},"block_types":{"database":{"nesting_mode":"list","block":{"attributes":{"dbname":{"type":"string","description":"The database name","description_kind":"plain","required":true},"host":{"type":"string","description":"The database hostname","description_kind":"plain","required":true},"password":{"type":"string","description":"The database password","description_kind":"plain","required":true,"sensitive":true},"port":{"type":"number","description":"The database port","description_kind":"plain","required":true},"query":{"type":"string","description":"SQL query to be executed ($TOPIC and $PAYLOAD variables are available, see documentation)","description_kind":"plain","required":true},"username":{"type":"string","description":"The database username","description_kind":"plain","required":true}},"description":"Database Route parameters","description_kind":"plain"},"max_items":1},"rest":{"nesting_mode":"list","block":{"attributes":{"headers":{"type":["map","string"],"description":"The HTTP call extra headers","description_kind":"plain","required":true},"uri":{"type":"string","description":"The URI of the REST endpoint","description_kind":"plain","required":true},"verb":{"type":"string","description":"The HTTP Verb used to call REST URI","description_kind":"plain","required":true}},"description":"Rest Route parameters","description_kind":"plain"},"max_items":1},"s3":{"nesting_mode":"list","block":{"attributes":{"bucket_name":{"type":"string","description":"The name of the S3 route's destination bucket","description_kind":"plain","required":true},"bucket_region":{"type":"string","description":"The region of the S3 route's destination bucket","description_kind":"plain","required":true},"object_prefix":{"type":"string","description":"The string to prefix object names with","description_kind":"plain","optional":true},"strategy":{"type":"string","description":"How the S3 route's objects will be created: one per topic or one per message","description_kind":"plain","required":true}},"description":"S3 Route parameters","description_kind":"plain"},"max_items":1},"timeouts":{"nesting_mode":"single","block":{"attributes":{"create":{"type":"string","description_kind":"plain","optional":true},"default":{"type":"string","description_kind":"plain","optional":true}},"description_kind":"plain"}}},"description_kind":"plain"}},"scaleway_ipam_ip":{"version":0,"block":{"attributes":{"address":{"type":"string","description":"Request a specific IP in the requested source pool","description_kind":"plain","optional":true,"computed":true},"created_at":{"type":"string","description":"The date and time of the creation of the IP","description_kind":"plain","computed":true},"id":{"type":"string","description_kind":"plain","optional":true,"computed":true},"is_ipv6":{"type":"bool","description":"Request an IPv6 instead of an IPv4","description_kind":"plain","optional":true},"project_id":{"type":"string","description":"The project_id you want to attach the resource to","description_kind":"plain","optional":true,"computed":true},"region":{"type":"string","description":"The region you want to attach the resource to","description_kind":"plain","optional":true,"computed":true},"resource":{"type":["list",["object",{"id":"string","mac_address":"string","name":"string","type":"string"}]],"description":"The IP resource","description_kind":"plain","computed":true},"reverses":{"type":["list",["object",{"address":"string","hostname":"string"}]],"description":"The reverses DNS for this IP","description_kind":"plain","computed":true},"tags":{"type":["list","string"],"description":"The tags associated with the IP","description_kind":"plain","optional":true},"updated_at":{"type":"string","description":"The date and time of the last update of the IP","description_kind":"plain","computed":true},"zone":{"type":"string","description":"The zone of the resource","description_kind":"plain","computed":true}},"block_types":{"source":{"nesting_mode":"list","block":{"attributes":{"private_network_id":{"type":"string","description":"Private Network the IP lives in if the IP is a private IP","description_kind":"plain","optional":true,"computed":true},"subnet_id":{"type":"string","description":"Private Network subnet the IP lives in if the IP is a private IP in a Private Network","description_kind":"plain","optional":true,"computed":true},"zonal":{"type":"string","description":"Zone the IP lives in if the IP is a public zoned one","description_kind":"plain","optional":true,"computed":true}},"description":"The source in which to book the IP","description_kind":"plain"},"min_items":1}},"description_kind":"plain"}},"scaleway_ipam_ip_reverse_dns":{"version":0,"block":{"attributes":{"address":{"type":"string","description":"The IP corresponding to the hostname","description_kind":"plain","required":true},"hostname":{"type":"string","description":"The reverse domain name","description_kind":"plain","required":true},"id":{"type":"string","description_kind":"plain","optional":true,"computed":true},"ipam_ip_id":{"type":"string","description":"The IPAM IP ID","description_kind":"plain","required":true},"region":{"type":"string","description":"The region you want to attach the resource to","description_kind":"plain","optional":true,"computed":true}},"block_types":{"timeouts":{"nesting_mode":"single","block":{"attributes":{"create":{"type":"string","description_kind":"plain","optional":true},"default":{"type":"string","description_kind":"plain","optional":true},"update":{"type":"string","description_kind":"plain","optional":true}},"description_kind":"plain"}}},"description_kind":"plain"}},"scaleway_job_definition":{"version":0,"block":{"attributes":{"command":{"type":"string","description_kind":"plain","optional":true},"cpu_limit":{"type":"number","description_kind":"plain","required":true},"description":{"type":"string","description_kind":"plain","optional":true},"env":{"type":["map","string"],"description_kind":"plain","optional":true},"id":{"type":"string","description_kind":"plain","optional":true,"computed":true},"image_uri":{"type":"string","description_kind":"plain","optional":true},"memory_limit":{"type":"number","description_kind":"plain","required":true},"name":{"type":"string","description":"The job name","description_kind":"plain","optional":true,"computed":true},"project_id":{"type":"string","description":"The project_id you want to attach the resource to","description_kind":"plain","optional":true,"computed":true},"region":{"type":"string","description":"The region you want to attach the resource to","description_kind":"plain","optional":true,"computed":true},"timeout":{"type":"string","description_kind":"plain","optional":true,"computed":true}},"block_types":{"cron":{"nesting_mode":"list","block":{"attributes":{"schedule":{"type":"string","description_kind":"plain","required":true},"timezone":{"type":"string","description_kind":"plain","required":true}},"description_kind":"plain"},"max_items":1}},"description_kind":"plain"}},"scaleway_k8s_cluster":{"version":0,"block":{"attributes":{"admission_plugins":{"type":["list","string"],"description":"The list of admission plugins to enable on the cluster","description_kind":"plain","optional":true},"apiserver_cert_sans":{"type":["list","string"],"description":"Additional Subject Alternative Names for the Kubernetes API server certificate","description_kind":"plain","optional":true},"apiserver_url":{"type":"string","description":"Kubernetes API server URL","description_kind":"plain","computed":true},"cni":{"type":"string","description":"The CNI plugin of the cluster","description_kind":"plain","required":true},"created_at":{"type":"string","description":"The date and time of the creation of the Kubernetes cluster","description_kind":"plain","computed":true},"delete_additional_resources":{"type":"bool","description":"Delete additional resources like block volumes, load-balancers and the private network (if empty) on cluster deletion","description_kind":"plain","required":true},"description":{"type":"string","description":"The description of the cluster","description_kind":"plain","optional":true},"feature_gates":{"type":["list","string"],"description":"The list of feature gates to enable on the cluster","description_kind":"plain","optional":true},"id":{"type":"string","description_kind":"plain","optional":true,"computed":true},"kubeconfig":{"type":["list",["object",{"cluster_ca_certificate":"string","config_file":"string","host":"string","token":"string"}]],"description":"The kubeconfig configuration file of the Kubernetes cluster","description_kind":"plain","computed":true,"sensitive":true},"name":{"type":"string","description":"The name of the cluster","description_kind":"plain","required":true},"organization_id":{"type":"string","description":"The organization_id you want to attach the resource to","description_kind":"plain","computed":true},"private_network_id":{"type":"string","description":"The ID of the cluster's private network","description_kind":"plain","optional":true},"project_id":{"type":"string","description":"The project_id you want to attach the resource to","description_kind":"plain","optional":true,"computed":true},"region":{"type":"string","description":"The region you want to attach the resource to","description_kind":"plain","optional":true,"computed":true},"status":{"type":"string","description":"The status of the cluster","description_kind":"plain","computed":true},"tags":{"type":["list","string"],"description":"The tags associated with the cluster","description_kind":"plain","optional":true},"type":{"type":"string","description":"The type of cluster","description_kind":"plain","optional":true,"computed":true},"updated_at":{"type":"string","description":"The date and time of the last update of the Kubernetes cluster","description_kind":"plain","computed":true},"upgrade_available":{"type":"bool","description":"True if an upgrade is available","description_kind":"plain","computed":true},"version":{"type":"string","description":"The version of the cluster","description_kind":"plain","required":true},"wildcard_dns":{"type":"string","description":"Wildcard DNS pointing to all the ready nodes","description_kind":"plain","computed":true}},"block_types":{"auto_upgrade":{"nesting_mode":"list","block":{"attributes":{"enable":{"type":"bool","description":"Enables the Kubernetes patch version auto upgrade","description_kind":"plain","required":true},"maintenance_window_day":{"type":"string","description":"Day of the maintenance window","description_kind":"plain","required":true},"maintenance_window_start_hour":{"type":"number","description":"Start hour of the 2-hour maintenance window","description_kind":"plain","required":true}},"description":"The auto upgrade configuration for the cluster","description_kind":"plain"},"max_items":1},"autoscaler_config":{"nesting_mode":"list","block":{"attributes":{"balance_similar_node_groups":{"type":"bool","description":"Detect similar node groups and balance the number of nodes between them","description_kind":"plain","optional":true},"disable_scale_down":{"type":"bool","description":"Disable the scale down feature of the autoscaler","description_kind":"plain","optional":true},"estimator":{"type":"string","description":"Type of resource estimator to be used in scale up","description_kind":"plain","optional":true},"expander":{"type":"string","description":"Type of node group expander to be used in scale up","description_kind":"plain","optional":true},"expendable_pods_priority_cutoff":{"type":"number","description":"Pods with priority below cutoff will be expendable. They can be killed without any consideration during scale down and they don't cause scale up. Pods with null priority (PodPriority disabled) are non expendable","description_kind":"plain","optional":true},"ignore_daemonsets_utilization":{"type":"bool","description":"Ignore DaemonSet pods when calculating resource utilization for scaling down","description_kind":"plain","optional":true},"max_graceful_termination_sec":{"type":"number","description":"Maximum number of seconds the cluster autoscaler waits for pod termination when trying to scale down a node","description_kind":"plain","optional":true},"scale_down_delay_after_add":{"type":"string","description":"How long after scale up that scale down evaluation resumes","description_kind":"plain","optional":true},"scale_down_unneeded_time":{"type":"string","description":"How long a node should be unneeded before it is eligible for scale down","description_kind":"plain","optional":true},"scale_down_utilization_threshold":{"type":"number","description":"Node utilization level, defined as sum of requested resources divided by capacity, below which a node can be considered for scale down","description_kind":"plain","optional":true}},"description":"The autoscaler configuration for the cluster","description_kind":"plain"},"max_items":1},"open_id_connect_config":{"nesting_mode":"list","block":{"attributes":{"client_id":{"type":"string","description":"A client id that all tokens must be issued for","description_kind":"plain","required":true},"groups_claim":{"type":["list","string"],"description":"JWT claim to use as the user's group","description_kind":"plain","optional":true},"groups_prefix":{"type":"string","description":"Prefix prepended to group claims","description_kind":"plain","optional":true},"issuer_url":{"type":"string","description":"URL of the provider which allows the API server to discover public signing keys","description_kind":"plain","required":true},"required_claim":{"type":["list","string"],"description":"Multiple key=value pairs that describes a required claim in the ID Token","description_kind":"plain","optional":true},"username_claim":{"type":"string","description":"JWT claim to use as the user name","description_kind":"plain","optional":true},"username_prefix":{"type":"string","description":"Prefix prepended to username","description_kind":"plain","optional":true}},"description":"The OpenID Connect configuration of the cluster","description_kind":"plain"},"max_items":1},"timeouts":{"nesting_mode":"single","block":{"attributes":{"create":{"type":"string","description_kind":"plain","optional":true},"default":{"type":"string","description_kind":"plain","optional":true},"delete":{"type":"string","description_kind":"plain","optional":true},"read":{"type":"string","description_kind":"plain","optional":true},"update":{"type":"string","description_kind":"plain","optional":true}},"description_kind":"plain"}}},"description_kind":"plain"}},"scaleway_k8s_pool":{"version":0,"block":{"attributes":{"autohealing":{"type":"bool","description":"Enable the autohealing on the pool","description_kind":"plain","optional":true},"autoscaling":{"type":"bool","description":"Enable the autoscaling on the pool","description_kind":"plain","optional":true},"cluster_id":{"type":"string","description":"The ID of the cluster on which this pool will be created","description_kind":"plain","required":true},"container_runtime":{"type":"string","description":"Container runtime for the pool","description_kind":"plain","optional":true},"created_at":{"type":"string","description":"The date and time of the creation of the pool","description_kind":"plain","computed":true},"current_size":{"type":"number","description":"The actual size of the pool","description_kind":"plain","computed":true},"id":{"type":"string","description_kind":"plain","optional":true,"computed":true},"kubelet_args":{"type":["map","string"],"description":"The Kubelet arguments to be used by this pool","description_kind":"plain","optional":true},"max_size":{"type":"number","description":"Maximum size of the pool","description_kind":"plain","optional":true,"computed":true},"min_size":{"type":"number","description":"Minimum size of the pool","description_kind":"plain","optional":true},"name":{"type":"string","description":"The name of the cluster","description_kind":"plain","required":true},"node_type":{"type":"string","description":"Server type of the pool servers","description_kind":"plain","required":true},"nodes":{"type":["list",["object",{"name":"string","public_ip":"string","public_ip_v6":"string","status":"string"}]],"description_kind":"plain","computed":true},"placement_group_id":{"type":"string","description":"ID of the placement group","description_kind":"plain","optional":true},"public_ip_disabled":{"type":"bool","description":"Defines if the public IP should be removed from the nodes.","description_kind":"plain","optional":true},"region":{"type":"string","description":"The region you want to attach the resource to","description_kind":"plain","optional":true,"computed":true},"root_volume_size_in_gb":{"type":"number","description":"The size of the system volume of the nodes in gigabyte","description_kind":"plain","optional":true,"computed":true},"root_volume_type":{"type":"string","description":"System volume type of the nodes composing the pool","description_kind":"plain","optional":true,"computed":true},"size":{"type":"number","description":"Size of the pool","description_kind":"plain","required":true},"status":{"type":"string","description":"The status of the pool","description_kind":"plain","computed":true},"tags":{"type":["list","string"],"description":"The tags associated with the pool","description_kind":"plain","optional":true},"updated_at":{"type":"string","description":"The date and time of the last update of the pool","description_kind":"plain","computed":true},"version":{"type":"string","description":"The Kubernetes version of the pool","description_kind":"plain","computed":true},"wait_for_pool_ready":{"type":"bool","description":"Whether to wait for the pool to be ready","description_kind":"plain","optional":true},"zone":{"type":"string","description":"The zone you want to attach the resource to","description_kind":"plain","optional":true,"computed":true}},"block_types":{"timeouts":{"nesting_mode":"single","block":{"attributes":{"create":{"type":"string","description_kind":"plain","optional":true},"default":{"type":"string","description_kind":"plain","optional":true},"update":{"type":"string","description_kind":"plain","optional":true}},"description_kind":"plain"}},"upgrade_policy":{"nesting_mode":"list","block":{"attributes":{"max_surge":{"type":"number","description":"The maximum number of nodes to be created during the upgrade","description_kind":"plain","optional":true},"max_unavailable":{"type":"number","description":"The maximum number of nodes that can be not ready at the same time","description_kind":"plain","optional":true}},"description":"The Pool upgrade policy","description_kind":"plain"},"max_items":1}},"description_kind":"plain"}},"scaleway_lb":{"version":1,"block":{"attributes":{"assign_flexible_ip":{"type":"bool","description":"Defines whether to automatically assign a flexible public IP to the load balancer","description_kind":"plain","optional":true},"assign_flexible_ipv6":{"type":"bool","description":"Defines whether to automatically assign a flexible public IPv6 to the load balancer","description_kind":"plain","optional":true},"description":{"type":"string","description":"The description of the lb","description_kind":"plain","optional":true},"id":{"type":"string","description_kind":"plain","optional":true,"computed":true},"ip_address":{"type":"string","description":"The load-balance public IPv4 address","description_kind":"plain","computed":true},"ip_id":{"type":"string","description":"The load-balance public IP ID","description_kind":"plain","deprecated":true,"optional":true,"computed":true},"ip_ids":{"type":["list","string"],"description":"List of IP IDs to attach to the Load Balancer","description_kind":"plain","optional":true,"computed":true},"ipv6_address":{"type":"string","description":"The load-balance public IPv6 address","description_kind":"plain","computed":true},"name":{"type":"string","description":"Name of the lb","description_kind":"plain","optional":true,"computed":true},"organization_id":{"type":"string","description":"The organization_id you want to attach the resource to","description_kind":"plain","computed":true},"project_id":{"type":"string","description":"The project_id you want to attach the resource to","description_kind":"plain","optional":true,"computed":true},"region":{"type":"string","description":"The region of the resource","description_kind":"plain","computed":true},"release_ip":{"type":"bool","description":"Release the IPs related to this load-balancer","description_kind":"plain","deprecated":true,"optional":true},"ssl_compatibility_level":{"type":"string","description":"Enforces minimal SSL version (in SSL/TLS offloading context)","description_kind":"plain","optional":true},"tags":{"type":["list","string"],"description":"Array of tags to associate with the load-balancer","description_kind":"plain","optional":true},"type":{"type":"string","description":"The type of load-balancer you want to create","description_kind":"plain","required":true},"zone":{"type":"string","description":"The zone you want to attach the resource to","description_kind":"plain","optional":true,"computed":true}},"block_types":{"private_network":{"nesting_mode":"set","block":{"attributes":{"dhcp_config":{"type":"bool","description":"Set to true if you want to let DHCP assign IP addresses","description_kind":"plain","deprecated":true,"optional":true,"computed":true},"ipam_ids":{"type":["list","string"],"description":"IPAM ID of a pre-reserved IP address to assign to the Load Balancer on this Private Network","description_kind":"plain","optional":true,"computed":true},"private_network_id":{"type":"string","description":"The Private Network ID","description_kind":"plain","required":true},"static_config":{"type":["list","string"],"description":"Define an IP address in the subnet of your private network that will be assigned to your load balancer instance","description_kind":"plain","deprecated":true,"optional":true},"status":{"type":"string","description":"The status of private network connection","description_kind":"plain","computed":true},"zone":{"type":"string","description_kind":"plain","computed":true}},"description":"List of private network to connect with your load balancer","description_kind":"plain"},"max_items":8},"timeouts":{"nesting_mode":"single","block":{"attributes":{"create":{"type":"string","description_kind":"plain","optional":true},"default":{"type":"string","description_kind":"plain","optional":true},"delete":{"type":"string","description_kind":"plain","optional":true},"read":{"type":"string","description_kind":"plain","optional":true},"update":{"type":"string","description_kind":"plain","optional":true}},"description_kind":"plain"}}},"description_kind":"plain"}},"scaleway_lb_acl":{"version":1,"block":{"attributes":{"created_at":{"type":"string","description":"IsDate and time of ACL's creation (RFC 3339 format)","description_kind":"plain","computed":true},"description":{"type":"string","description":"Description of the ACL","description_kind":"plain","optional":true},"frontend_id":{"type":"string","description":"The frontend ID on which the ACL is applied","description_kind":"plain","required":true},"id":{"type":"string","description_kind":"plain","optional":true,"computed":true},"index":{"type":"number","description":"The priority of the ACL. (ACLs are applied in ascending order, 0 is the first ACL executed)","description_kind":"plain","required":true},"name":{"type":"string","description":"The ACL name","description_kind":"plain","optional":true,"computed":true},"updated_at":{"type":"string","description":"IsDate and time of ACL's update (RFC 3339 format)","description_kind":"plain","computed":true}},"block_types":{"action":{"nesting_mode":"list","block":{"attributes":{"type":{"type":"string","description":"The action type","description_kind":"plain","required":true}},"block_types":{"redirect":{"nesting_mode":"list","block":{"attributes":{"code":{"type":"number","description":"The HTTP redirect code to use","description_kind":"plain","optional":true},"target":{"type":"string","description":"An URL can be used in case of a location redirect ","description_kind":"plain","optional":true},"type":{"type":"string","description":"The redirect type","description_kind":"plain","optional":true}},"description":"Redirect parameters when using an ACL with `redirect` action","description_kind":"plain"}}},"description":"Action to undertake when an ACL filter matches","description_kind":"plain"},"min_items":1,"max_items":1},"match":{"nesting_mode":"list","block":{"attributes":{"http_filter":{"type":"string","description":"The HTTP filter to match","description_kind":"plain","optional":true},"http_filter_option":{"type":"string","description":"You can use this field with http_header_match acl type to set the header name to filter","description_kind":"plain","optional":true},"http_filter_value":{"type":["list","string"],"description":"A list of possible values to match for the given HTTP filter","description_kind":"plain","optional":true},"invert":{"type":"bool","description":"If set to true, the condition will be of type \"unless\"","description_kind":"plain","optional":true},"ip_subnet":{"type":["list","string"],"description":"A list of IPs or CIDR v4/v6 addresses of the client of the session to match","description_kind":"plain","optional":true}},"description":"The ACL match rule","description_kind":"plain"},"max_items":1},"timeouts":{"nesting_mode":"single","block":{"attributes":{"default":{"type":"string","description_kind":"plain","optional":true}},"description_kind":"plain"}}},"description_kind":"plain"}},"scaleway_lb_backend":{"version":1,"block":{"attributes":{"failover_host":{"type":"string","description":"Scaleway S3 bucket website to be served in case all backend servers are down\n\n**NOTE** : Only the host part of the Scaleway S3 bucket website is expected.\nE.g. 'failover-website.s3-website.fr-par.scw.cloud' if your bucket website URL is 'https://failover-website.s3-website.fr-par.scw.cloud/'.","description_kind":"plain","optional":true},"forward_port":{"type":"number","description":"User sessions will be forwarded to this port of backend servers","description_kind":"plain","required":true},"forward_port_algorithm":{"type":"string","description":"Load balancing algorithm","description_kind":"plain","optional":true},"forward_protocol":{"type":"string","description":"Backend protocol","description_kind":"plain","required":true},"health_check_delay":{"type":"string","description":"Interval between two HC requests","description_kind":"plain","optional":true},"health_check_max_retries":{"type":"number","description":"Number of allowed failed HC requests before the backend server is marked down","description_kind":"plain","optional":true},"health_check_port":{"type":"number","description":"Port the HC requests will be send to. Default to `forward_port`","description_kind":"plain","optional":true,"computed":true},"health_check_send_proxy":{"type":"bool","description":"Defines whether proxy protocol should be activated for the health check","description_kind":"plain","optional":true},"health_check_timeout":{"type":"string","description":"Timeout before we consider a HC request failed","description_kind":"plain","optional":true},"health_check_transient_delay":{"type":"string","description":"Time to wait between two consecutive health checks when a backend server is in a transient state (going UP or DOWN)","description_kind":"plain","optional":true},"id":{"type":"string","description_kind":"plain","optional":true,"computed":true},"ignore_ssl_server_verify":{"type":"bool","description":"Specifies whether the Load Balancer should check the backend server’s certificate before initiating a connection","description_kind":"plain","optional":true},"lb_id":{"type":"string","description":"The load-balancer ID","description_kind":"plain","required":true},"max_connections":{"type":"number","description":"Maximum number of connections allowed per backend server","description_kind":"plain","optional":true},"max_retries":{"type":"number","description":"Number of retries when a backend server connection failed","description_kind":"plain","optional":true},"name":{"type":"string","description":"The name of the backend","description_kind":"plain","optional":true,"computed":true},"on_marked_down_action":{"type":"string","description":"Modify what occurs when a backend server is marked down","description_kind":"plain","optional":true},"proxy_protocol":{"type":"string","description":"Type of PROXY protocol to enable","description_kind":"plain","optional":true},"redispatch_attempt_count":{"type":"number","description":"Whether to use another backend server on each attempt","description_kind":"plain","optional":true},"send_proxy_v2":{"type":"bool","description":"Enables PROXY protocol version 2","description_kind":"plain","deprecated":true,"optional":true,"computed":true},"server_ips":{"type":["list","string"],"description":"Backend server IP addresses list (IPv4 or IPv6)","description_kind":"plain","optional":true},"ssl_bridging":{"type":"bool","description":"Enables SSL between load balancer and backend servers","description_kind":"plain","optional":true},"sticky_sessions":{"type":"string","description":"The type of sticky sessions","description_kind":"plain","optional":true},"sticky_sessions_cookie_name":{"type":"string","description":"Cookie name for sticky sessions","description_kind":"plain","optional":true},"timeout_connect":{"type":"string","description":"Maximum initial server connection establishment time","description_kind":"plain","optional":true},"timeout_queue":{"type":"string","description":"Maximum time (in seconds) for a request to be left pending in queue when `max_connections` is reached","description_kind":"plain","optional":true},"timeout_server":{"type":"string","description":"Maximum server connection inactivity time","description_kind":"plain","optional":true},"timeout_tunnel":{"type":"string","description":"Maximum tunnel inactivity time","description_kind":"plain","optional":true}},"block_types":{"health_check_http":{"nesting_mode":"list","block":{"attributes":{"code":{"type":"number","description":"The expected HTTP status code","description_kind":"plain","optional":true},"host_header":{"type":"string","description":"The HTTP host header to use for HC requests","description_kind":"plain","optional":true},"method":{"type":"string","description":"The HTTP method to use for HC requests","description_kind":"plain","optional":true},"uri":{"type":"string","description":"The HTTP endpoint URL to call for HC requests","description_kind":"plain","required":true}},"description_kind":"plain"},"max_items":1},"health_check_https":{"nesting_mode":"list","block":{"attributes":{"code":{"type":"number","description":"The expected HTTP status code","description_kind":"plain","optional":true},"host_header":{"type":"string","description":"The HTTP host header to use for HC requests","description_kind":"plain","optional":true},"method":{"type":"string","description":"The HTTP method to use for HC requests","description_kind":"plain","optional":true},"sni":{"type":"string","description":"The SNI to use for HC requests over SSL","description_kind":"plain","optional":true},"uri":{"type":"string","description":"The HTTPS endpoint URL to call for HC requests","description_kind":"plain","required":true}},"description_kind":"plain"},"max_items":1},"health_check_tcp":{"nesting_mode":"list","block":{"description_kind":"plain"},"max_items":1},"timeouts":{"nesting_mode":"single","block":{"attributes":{"create":{"type":"string","description_kind":"plain","optional":true},"default":{"type":"string","description_kind":"plain","optional":true},"delete":{"type":"string","description_kind":"plain","optional":true},"read":{"type":"string","description_kind":"plain","optional":true},"update":{"type":"string","description_kind":"plain","optional":true}},"description_kind":"plain"}}},"description_kind":"plain"}},"scaleway_lb_certificate":{"version":1,"block":{"attributes":{"common_name":{"type":"string","description":"The main domain name of the certificate","description_kind":"plain","computed":true},"fingerprint":{"type":"string","description":"The identifier (SHA-1) of the certificate","description_kind":"plain","computed":true},"id":{"type":"string","description_kind":"plain","optional":true,"computed":true},"lb_id":{"type":"string","description":"The load-balancer ID","description_kind":"plain","required":true},"name":{"type":"string","description":"The name of the load-balancer certificate","description_kind":"plain","optional":true,"computed":true},"not_valid_after":{"type":"string","description":"The not valid after validity bound timestamp","description_kind":"plain","computed":true},"not_valid_before":{"type":"string","description":"The not valid before validity bound timestamp","description_kind":"plain","computed":true},"status":{"type":"string","description":"The status of certificate","description_kind":"plain","computed":true},"subject_alternative_name":{"type":["list","string"],"description":"The alternative domain names of the certificate","description_kind":"plain","computed":true}},"block_types":{"custom_certificate":{"nesting_mode":"list","block":{"attributes":{"certificate_chain":{"type":"string","description":"The full PEM-formatted certificate chain","description_kind":"plain","required":true}},"description":"The custom type certificate type configuration","description_kind":"plain"},"max_items":1},"letsencrypt":{"nesting_mode":"list","block":{"attributes":{"common_name":{"type":"string","description":"The main domain name of the certificate","description_kind":"plain","required":true},"subject_alternative_name":{"type":["list","string"],"description":"The alternative domain names of the certificate","description_kind":"plain","optional":true}},"description":"The Let's Encrypt type certificate configuration","description_kind":"plain"},"max_items":1},"timeouts":{"nesting_mode":"single","block":{"attributes":{"create":{"type":"string","description_kind":"plain","optional":true},"default":{"type":"string","description_kind":"plain","optional":true},"delete":{"type":"string","description_kind":"plain","optional":true},"read":{"type":"string","description_kind":"plain","optional":true},"update":{"type":"string","description_kind":"plain","optional":true}},"description_kind":"plain"}}},"description_kind":"plain"}},"scaleway_lb_frontend":{"version":1,"block":{"attributes":{"backend_id":{"type":"string","description":"The load-balancer backend ID","description_kind":"plain","required":true},"certificate_id":{"type":"string","description":"Certificate ID","description_kind":"plain","deprecated":true,"computed":true},"certificate_ids":{"type":["list","string"],"description":"Collection of Certificate IDs related to the load balancer and domain","description_kind":"plain","optional":true},"enable_http3":{"type":"bool","description":"Activates HTTP/3 protocol","description_kind":"plain","optional":true},"external_acls":{"type":"bool","description":"This boolean determines if ACLs should be managed externally through the 'lb_acl' resource. If set to `true`, `acl` attribute cannot be set directly in the lb frontend","description_kind":"plain","optional":true},"id":{"type":"string","description_kind":"plain","optional":true,"computed":true},"inbound_port":{"type":"number","description":"TCP port to listen on the front side","description_kind":"plain","required":true},"lb_id":{"type":"string","description":"The load-balancer ID","description_kind":"plain","required":true},"name":{"type":"string","description":"The name of the frontend","description_kind":"plain","optional":true,"computed":true},"timeout_client":{"type":"string","description":"Set the maximum inactivity time on the client side","description_kind":"plain","optional":true}},"block_types":{"acl":{"nesting_mode":"list","block":{"attributes":{"created_at":{"type":"string","description":"IsDate and time of ACL's creation (RFC 3339 format)","description_kind":"plain","computed":true},"description":{"type":"string","description":"Description of the ACL","description_kind":"plain","optional":true},"name":{"type":"string","description":"The ACL name","description_kind":"plain","optional":true,"computed":true},"updated_at":{"type":"string","description":"IsDate and time of ACL's update (RFC 3339 format)","description_kind":"plain","computed":true}},"block_types":{"action":{"nesting_mode":"list","block":{"attributes":{"type":{"type":"string","description":"The action type","description_kind":"plain","required":true}},"block_types":{"redirect":{"nesting_mode":"list","block":{"attributes":{"code":{"type":"number","description":"The HTTP redirect code to use","description_kind":"plain","optional":true},"target":{"type":"string","description":"An URL can be used in case of a location redirect ","description_kind":"plain","optional":true},"type":{"type":"string","description":"The redirect type","description_kind":"plain","optional":true}},"description":"Redirect parameters when using an ACL with `redirect` action","description_kind":"plain"}}},"description":"Action to undertake when an ACL filter matches","description_kind":"plain"},"min_items":1,"max_items":1},"match":{"nesting_mode":"list","block":{"attributes":{"http_filter":{"type":"string","description":"The HTTP filter to match","description_kind":"plain","optional":true},"http_filter_option":{"type":"string","description":"You can use this field with http_header_match acl type to set the header name to filter","description_kind":"plain","optional":true},"http_filter_value":{"type":["list","string"],"description":"A list of possible values to match for the given HTTP filter","description_kind":"plain","optional":true},"invert":{"type":"bool","description":"If set to true, the condition will be of type \"unless\"","description_kind":"plain","optional":true},"ip_subnet":{"type":["list","string"],"description":"A list of IPs or CIDR v4/v6 addresses of the client of the session to match","description_kind":"plain","optional":true}},"description":"The ACL match rule","description_kind":"plain"},"min_items":1,"max_items":1}},"description":"ACL rules","description_kind":"plain"}},"timeouts":{"nesting_mode":"single","block":{"attributes":{"create":{"type":"string","description_kind":"plain","optional":true},"default":{"type":"string","description_kind":"plain","optional":true},"delete":{"type":"string","description_kind":"plain","optional":true},"update":{"type":"string","description_kind":"plain","optional":true}},"description_kind":"plain"}}},"description_kind":"plain"}},"scaleway_lb_ip":{"version":1,"block":{"attributes":{"id":{"type":"string","description_kind":"plain","optional":true,"computed":true},"ip_address":{"type":"string","description":"The load-balancer public IP address","description_kind":"plain","computed":true},"is_ipv6":{"type":"bool","description":"If true, creates a Flexible IP with an IPv6 address","description_kind":"plain","optional":true},"lb_id":{"type":"string","description":"The ID of the load balancer attached to this IP, if any","description_kind":"plain","computed":true},"organization_id":{"type":"string","description":"The organization_id you want to attach the resource to","description_kind":"plain","computed":true},"project_id":{"type":"string","description":"The project_id you want to attach the resource to","description_kind":"plain","optional":true,"computed":true},"region":{"type":"string","description":"The region of the resource","description_kind":"plain","computed":true},"reverse":{"type":"string","description":"The reverse domain name for this IP","description_kind":"plain","optional":true,"computed":true},"tags":{"type":["list","string"],"description":"The tags associated with the flexible IP","description_kind":"plain","optional":true},"zone":{"type":"string","description":"The zone you want to attach the resource to","description_kind":"plain","optional":true,"computed":true}},"block_types":{"timeouts":{"nesting_mode":"single","block":{"attributes":{"default":{"type":"string","description_kind":"plain","optional":true},"delete":{"type":"string","description_kind":"plain","optional":true},"read":{"type":"string","description_kind":"plain","optional":true},"update":{"type":"string","description_kind":"plain","optional":true}},"description_kind":"plain"}}},"description_kind":"plain"}},"scaleway_lb_route":{"version":1,"block":{"attributes":{"backend_id":{"type":"string","description":"The backend ID destination of redirection","description_kind":"plain","required":true},"created_at":{"type":"string","description":"The date at which the route was created (RFC 3339 format)","description_kind":"plain","computed":true},"frontend_id":{"type":"string","description":"The frontend ID origin of redirection","description_kind":"plain","required":true},"id":{"type":"string","description_kind":"plain","optional":true,"computed":true},"match_host_header":{"type":"string","description":"Specifies the host of the server to which the request is being sent","description_kind":"plain","optional":true},"match_sni":{"type":"string","description":"Server Name Indication TLS extension field from an incoming connection made via an SSL/TLS transport layer","description_kind":"plain","optional":true},"updated_at":{"type":"string","description":"The date at which the route was last updated (RFC 3339 format)","description_kind":"plain","computed":true}},"block_types":{"timeouts":{"nesting_mode":"single","block":{"attributes":{"default":{"type":"string","description_kind":"plain","optional":true}},"description_kind":"plain"}}},"description_kind":"plain"}},"scaleway_mnq_nats_account":{"version":0,"block":{"attributes":{"endpoint":{"type":"string","description":"The endpoint for interact with Nats","description_kind":"plain","computed":true},"id":{"type":"string","description_kind":"plain","optional":true,"computed":true},"name":{"type":"string","description":"The nats account name","description_kind":"plain","optional":true,"computed":true},"project_id":{"type":"string","description":"The project_id you want to attach the resource to","description_kind":"plain","optional":true,"computed":true},"region":{"type":"string","description":"The region you want to attach the resource to","description_kind":"plain","optional":true,"computed":true}},"description_kind":"plain"}},"scaleway_mnq_nats_credentials":{"version":0,"block":{"attributes":{"account_id":{"type":"string","description":"ID of the nats account","description_kind":"plain","required":true},"file":{"type":"string","description":"The credentials file","description_kind":"plain","computed":true},"id":{"type":"string","description_kind":"plain","optional":true,"computed":true},"name":{"type":"string","description":"The nats credentials name","description_kind":"plain","optional":true,"computed":true},"region":{"type":"string","description":"The region you want to attach the resource to","description_kind":"plain","optional":true,"computed":true}},"description_kind":"plain"}},"scaleway_mnq_sns":{"version":0,"block":{"attributes":{"endpoint":{"type":"string","description":"Endpoint of the SNS service","description_kind":"plain","computed":true},"id":{"type":"string","description_kind":"plain","optional":true,"computed":true},"project_id":{"type":"string","description":"The project_id you want to attach the resource to","description_kind":"plain","optional":true,"computed":true},"region":{"type":"string","description":"The region you want to attach the resource to","description_kind":"plain","optional":true,"computed":true}},"description_kind":"plain"}},"scaleway_mnq_sns_credentials":{"version":0,"block":{"attributes":{"access_key":{"type":"string","description":"SNS credentials access key","description_kind":"plain","computed":true,"sensitive":true},"id":{"type":"string","description_kind":"plain","optional":true,"computed":true},"name":{"type":"string","description":"The credentials name","description_kind":"plain","optional":true,"computed":true},"project_id":{"type":"string","description":"The project_id you want to attach the resource to","description_kind":"plain","optional":true,"computed":true},"region":{"type":"string","description":"The region you want to attach the resource to","description_kind":"plain","optional":true,"computed":true},"secret_key":{"type":"string","description":"SNS credentials secret key","description_kind":"plain","computed":true,"sensitive":true}},"block_types":{"permissions":{"nesting_mode":"list","block":{"attributes":{"can_manage":{"type":"bool","description":"Allow manage the associated resource","description_kind":"plain","optional":true,"computed":true},"can_publish":{"type":"bool","description":"Allow publish messages to the service","description_kind":"plain","optional":true,"computed":true},"can_receive":{"type":"bool","description":"Allow receive messages from the service","description_kind":"plain","optional":true,"computed":true}},"description_kind":"plain"},"max_items":1}},"description_kind":"plain"}},"scaleway_mnq_sns_topic":{"version":0,"block":{"attributes":{"access_key":{"type":"string","description":"SNS access key","description_kind":"plain","required":true,"sensitive":true},"arn":{"type":"string","description":"ARN of the topic, should have format 'arn:scw:sns:project-${project_id}:${topic_name}'","description_kind":"plain","computed":true},"content_based_deduplication":{"type":"bool","description":"Specifies whether to enable content-based deduplication.","description_kind":"plain","optional":true,"computed":true},"fifo_topic":{"type":"bool","description":"Whether the topic is a FIFO topic. If true, the topic name must end with .fifo","description_kind":"plain","optional":true,"computed":true},"id":{"type":"string","description_kind":"plain","optional":true,"computed":true},"name":{"type":"string","description":"Name of the SNS Topic.","description_kind":"plain","optional":true,"computed":true},"name_prefix":{"type":"string","description":"Creates a unique name beginning with the specified prefix.","description_kind":"plain","optional":true,"computed":true},"owner":{"type":"string","description":"Owner of the SNS topic, should have format 'project-${project_id}'","description_kind":"plain","computed":true},"project_id":{"type":"string","description":"The project_id you want to attach the resource to","description_kind":"plain","optional":true,"computed":true},"region":{"type":"string","description":"The region you want to attach the resource to","description_kind":"plain","optional":true,"computed":true},"secret_key":{"type":"string","description":"SNS secret key","description_kind":"plain","required":true,"sensitive":true},"sns_endpoint":{"type":"string","description":"SNS endpoint","description_kind":"plain","optional":true}},"description_kind":"plain"}},"scaleway_mnq_sns_topic_subscription":{"version":0,"block":{"attributes":{"access_key":{"type":"string","description":"SNS access key","description_kind":"plain","required":true,"sensitive":true},"arn":{"type":"string","description":"ARN of the topic, should have format 'arn:scw:sns:project-${project_id}:${topic_name}:${subscription_id}'","description_kind":"plain","computed":true},"endpoint":{"type":"string","description":"Endpoint of the subscription","description_kind":"plain","optional":true},"id":{"type":"string","description_kind":"plain","optional":true,"computed":true},"project_id":{"type":"string","description":"The project_id you want to attach the resource to","description_kind":"plain","optional":true,"computed":true},"protocol":{"type":"string","description":"Protocol of the SNS Topic Subscription.","description_kind":"plain","required":true},"redrive_policy":{"type":"bool","description":"JSON Redrive policy","description_kind":"plain","optional":true,"computed":true},"region":{"type":"string","description":"The region you want to attach the resource to","description_kind":"plain","optional":true,"computed":true},"secret_key":{"type":"string","description":"SNS secret key","description_kind":"plain","required":true,"sensitive":true},"sns_endpoint":{"type":"string","description":"SNS endpoint","description_kind":"plain","optional":true},"topic_arn":{"type":"string","description_kind":"plain","optional":true},"topic_id":{"type":"string","description_kind":"plain","optional":true}},"description_kind":"plain"}},"scaleway_mnq_sqs":{"version":0,"block":{"attributes":{"endpoint":{"type":"string","description":"Endpoint of the SQS service","description_kind":"plain","computed":true},"id":{"type":"string","description_kind":"plain","optional":true,"computed":true},"project_id":{"type":"string","description":"The project_id you want to attach the resource to","description_kind":"plain","optional":true,"computed":true},"region":{"type":"string","description":"The region you want to attach the resource to","description_kind":"plain","optional":true,"computed":true}},"description_kind":"plain"}},"scaleway_mnq_sqs_credentials":{"version":0,"block":{"attributes":{"access_key":{"type":"string","description":"SQS credentials access key","description_kind":"plain","computed":true,"sensitive":true},"id":{"type":"string","description_kind":"plain","optional":true,"computed":true},"name":{"type":"string","description":"The credentials name","description_kind":"plain","optional":true,"computed":true},"project_id":{"type":"string","description":"The project_id you want to attach the resource to","description_kind":"plain","optional":true,"computed":true},"region":{"type":"string","description":"The region you want to attach the resource to","description_kind":"plain","optional":true,"computed":true},"secret_key":{"type":"string","description":"SQS credentials secret key","description_kind":"plain","computed":true,"sensitive":true}},"block_types":{"permissions":{"nesting_mode":"list","block":{"attributes":{"can_manage":{"type":"bool","description":"Allow manage the associated resource","description_kind":"plain","optional":true,"computed":true},"can_publish":{"type":"bool","description":"Allow publish messages to the service","description_kind":"plain","optional":true,"computed":true},"can_receive":{"type":"bool","description":"Allow receive messages from the service","description_kind":"plain","optional":true,"computed":true}},"description_kind":"plain"},"max_items":1}},"description_kind":"plain"}},"scaleway_mnq_sqs_queue":{"version":1,"block":{"attributes":{"access_key":{"type":"string","description":"SQS access key","description_kind":"plain","required":true,"sensitive":true},"content_based_deduplication":{"type":"bool","description":"Specifies whether to enable content-based deduplication. Allows omitting the deduplication ID","description_kind":"plain","optional":true,"computed":true},"fifo_queue":{"type":"bool","description":"Whether the queue is a FIFO queue. If true, the queue name must end with .fifo","description_kind":"plain","optional":true,"computed":true},"id":{"type":"string","description_kind":"plain","optional":true,"computed":true},"message_max_age":{"type":"number","description":"The number of seconds the queue retains a message.","description_kind":"plain","optional":true},"message_max_size":{"type":"number","description":"The maximum size of a message. Should be in bytes.","description_kind":"plain","optional":true},"name":{"type":"string","description":"The name of the queue. Conflicts with name_prefix.","description_kind":"plain","optional":true,"computed":true},"name_prefix":{"type":"string","description":"Creates a unique name beginning with the specified prefix. Conflicts with name.","description_kind":"plain","optional":true,"computed":true},"project_id":{"type":"string","description":"The project_id you want to attach the resource to","description_kind":"plain","optional":true,"computed":true},"receive_wait_time_seconds":{"type":"number","description":"The number of seconds to wait for a message to arrive in the queue before returning.","description_kind":"plain","optional":true},"region":{"type":"string","description":"The region you want to attach the resource to","description_kind":"plain","optional":true,"computed":true},"secret_key":{"type":"string","description":"SQS secret key","description_kind":"plain","required":true,"sensitive":true},"sqs_endpoint":{"type":"string","description":"The sqs endpoint","description_kind":"plain","optional":true},"url":{"type":"string","description":"The URL of the queue","description_kind":"plain","computed":true},"visibility_timeout_seconds":{"type":"number","description":"The number of seconds a message is hidden from other consumers.","description_kind":"plain","optional":true}},"block_types":{"timeouts":{"nesting_mode":"single","block":{"attributes":{"create":{"type":"string","description_kind":"plain","optional":true},"default":{"type":"string","description_kind":"plain","optional":true},"delete":{"type":"string","description_kind":"plain","optional":true},"update":{"type":"string","description_kind":"plain","optional":true}},"description_kind":"plain"}}},"description_kind":"plain"}},"scaleway_object":{"version":0,"block":{"attributes":{"bucket":{"type":"string","description":"The bucket's name or regional ID.","description_kind":"plain","required":true},"content":{"type":"string","description":"Content of the file to upload","description_kind":"plain","optional":true},"content_base64":{"type":"string","description":"Content of the file to upload, should be base64 encoded","description_kind":"plain","optional":true},"file":{"type":"string","description":"Path of the file to upload, defaults to an empty file","description_kind":"plain","optional":true},"hash":{"type":"string","description":"File hash to trigger upload","description_kind":"plain","optional":true},"id":{"type":"string","description_kind":"plain","optional":true,"computed":true},"key":{"type":"string","description":"Key of the object","description_kind":"plain","required":true},"metadata":{"type":["map","string"],"description":"Map of object's metadata, only lower case keys are allowed","description_kind":"plain","optional":true},"project_id":{"type":"string","description":"The project_id you want to attach the resource to","description_kind":"plain","optional":true,"computed":true},"region":{"type":"string","description":"The region you want to attach the resource to","description_kind":"plain","optional":true,"computed":true},"storage_class":{"type":"string","description":"Specifies the Scaleway Object Storage class to which you want the object to transition","description_kind":"plain","optional":true},"tags":{"type":["map","string"],"description":"Map of object's tags","description_kind":"plain","optional":true},"visibility":{"type":"string","description":"Visibility of the object, public-read or private","description_kind":"plain","optional":true,"computed":true}},"block_types":{"timeouts":{"nesting_mode":"single","block":{"attributes":{"create":{"type":"string","description_kind":"plain","optional":true},"default":{"type":"string","description_kind":"plain","optional":true},"delete":{"type":"string","description_kind":"plain","optional":true},"read":{"type":"string","description_kind":"plain","optional":true},"update":{"type":"string","description_kind":"plain","optional":true}},"description_kind":"plain"}}},"description_kind":"plain"}},"scaleway_object_bucket":{"version":0,"block":{"attributes":{"acl":{"type":"string","description":"ACL of the bucket: either 'private', 'public-read', 'public-read-write' or 'authenticated-read'.","description_kind":"plain","deprecated":true,"optional":true},"api_endpoint":{"type":"string","description":"API URL of the bucket","description_kind":"plain","computed":true},"endpoint":{"type":"string","description":"Endpoint of the bucket","description_kind":"plain","computed":true},"force_destroy":{"type":"bool","description":"Delete objects in bucket","description_kind":"plain","optional":true},"id":{"type":"string","description_kind":"plain","optional":true,"computed":true},"name":{"type":"string","description":"The name of the bucket","description_kind":"plain","required":true},"object_lock_enabled":{"type":"bool","description":"Enable object lock","description_kind":"plain","optional":true},"project_id":{"type":"string","description":"The project_id you want to attach the resource to","description_kind":"plain","optional":true,"computed":true},"region":{"type":"string","description":"The region you want to attach the resource to","description_kind":"plain","optional":true,"computed":true},"tags":{"type":["map","string"],"description":"The tags associated with this bucket","description_kind":"plain","optional":true}},"block_types":{"cors_rule":{"nesting_mode":"list","block":{"attributes":{"allowed_headers":{"type":["list","string"],"description_kind":"plain","optional":true},"allowed_methods":{"type":["list","string"],"description_kind":"plain","required":true},"allowed_origins":{"type":["list","string"],"description_kind":"plain","required":true},"expose_headers":{"type":["list","string"],"description_kind":"plain","optional":true},"max_age_seconds":{"type":"number","description_kind":"plain","optional":true}},"description_kind":"plain"}},"lifecycle_rule":{"nesting_mode":"list","block":{"attributes":{"abort_incomplete_multipart_upload_days":{"type":"number","description":"Specifies the number of days after initiating a multipart upload when the multipart upload must be completed","description_kind":"plain","optional":true},"enabled":{"type":"bool","description":"Specifies if the configuration rule is Enabled or Disabled","description_kind":"plain","required":true},"id":{"type":"string","description":"Unique identifier for the rule","description_kind":"plain","optional":true,"computed":true},"prefix":{"type":"string","description":"The prefix identifying one or more objects to which the rule applies","description_kind":"plain","optional":true},"tags":{"type":["map","string"],"description":"The tags associated with the bucket lifecycle","description_kind":"plain","optional":true}},"block_types":{"expiration":{"nesting_mode":"list","block":{"attributes":{"days":{"type":"number","description":"Specifies the number of days after object creation when the specific rule action takes effect","description_kind":"plain","required":true}},"description":"Specifies a period in the object's expire","description_kind":"plain"},"max_items":1},"transition":{"nesting_mode":"set","block":{"attributes":{"days":{"type":"number","description":"Specifies the number of days after object creation when the specific rule action takes effect","description_kind":"plain","optional":true},"storage_class":{"type":"string","description":"Specifies the Scaleway Object Storage class to which you want the object to transition","description_kind":"plain","required":true}},"description":"Define when objects transition to another storage class","description_kind":"plain"}}},"description":"Lifecycle configuration is a set of rules that define actions that Scaleway Object Storage applies to a group of objects","description_kind":"plain"}},"timeouts":{"nesting_mode":"single","block":{"attributes":{"default":{"type":"string","description_kind":"plain","optional":true}},"description_kind":"plain"}},"versioning":{"nesting_mode":"list","block":{"attributes":{"enabled":{"type":"bool","description":"Enable versioning. Once you version-enable a bucket, it can never return to an unversioned state","description_kind":"plain","optional":true,"computed":true}},"description":"Allow multiple versions of an object in the same bucket","description_kind":"plain"},"max_items":1}},"description_kind":"plain"}},"scaleway_object_bucket_acl":{"version":0,"block":{"attributes":{"acl":{"type":"string","description":"ACL of the bucket: either 'private', 'public-read', 'public-read-write' or 'authenticated-read'.","description_kind":"plain","optional":true},"bucket":{"type":"string","description":"The bucket's name or regional ID.","description_kind":"plain","required":true},"expected_bucket_owner":{"type":"string","description":"The project ID as owner.","description_kind":"plain","optional":true},"id":{"type":"string","description_kind":"plain","optional":true,"computed":true},"project_id":{"type":"string","description":"The project_id you want to attach the resource to","description_kind":"plain","optional":true,"computed":true},"region":{"type":"string","description":"The region you want to attach the resource to","description_kind":"plain","optional":true,"computed":true}},"block_types":{"access_control_policy":{"nesting_mode":"list","block":{"block_types":{"grant":{"nesting_mode":"set","block":{"attributes":{"permission":{"type":"string","description":"Logging permissions assigned to the grantee for the bucket.","description_kind":"plain","required":true}},"block_types":{"grantee":{"nesting_mode":"list","block":{"attributes":{"display_name":{"type":"string","description_kind":"plain","computed":true},"id":{"type":"string","description":"The project ID owner of the grantee.","description_kind":"plain","required":true},"type":{"type":"string","description":"Type of grantee. Valid values: `CanonicalUser`","description_kind":"plain","required":true}},"description":"Configuration block for the project being granted permissions.","description_kind":"plain"},"max_items":1}},"description_kind":"plain"}},"owner":{"nesting_mode":"list","block":{"attributes":{"display_name":{"type":"string","description":"The project ID of the grantee.","description_kind":"plain","optional":true,"computed":true},"id":{"type":"string","description":"The display ID of the project.","description_kind":"plain","required":true}},"description":"Configuration block of the bucket project owner's display organization ID.","description_kind":"plain"},"min_items":1,"max_items":1}},"description":"A configuration block that sets the ACL permissions for an object per grantee.","description_kind":"plain"},"max_items":1}},"description_kind":"plain"}},"scaleway_object_bucket_lock_configuration":{"version":0,"block":{"attributes":{"bucket":{"type":"string","description":"The bucket's name or regional ID.","description_kind":"plain","required":true},"id":{"type":"string","description_kind":"plain","optional":true,"computed":true},"project_id":{"type":"string","description":"The project_id you want to attach the resource to","description_kind":"plain","optional":true,"computed":true},"region":{"type":"string","description":"The region you want to attach the resource to","description_kind":"plain","optional":true,"computed":true}},"block_types":{"rule":{"nesting_mode":"list","block":{"block_types":{"default_retention":{"nesting_mode":"list","block":{"attributes":{"days":{"type":"number","description":"The number of days that you want to specify for the default retention period.","description_kind":"plain","optional":true},"mode":{"type":"string","description":"The default Object Lock retention mode you want to apply to new objects placed in the specified bucket.","description_kind":"plain","required":true},"years":{"type":"number","description":"The number of years that you want to specify for the default retention period.","description_kind":"plain","optional":true}},"description_kind":"plain"},"min_items":1,"max_items":1}},"description":"Specifies the Object Lock rule for the specified object.","description_kind":"plain"},"min_items":1,"max_items":1}},"description_kind":"plain"}},"scaleway_object_bucket_policy":{"version":0,"block":{"attributes":{"bucket":{"type":"string","description":"The bucket's name or regional ID.","description_kind":"plain","required":true},"id":{"type":"string","description_kind":"plain","optional":true,"computed":true},"policy":{"type":"string","description":"The text of the policy.","description_kind":"plain","required":true},"project_id":{"type":"string","description":"The project_id you want to attach the resource to","description_kind":"plain","optional":true,"computed":true},"region":{"type":"string","description":"The region you want to attach the resource to","description_kind":"plain","optional":true,"computed":true}},"block_types":{"timeouts":{"nesting_mode":"single","block":{"attributes":{"default":{"type":"string","description_kind":"plain","optional":true}},"description_kind":"plain"}}},"description_kind":"plain"}},"scaleway_object_bucket_website_configuration":{"version":0,"block":{"attributes":{"bucket":{"type":"string","description":"The bucket's name or regional ID.","description_kind":"plain","required":true},"id":{"type":"string","description_kind":"plain","optional":true,"computed":true},"project_id":{"type":"string","description":"The project_id you want to attach the resource to","description_kind":"plain","optional":true,"computed":true},"region":{"type":"string","description":"The region you want to attach the resource to","description_kind":"plain","optional":true,"computed":true},"website_domain":{"type":"string","description":"The website endpoint.","description_kind":"plain","computed":true},"website_endpoint":{"type":"string","description":"The domain of the website endpoint.","description_kind":"plain","computed":true}},"block_types":{"error_document":{"nesting_mode":"list","block":{"attributes":{"key":{"type":"string","description_kind":"plain","required":true}},"description":"The name of the error document for the website.","description_kind":"plain"},"max_items":1},"index_document":{"nesting_mode":"list","block":{"attributes":{"suffix":{"type":"string","description_kind":"plain","required":true}},"description":"The name of the index document for the website.","description_kind":"plain"},"min_items":1,"max_items":1}},"description_kind":"plain"}},"scaleway_rdb_acl":{"version":0,"block":{"attributes":{"id":{"type":"string","description_kind":"plain","optional":true,"computed":true},"instance_id":{"type":"string","description":"Instance on which the ACL is applied","description_kind":"plain","required":true},"region":{"type":"string","description":"The region you want to attach the resource to","description_kind":"plain","optional":true,"computed":true}},"block_types":{"acl_rules":{"nesting_mode":"list","block":{"attributes":{"description":{"type":"string","description":"Description of the rule","description_kind":"plain","optional":true,"computed":true},"ip":{"type":"string","description":"Target IP of the rules","description_kind":"plain","required":true}},"description":"List of ACL rules to apply","description_kind":"plain"},"min_items":1},"timeouts":{"nesting_mode":"single","block":{"attributes":{"create":{"type":"string","description_kind":"plain","optional":true},"default":{"type":"string","description_kind":"plain","optional":true},"delete":{"type":"string","description_kind":"plain","optional":true},"read":{"type":"string","description_kind":"plain","optional":true},"update":{"type":"string","description_kind":"plain","optional":true}},"description_kind":"plain"}}},"description_kind":"plain"}},"scaleway_rdb_database":{"version":0,"block":{"attributes":{"id":{"type":"string","description_kind":"plain","optional":true,"computed":true},"instance_id":{"type":"string","description":"Instance on which the database is created","description_kind":"plain","required":true},"managed":{"type":"bool","description":"Whether or not the database is managed","description_kind":"plain","computed":true},"name":{"type":"string","description":"Database name","description_kind":"plain","required":true},"owner":{"type":"string","description":"User that own the database","description_kind":"plain","computed":true},"region":{"type":"string","description":"The region you want to attach the resource to","description_kind":"plain","optional":true,"computed":true},"size":{"type":"string","description":"Size of the database","description_kind":"plain","computed":true}},"block_types":{"timeouts":{"nesting_mode":"single","block":{"attributes":{"create":{"type":"string","description_kind":"plain","optional":true},"default":{"type":"string","description_kind":"plain","optional":true},"delete":{"type":"string","description_kind":"plain","optional":true}},"description_kind":"plain"}}},"description_kind":"plain"}},"scaleway_rdb_database_backup":{"version":0,"block":{"attributes":{"created_at":{"type":"string","description":"Creation date (Format ISO 8601).","description_kind":"plain","computed":true},"database_name":{"type":"string","description":"Name of the database of this backup.","description_kind":"plain","required":true},"expires_at":{"type":"string","description":"Expiration date (Format ISO 8601). Cannot be removed.","description_kind":"plain","optional":true},"id":{"type":"string","description_kind":"plain","optional":true,"computed":true},"instance_id":{"type":"string","description":"Instance on which the user is created","description_kind":"plain","required":true},"instance_name":{"type":"string","description":"Name of the instance of the backup.","description_kind":"plain","computed":true},"name":{"type":"string","description":"Name of the backup.","description_kind":"plain","optional":true,"computed":true},"region":{"type":"string","description":"The region you want to attach the resource to","description_kind":"plain","optional":true,"computed":true},"size":{"type":"number","description":"Size of the backup (in bytes).","description_kind":"plain","computed":true},"updated_at":{"type":"string","description":"Updated date (Format ISO 8601).","description_kind":"plain","computed":true}},"block_types":{"timeouts":{"nesting_mode":"single","block":{"attributes":{"create":{"type":"string","description_kind":"plain","optional":true},"default":{"type":"string","description_kind":"plain","optional":true},"delete":{"type":"string","description_kind":"plain","optional":true},"read":{"type":"string","description_kind":"plain","optional":true},"update":{"type":"string","description_kind":"plain","optional":true}},"description_kind":"plain"}}},"description_kind":"plain"}},"scaleway_rdb_instance":{"version":0,"block":{"attributes":{"backup_same_region":{"type":"bool","description":"Boolean to store logical backups in the same region as the database instance","description_kind":"plain","optional":true,"computed":true},"backup_schedule_frequency":{"type":"number","description":"Backup schedule frequency in hours","description_kind":"plain","optional":true,"computed":true},"backup_schedule_retention":{"type":"number","description":"Backup schedule retention in days","description_kind":"plain","optional":true,"computed":true},"certificate":{"type":"string","description":"Certificate of the database instance","description_kind":"plain","computed":true},"disable_backup":{"type":"bool","description":"Disable automated backup for the database instance","description_kind":"plain","optional":true},"encryption_at_rest":{"type":"bool","description":"Enable or disable encryption at rest for the database instance","description_kind":"plain","optional":true},"endpoint_ip":{"type":"string","description":"Endpoint IP of the database instance","description_kind":"plain","deprecated":true,"computed":true},"endpoint_port":{"type":"number","description":"Endpoint port of the database instance","description_kind":"plain","deprecated":true,"computed":true},"engine":{"type":"string","description":"Database's engine version id","description_kind":"plain","required":true},"id":{"type":"string","description_kind":"plain","optional":true,"computed":true},"init_settings":{"type":["map","string"],"description":"Map of engine settings to be set at database initialisation.","description_kind":"plain","optional":true},"is_ha_cluster":{"type":"bool","description":"Enable or disable high availability for the database instance","description_kind":"plain","optional":true},"name":{"type":"string","description":"Name of the database instance","description_kind":"plain","optional":true,"computed":true},"node_type":{"type":"string","description":"The type of database instance you want to create","description_kind":"plain","required":true},"organization_id":{"type":"string","description":"The organization_id you want to attach the resource to","description_kind":"plain","computed":true},"password":{"type":"string","description":"Password for the first user of the database instance","description_kind":"plain","optional":true,"sensitive":true},"project_id":{"type":"string","description":"The project_id you want to attach the resource to","description_kind":"plain","optional":true,"computed":true},"read_replicas":{"type":["list",["object",{"ip":"string","name":"string","port":"number"}]],"description":"Read replicas of the database instance","description_kind":"plain","computed":true},"region":{"type":"string","description":"The region you want to attach the resource to","description_kind":"plain","optional":true,"computed":true},"settings":{"type":["map","string"],"description":"Map of engine settings to be set on a running instance.","description_kind":"plain","optional":true,"computed":true},"tags":{"type":["list","string"],"description":"List of tags [\"tag1\", \"tag2\", ...] attached to a database instance","description_kind":"plain","optional":true},"user_name":{"type":"string","description":"Identifier for the first user of the database instance","description_kind":"plain","optional":true,"computed":true},"volume_size_in_gb":{"type":"number","description":"Volume size (in GB) when volume_type is not lssd","description_kind":"plain","optional":true,"computed":true},"volume_type":{"type":"string","description":"Type of volume where data are stored","description_kind":"plain","optional":true}},"block_types":{"load_balancer":{"nesting_mode":"list","block":{"attributes":{"endpoint_id":{"type":"string","description":"The endpoint ID","description_kind":"plain","optional":true,"computed":true},"hostname":{"type":"string","description":"The hostname of your endpoint","description_kind":"plain","computed":true},"ip":{"type":"string","description":"The IP of your load balancer service","description_kind":"plain","computed":true},"name":{"type":"string","description":"The name of your load balancer service","description_kind":"plain","computed":true},"port":{"type":"number","description":"The port of your load balancer service","description_kind":"plain","computed":true}},"description":"Load balancer of the database instance","description_kind":"plain"}},"logs_policy":{"nesting_mode":"list","block":{"attributes":{"max_age_retention":{"type":"number","description":"The max age (in days) of remote logs to keep on the Database Instance","description_kind":"plain","optional":true,"computed":true},"total_disk_retention":{"type":"number","description":"The max disk size of remote logs to keep on the Database Instance.","description_kind":"plain","optional":true,"computed":true}},"description":"Logs policy configuration","description_kind":"plain"},"max_items":1},"private_network":{"nesting_mode":"list","block":{"attributes":{"enable_ipam":{"type":"bool","description":"Whether or not the private network endpoint should be configured with IPAM","description_kind":"plain","optional":true,"computed":true},"endpoint_id":{"type":"string","description":"The endpoint ID","description_kind":"plain","computed":true},"hostname":{"type":"string","description":"The hostname of your endpoint","description_kind":"plain","computed":true},"ip":{"type":"string","description":"The IP of your Instance within the private service","description_kind":"plain","computed":true},"ip_net":{"type":"string","description":"The IP with the given mask within the private subnet","description_kind":"plain","optional":true,"computed":true},"name":{"type":"string","description":"The name of your private service","description_kind":"plain","computed":true},"pn_id":{"type":"string","description":"The private network ID","description_kind":"plain","required":true},"port":{"type":"number","description":"The port of your private service","description_kind":"plain","optional":true,"computed":true},"zone":{"type":"string","description":"The zone you want to attach the resource to","description_kind":"plain","optional":true,"computed":true}},"description":"List of private network to expose your database instance","description_kind":"plain"},"max_items":1},"timeouts":{"nesting_mode":"single","block":{"attributes":{"create":{"type":"string","description_kind":"plain","optional":true},"default":{"type":"string","description_kind":"plain","optional":true},"delete":{"type":"string","description_kind":"plain","optional":true},"read":{"type":"string","description_kind":"plain","optional":true},"update":{"type":"string","description_kind":"plain","optional":true}},"description_kind":"plain"}}},"description_kind":"plain"}},"scaleway_rdb_privilege":{"version":1,"block":{"attributes":{"database_name":{"type":"string","description":"Database name","description_kind":"plain","required":true},"id":{"type":"string","description_kind":"plain","optional":true,"computed":true},"instance_id":{"type":"string","description":"Instance on which the database is created","description_kind":"plain","required":true},"permission":{"type":"string","description":"Privilege","description_kind":"plain","required":true},"region":{"type":"string","description":"The region you want to attach the resource to","description_kind":"plain","optional":true,"computed":true},"user_name":{"type":"string","description":"User name","description_kind":"plain","required":true}},"block_types":{"timeouts":{"nesting_mode":"single","block":{"attributes":{"create":{"type":"string","description_kind":"plain","optional":true},"default":{"type":"string","description_kind":"plain","optional":true},"delete":{"type":"string","description_kind":"plain","optional":true},"read":{"type":"string","description_kind":"plain","optional":true},"update":{"type":"string","description_kind":"plain","optional":true}},"description_kind":"plain"}}},"description_kind":"plain"}},"scaleway_rdb_read_replica":{"version":0,"block":{"attributes":{"id":{"type":"string","description_kind":"plain","optional":true,"computed":true},"instance_id":{"type":"string","description":"Id of the rdb instance to replicate","description_kind":"plain","required":true},"region":{"type":"string","description":"The region you want to attach the resource to","description_kind":"plain","optional":true,"computed":true},"same_zone":{"type":"bool","description":"Defines whether to create the replica in the same availability zone as the main instance nodes or not.","description_kind":"plain","optional":true}},"block_types":{"direct_access":{"nesting_mode":"list","block":{"attributes":{"endpoint_id":{"type":"string","description":"UUID of the endpoint (UUID format).","description_kind":"plain","computed":true},"hostname":{"type":"string","description":"Hostname of the endpoint. Only one of ip and hostname may be set.","description_kind":"plain","computed":true},"ip":{"type":"string","description":"IPv4 address of the endpoint (IP address). Only one of ip and hostname may be set.","description_kind":"plain","computed":true},"name":{"type":"string","description":"Name of the endpoint.","description_kind":"plain","computed":true},"port":{"type":"number","description":"TCP port of the endpoint.","description_kind":"plain","computed":true}},"description":"Direct access endpoint, it gives you an IP and a port to access your read-replica","description_kind":"plain"},"max_items":1},"private_network":{"nesting_mode":"list","block":{"attributes":{"enable_ipam":{"type":"bool","description":"Whether or not the private network endpoint should be configured with IPAM","description_kind":"plain","optional":true,"computed":true},"endpoint_id":{"type":"string","description":"UUID of the endpoint (UUID format).","description_kind":"plain","computed":true},"hostname":{"type":"string","description":"Hostname of the endpoint. Only one of ip and hostname may be set","description_kind":"plain","computed":true},"ip":{"type":"string","description":"IPv4 address of the endpoint (IP address). Only one of ip and hostname may be set","description_kind":"plain","computed":true},"name":{"type":"string","description":"Name of the endpoints","description_kind":"plain","computed":true},"port":{"type":"number","description":"TCP port of the endpoint","description_kind":"plain","computed":true},"private_network_id":{"type":"string","description":"UUID of the private network to be connected to the read replica (UUID format)","description_kind":"plain","required":true},"service_ip":{"type":"string","description":"The IP network address within the private subnet","description_kind":"plain","optional":true,"computed":true},"zone":{"type":"string","description":"Private network zone","description_kind":"plain","computed":true}},"description":"Private network endpoints","description_kind":"plain"},"max_items":1},"timeouts":{"nesting_mode":"single","block":{"attributes":{"create":{"type":"string","description_kind":"plain","optional":true},"default":{"type":"string","description_kind":"plain","optional":true},"delete":{"type":"string","description_kind":"plain","optional":true},"read":{"type":"string","description_kind":"plain","optional":true},"update":{"type":"string","description_kind":"plain","optional":true}},"description_kind":"plain"}}},"description_kind":"plain"}},"scaleway_rdb_user":{"version":0,"block":{"attributes":{"id":{"type":"string","description_kind":"plain","optional":true,"computed":true},"instance_id":{"type":"string","description":"Instance on which the user is created","description_kind":"plain","required":true},"is_admin":{"type":"bool","description":"Grant admin permissions to database user","description_kind":"plain","optional":true},"name":{"type":"string","description":"Database user name","description_kind":"plain","required":true},"password":{"type":"string","description":"Database user password","description_kind":"plain","required":true,"sensitive":true},"region":{"type":"string","description":"The region you want to attach the resource to","description_kind":"plain","optional":true,"computed":true}},"block_types":{"timeouts":{"nesting_mode":"single","block":{"attributes":{"create":{"type":"string","description_kind":"plain","optional":true},"default":{"type":"string","description_kind":"plain","optional":true},"delete":{"type":"string","description_kind":"plain","optional":true},"read":{"type":"string","description_kind":"plain","optional":true},"update":{"type":"string","description_kind":"plain","optional":true}},"description_kind":"plain"}}},"description_kind":"plain"}},"scaleway_redis_cluster":{"version":0,"block":{"attributes":{"certificate":{"type":"string","description":"public TLS certificate used by redis cluster, empty if tls is disabled","description_kind":"plain","computed":true},"cluster_size":{"type":"number","description":"Number of nodes for the cluster.","description_kind":"plain","optional":true,"computed":true},"created_at":{"type":"string","description":"The date and time of the creation of the Redis cluster","description_kind":"plain","computed":true},"id":{"type":"string","description_kind":"plain","optional":true,"computed":true},"name":{"type":"string","description":"Name of the redis cluster","description_kind":"plain","optional":true,"computed":true},"node_type":{"type":"string","description":"Type of node to use for the cluster","description_kind":"plain","required":true},"password":{"type":"string","description":"Password of the user","description_kind":"plain","required":true,"sensitive":true},"project_id":{"type":"string","description":"The project_id you want to attach the resource to","description_kind":"plain","optional":true,"computed":true},"settings":{"type":["map","string"],"description":"Map of settings to define for the cluster.","description_kind":"plain","optional":true},"tags":{"type":["list","string"],"description":"List of tags [\"tag1\", \"tag2\", ...] attached to a redis cluster","description_kind":"plain","optional":true},"tls_enabled":{"type":"bool","description":"Whether or not TLS is enabled.","description_kind":"plain","optional":true},"updated_at":{"type":"string","description":"The date and time of the last update of the Redis cluster","description_kind":"plain","computed":true},"user_name":{"type":"string","description":"Name of the user created when the cluster is created","description_kind":"plain","required":true},"version":{"type":"string","description":"Redis version of the cluster","description_kind":"plain","required":true},"zone":{"type":"string","description":"The zone you want to attach the resource to","description_kind":"plain","optional":true,"computed":true}},"block_types":{"acl":{"nesting_mode":"set","block":{"attributes":{"description":{"type":"string","description":"Description of the rule.","description_kind":"plain","optional":true,"computed":true},"id":{"type":"string","description":"ID of the rule (UUID format).","description_kind":"plain","computed":true},"ip":{"type":"string","description":"IPv4 network address of the rule (IP network in a CIDR format).","description_kind":"plain","required":true}},"description":"List of acl rules.","description_kind":"plain"}},"private_network":{"nesting_mode":"set","block":{"attributes":{"endpoint_id":{"type":"string","description":"UUID of the endpoint to be connected to the cluster","description_kind":"plain","computed":true},"id":{"type":"string","description":"UUID of the private network to be connected to the cluster","description_kind":"plain","required":true},"service_ips":{"type":["list","string"],"description":"List of IPv4 addresses of the private network with a CIDR notation","description_kind":"plain","optional":true,"computed":true},"zone":{"type":"string","description":"The zone of the resource","description_kind":"plain","computed":true}},"description":"Private network specs details","description_kind":"plain"}},"public_network":{"nesting_mode":"list","block":{"attributes":{"id":{"type":"string","description_kind":"plain","computed":true},"ips":{"type":["list","string"],"description_kind":"plain","computed":true},"port":{"type":"number","description":"TCP port of the endpoint","description_kind":"plain","computed":true}},"description":"Public network specs details","description_kind":"plain"},"max_items":1},"timeouts":{"nesting_mode":"single","block":{"attributes":{"create":{"type":"string","description_kind":"plain","optional":true},"default":{"type":"string","description_kind":"plain","optional":true},"delete":{"type":"string","description_kind":"plain","optional":true},"update":{"type":"string","description_kind":"plain","optional":true}},"description_kind":"plain"}}},"description_kind":"plain"}},"scaleway_registry_namespace":{"version":0,"block":{"attributes":{"description":{"type":"string","description":"The description of the container registry namespace","description_kind":"plain","optional":true},"endpoint":{"type":"string","description":"The endpoint reachable by docker","description_kind":"plain","computed":true},"id":{"type":"string","description_kind":"plain","optional":true,"computed":true},"is_public":{"type":"bool","description":"Define the default visibility policy","description_kind":"plain","optional":true},"name":{"type":"string","description":"The name of the container registry namespace","description_kind":"plain","required":true},"organization_id":{"type":"string","description":"The organization_id you want to attach the resource to","description_kind":"plain","computed":true},"project_id":{"type":"string","description":"The project_id you want to attach the resource to","description_kind":"plain","optional":true,"computed":true},"region":{"type":"string","description":"The region you want to attach the resource to","description_kind":"plain","optional":true,"computed":true}},"block_types":{"timeouts":{"nesting_mode":"single","block":{"attributes":{"create":{"type":"string","description_kind":"plain","optional":true},"default":{"type":"string","description_kind":"plain","optional":true},"delete":{"type":"string","description_kind":"plain","optional":true},"read":{"type":"string","description_kind":"plain","optional":true},"update":{"type":"string","description_kind":"plain","optional":true}},"description_kind":"plain"}}},"description_kind":"plain"}},"scaleway_sdb_sql_database":{"version":0,"block":{"attributes":{"endpoint":{"type":"string","description":"endpoint of the database","description_kind":"plain","computed":true},"id":{"type":"string","description_kind":"plain","optional":true,"computed":true},"max_cpu":{"type":"number","description":"The maximum number of CPU units for your Serverless SQL Database","description_kind":"plain","optional":true},"min_cpu":{"type":"number","description":"The minimum number of CPU units for your Serverless SQL Database","description_kind":"plain","optional":true},"name":{"type":"string","description":"The database name","description_kind":"plain","required":true},"project_id":{"type":"string","description":"The project_id you want to attach the resource to","description_kind":"plain","optional":true,"computed":true},"region":{"type":"string","description":"The region you want to attach the resource to","description_kind":"plain","optional":true,"computed":true}},"block_types":{"timeouts":{"nesting_mode":"single","block":{"attributes":{"create":{"type":"string","description_kind":"plain","optional":true},"default":{"type":"string","description_kind":"plain","optional":true},"delete":{"type":"string","description_kind":"plain","optional":true},"read":{"type":"string","description_kind":"plain","optional":true},"update":{"type":"string","description_kind":"plain","optional":true}},"description_kind":"plain"}}},"description_kind":"plain"}},"scaleway_secret":{"version":0,"block":{"attributes":{"created_at":{"type":"string","description":"Date and time of secret's creation (RFC 3339 format)","description_kind":"plain","computed":true},"description":{"type":"string","description":"Description of the secret","description_kind":"plain","optional":true},"id":{"type":"string","description_kind":"plain","optional":true,"computed":true},"name":{"type":"string","description":"The secret name","description_kind":"plain","required":true},"path":{"type":"string","description":"Location of the secret in the directory structure.","description_kind":"plain","optional":true},"project_id":{"type":"string","description":"The project_id you want to attach the resource to","description_kind":"plain","optional":true,"computed":true},"protected":{"type":"bool","description":"True if secret protection is enabled on a given secret. A protected secret cannot be deleted.","description_kind":"plain","optional":true},"region":{"type":"string","description":"The region you want to attach the resource to","description_kind":"plain","optional":true,"computed":true},"status":{"type":"string","description":"Status of the secret","description_kind":"plain","computed":true},"tags":{"type":["list","string"],"description":"List of tags [\"tag1\", \"tag2\", ...] associated to secret","description_kind":"plain","optional":true},"type":{"type":"string","description_kind":"plain","optional":true},"updated_at":{"type":"string","description":"Date and time of secret's creation (RFC 3339 format)","description_kind":"plain","computed":true},"version_count":{"type":"number","description":"The number of versions for this Secret","description_kind":"plain","computed":true}},"block_types":{"ephemeral_policy":{"nesting_mode":"list","block":{"attributes":{"action":{"type":"string","description":"Action to perform when the version of a secret expires.","description_kind":"plain","required":true},"expires_once_accessed":{"type":"bool","description":"True if the secret version expires after a single user access.","description_kind":"plain","optional":true},"ttl":{"type":"string","description":"Time frame, from one second and up to one year, during which the secret's versions are valid. Has to be specified in Go Duration format","description_kind":"plain","optional":true}},"description_kind":"plain"}},"timeouts":{"nesting_mode":"single","block":{"attributes":{"default":{"type":"string","description_kind":"plain","optional":true}},"description_kind":"plain"}}},"description_kind":"plain"}},"scaleway_secret_version":{"version":0,"block":{"attributes":{"created_at":{"type":"string","description":"Date and time of secret version's creation (RFC 3339 format)","description_kind":"plain","computed":true},"data":{"type":"string","description":"The data payload of your secret version.","description_kind":"plain","required":true,"sensitive":true},"description":{"type":"string","description":"Description of the secret version","description_kind":"plain","optional":true},"id":{"type":"string","description_kind":"plain","optional":true,"computed":true},"region":{"type":"string","description":"The region you want to attach the resource to","description_kind":"plain","optional":true,"computed":true},"revision":{"type":"string","description":"The revision of secret version","description_kind":"plain","computed":true},"secret_id":{"type":"string","description":"The secret ID associated with this version","description_kind":"plain","required":true},"status":{"type":"string","description":"Status of the secret version","description_kind":"plain","computed":true},"updated_at":{"type":"string","description":"Date and time of secret version's creation (RFC 3339 format)","description_kind":"plain","computed":true}},"block_types":{"timeouts":{"nesting_mode":"single","block":{"attributes":{"default":{"type":"string","description_kind":"plain","optional":true}},"description_kind":"plain"}}},"description_kind":"plain"}},"scaleway_tem_domain":{"version":0,"block":{"attributes":{"accept_tos":{"type":"bool","description":"Accept the Scaleway Terms of Service","description_kind":"plain","required":true},"autoconfig":{"type":"bool","description":"Enable automatic configuration options for the domain","description_kind":"plain","optional":true},"created_at":{"type":"string","description":"Date and time of domain's creation (RFC 3339 format)","description_kind":"plain","computed":true},"dkim_config":{"type":"string","description":"DKIM public key, as should be recorded in the DNS zone","description_kind":"plain","computed":true},"dmarc_config":{"type":"string","description":"DMARC record for the domain, as should be recorded in the DNS zone","description_kind":"plain","computed":true},"dmarc_name":{"type":"string","description":"DMARC name for the domain, as should be recorded in the DNS zone","description_kind":"plain","computed":true},"id":{"type":"string","description_kind":"plain","optional":true,"computed":true},"last_error":{"type":"string","description":"Error message if the last check failed","description_kind":"plain","deprecated":true,"computed":true},"last_valid_at":{"type":"string","description":"Date and time the domain was last found to be valid (RFC 3339 format)","description_kind":"plain","computed":true},"mx_blackhole":{"type":"string","description":"The Scaleway's blackhole MX server to use","description_kind":"plain","computed":true},"name":{"type":"string","description":"The domain name used when sending emails","description_kind":"plain","required":true},"next_check_at":{"type":"string","description":"Date and time of the next scheduled check (RFC 3339 format)","description_kind":"plain","computed":true},"project_id":{"type":"string","description":"The project_id you want to attach the resource to","description_kind":"plain","optional":true,"computed":true},"region":{"type":"string","description":"The region you want to attach the resource to","description_kind":"plain","optional":true,"computed":true},"reputation":{"type":["list",["object",{"previous_score":"number","previous_scored_at":"string","score":"number","scored_at":"string","status":"string"}]],"description":"The domain's reputation","description_kind":"plain","computed":true},"revoked_at":{"type":"string","description":"Date and time of the revocation of the domain (RFC 3339 format)","description_kind":"plain","computed":true},"smtp_host":{"type":"string","description":"SMTP host to use to send emails","description_kind":"plain","computed":true},"smtp_port":{"type":"number","description":"SMTP port to use to send emails over TLS. (Port 587)","description_kind":"plain","computed":true},"smtp_port_alternative":{"type":"number","description":"SMTP port to use to send emails over TLS. (Port 2587)","description_kind":"plain","computed":true},"smtp_port_unsecure":{"type":"number","description":"SMTP port to use to send emails. (Port 25)","description_kind":"plain","computed":true},"smtps_auth_user":{"type":"string","description":"SMTPS auth user refers to the identifier for a user authorized to send emails via SMTPS, ensuring secure email transmission","description_kind":"plain","computed":true},"smtps_port":{"type":"number","description":"SMTPS port to use to send emails over TLS Wrapper. (Port 465)","description_kind":"plain","computed":true},"smtps_port_alternative":{"type":"number","description":"SMTPS port to use to send emails over TLS Wrapper. (Port 2465)","description_kind":"plain","computed":true},"spf_config":{"type":"string","description":"Snippet of the SPF record that should be registered in the DNS zone","description_kind":"plain","computed":true},"status":{"type":"string","description":"Status of the domain","description_kind":"plain","computed":true}},"block_types":{"timeouts":{"nesting_mode":"single","block":{"attributes":{"default":{"type":"string","description_kind":"plain","optional":true},"delete":{"type":"string","description_kind":"plain","optional":true}},"description_kind":"plain"}}},"description_kind":"plain"}},"scaleway_tem_domain_validation":{"version":0,"block":{"attributes":{"domain_id":{"type":"string","description":"The id of domain name used when sending emails.","description_kind":"plain","required":true},"id":{"type":"string","description_kind":"plain","optional":true,"computed":true},"region":{"type":"string","description":"The region you want to attach the resource to","description_kind":"plain","optional":true,"computed":true},"timeout":{"type":"number","description":"Maximum wait time in second before returning an error.","description_kind":"plain","optional":true},"validated":{"type":"bool","description":"Indicates if the domain is verified for email sending","description_kind":"plain","computed":true}},"block_types":{"timeouts":{"nesting_mode":"single","block":{"attributes":{"create":{"type":"string","description_kind":"plain","optional":true},"default":{"type":"string","description_kind":"plain","optional":true},"delete":{"type":"string","description_kind":"plain","optional":true}},"description_kind":"plain"}}},"description_kind":"plain"}},"scaleway_tem_webhook":{"version":0,"block":{"attributes":{"created_at":{"type":"string","description":"Creation timestamp","description_kind":"plain","computed":true},"domain_id":{"type":"string","description":"The domain id","description_kind":"plain","required":true},"event_types":{"type":["list","string"],"description":"List of event types","description_kind":"plain","required":true},"id":{"type":"string","description_kind":"plain","optional":true,"computed":true},"name":{"type":"string","description_kind":"plain","optional":true,"computed":true},"organization_id":{"type":"string","description":"The organization_id you want to attach the resource to","description_kind":"plain","computed":true},"project_id":{"type":"string","description":"The project_id you want to attach the resource to","description_kind":"plain","optional":true,"computed":true},"region":{"type":"string","description":"The region you want to attach the resource to","description_kind":"plain","optional":true,"computed":true},"sns_arn":{"type":"string","description":"SNS ARN","description_kind":"plain","required":true},"updated_at":{"type":"string","description":"Last update timestamp","description_kind":"plain","computed":true}},"description_kind":"plain"}},"scaleway_vpc":{"version":0,"block":{"attributes":{"created_at":{"type":"string","description":"The date and time of the creation of the private network","description_kind":"plain","computed":true},"enable_routing":{"type":"bool","description":"Enable routing between Private Networks in the VPC","description_kind":"plain","optional":true,"computed":true},"id":{"type":"string","description_kind":"plain","optional":true,"computed":true},"is_default":{"type":"bool","description":"Defines whether the VPC is the default one for its Project","description_kind":"plain","computed":true},"name":{"type":"string","description":"The name of the VPC","description_kind":"plain","optional":true,"computed":true},"organization_id":{"type":"string","description":"The organization_id you want to attach the resource to","description_kind":"plain","computed":true},"project_id":{"type":"string","description":"The project_id you want to attach the resource to","description_kind":"plain","optional":true,"computed":true},"region":{"type":"string","description":"The region you want to attach the resource to","description_kind":"plain","optional":true,"computed":true},"tags":{"type":["list","string"],"description":"The tags associated with the VPC","description_kind":"plain","optional":true},"updated_at":{"type":"string","description":"The date and time of the last update of the private network","description_kind":"plain","computed":true}},"description_kind":"plain"}},"scaleway_vpc_gateway_network":{"version":0,"block":{"attributes":{"cleanup_dhcp":{"type":"bool","description":"Remove DHCP config on this network on destroy","description_kind":"plain","optional":true},"created_at":{"type":"string","description":"The date and time of the creation of the gateway network","description_kind":"plain","computed":true},"dhcp_id":{"type":"string","description":"The ID of the public gateway DHCP config","description_kind":"plain","optional":true},"enable_dhcp":{"type":"bool","description":"Enable DHCP config on this network","description_kind":"plain","optional":true},"enable_masquerade":{"type":"bool","description":"Enable masquerade on this network","description_kind":"plain","optional":true},"gateway_id":{"type":"string","description":"The ID of the public gateway where connect to","description_kind":"plain","required":true},"id":{"type":"string","description_kind":"plain","optional":true,"computed":true},"mac_address":{"type":"string","description":"The mac address on this network","description_kind":"plain","computed":true},"private_network_id":{"type":"string","description":"The ID of the private network where connect to","description_kind":"plain","required":true},"static_address":{"type":"string","description":"The static IP address in CIDR on this network","description_kind":"plain","optional":true,"computed":true},"status":{"type":"string","description":"The status of the Public Gateway's connection to the Private Network","description_kind":"plain","computed":true},"updated_at":{"type":"string","description":"The date and time of the last update of the gateway network","description_kind":"plain","computed":true},"zone":{"type":"string","description":"The zone you want to attach the resource to","description_kind":"plain","optional":true,"computed":true}},"block_types":{"ipam_config":{"nesting_mode":"list","block":{"attributes":{"ipam_ip_id":{"type":"string","description":"Use this IPAM-booked IP ID as the Gateway's IP in this Private Network","description_kind":"plain","optional":true,"computed":true},"push_default_route":{"type":"bool","description":"Defines whether the default route is enabled on that Gateway Network","description_kind":"plain","optional":true}},"description":"Auto-configure the Gateway Network using IPAM (IP address management service)","description_kind":"plain"}},"timeouts":{"nesting_mode":"single","block":{"attributes":{"create":{"type":"string","description_kind":"plain","optional":true},"default":{"type":"string","description_kind":"plain","optional":true},"delete":{"type":"string","description_kind":"plain","optional":true},"read":{"type":"string","description_kind":"plain","optional":true},"update":{"type":"string","description_kind":"plain","optional":true}},"description_kind":"plain"}}},"description_kind":"plain"}},"scaleway_vpc_private_network":{"version":1,"block":{"attributes":{"created_at":{"type":"string","description":"The date and time of the creation of the private network","description_kind":"plain","computed":true},"id":{"type":"string","description_kind":"plain","optional":true,"computed":true},"is_regional":{"type":"bool","description":"Defines whether the private network is Regional. By default, it will be Zonal","description_kind":"plain","deprecated":true,"optional":true,"computed":true},"name":{"type":"string","description":"The name of the private network","description_kind":"plain","optional":true,"computed":true},"organization_id":{"type":"string","description":"The organization_id you want to attach the resource to","description_kind":"plain","computed":true},"project_id":{"type":"string","description":"The project_id you want to attach the resource to","description_kind":"plain","optional":true,"computed":true},"region":{"type":"string","description":"The region you want to attach the resource to","description_kind":"plain","optional":true,"computed":true},"tags":{"type":["list","string"],"description":"The tags associated with private network","description_kind":"plain","optional":true},"updated_at":{"type":"string","description":"The date and time of the last update of the private network","description_kind":"plain","computed":true},"vpc_id":{"type":"string","description":"The VPC in which to create the private network","description_kind":"plain","optional":true,"computed":true},"zone":{"type":"string","description":"The zone you want to attach the resource to","description_kind":"plain","deprecated":true,"optional":true,"computed":true}},"block_types":{"ipv4_subnet":{"nesting_mode":"list","block":{"attributes":{"address":{"type":"string","description":"The network address of the subnet in dotted decimal notation, e.g., '192.168.0.0' for a '192.168.0.0/24' subnet","description_kind":"plain","computed":true},"created_at":{"type":"string","description":"The date and time of the creation of the subnet","description_kind":"plain","computed":true},"id":{"type":"string","description":"The subnet ID","description_kind":"plain","computed":true},"prefix_length":{"type":"number","description":"The length of the network prefix, e.g., 24 for a 255.255.255.0 mask","description_kind":"plain","computed":true},"subnet":{"type":"string","description":"The subnet CIDR","description_kind":"plain","optional":true,"computed":true},"subnet_mask":{"type":"string","description":"The subnet mask expressed in dotted decimal notation, e.g., '255.255.255.0' for a /24 subnet","description_kind":"plain","computed":true},"updated_at":{"type":"string","description":"The date and time of the last update of the subnet","description_kind":"plain","computed":true}},"description":"The IPv4 subnet associated with the private network","description_kind":"plain"},"max_items":1},"ipv6_subnets":{"nesting_mode":"set","block":{"attributes":{"address":{"type":"string","description":"The network address of the subnet in dotted decimal notation, e.g., '192.168.0.0' for a '192.168.0.0/24' subnet","description_kind":"plain","computed":true},"created_at":{"type":"string","description":"The date and time of the creation of the subnet","description_kind":"plain","computed":true},"id":{"type":"string","description":"The subnet ID","description_kind":"plain","computed":true},"prefix_length":{"type":"number","description":"The length of the network prefix, e.g., 24 for a 255.255.255.0 mask","description_kind":"plain","computed":true},"subnet":{"type":"string","description":"The subnet CIDR","description_kind":"plain","optional":true,"computed":true},"subnet_mask":{"type":"string","description":"The subnet mask expressed in dotted decimal notation, e.g., '255.255.255.0' for a /24 subnet","description_kind":"plain","computed":true},"updated_at":{"type":"string","description":"The date and time of the last update of the subnet","description_kind":"plain","computed":true}},"description":"The IPv6 subnet associated with the private network","description_kind":"plain"}}},"description_kind":"plain"}},"scaleway_vpc_public_gateway":{"version":0,"block":{"attributes":{"bastion_enabled":{"type":"bool","description":"Enable SSH bastion on the gateway","description_kind":"plain","optional":true},"bastion_port":{"type":"number","description":"Port of the SSH bastion","description_kind":"plain","optional":true,"computed":true},"created_at":{"type":"string","description":"The date and time of the creation of the public gateway","description_kind":"plain","computed":true},"enable_smtp":{"type":"bool","description":"Enable SMTP on the gateway","description_kind":"plain","optional":true,"computed":true},"id":{"type":"string","description_kind":"plain","optional":true,"computed":true},"ip_id":{"type":"string","description":"attach an existing IP to the gateway","description_kind":"plain","optional":true,"computed":true},"name":{"type":"string","description":"name of the gateway","description_kind":"plain","optional":true,"computed":true},"organization_id":{"type":"string","description":"The organization_id you want to attach the resource to","description_kind":"plain","computed":true},"project_id":{"type":"string","description":"The project_id you want to attach the resource to","description_kind":"plain","optional":true,"computed":true},"refresh_ssh_keys":{"type":"string","description":"Trigger a refresh of the SSH keys for a given Public Gateway by changing this field's value","description_kind":"plain","optional":true},"status":{"type":"string","description":"The status of the public gateway","description_kind":"plain","computed":true},"tags":{"type":["list","string"],"description":"The tags associated with public gateway","description_kind":"plain","optional":true},"type":{"type":"string","description":"gateway type","description_kind":"plain","required":true},"updated_at":{"type":"string","description":"The date and time of the last update of the public gateway","description_kind":"plain","computed":true},"upstream_dns_servers":{"type":["list","string"],"description":"override the gateway's default recursive DNS servers, if DNS features are enabled","description_kind":"plain","optional":true},"zone":{"type":"string","description":"The zone you want to attach the resource to","description_kind":"plain","optional":true,"computed":true}},"block_types":{"timeouts":{"nesting_mode":"single","block":{"attributes":{"create":{"type":"string","description_kind":"plain","optional":true},"default":{"type":"string","description_kind":"plain","optional":true},"delete":{"type":"string","description_kind":"plain","optional":true},"read":{"type":"string","description_kind":"plain","optional":true},"update":{"type":"string","description_kind":"plain","optional":true}},"description_kind":"plain"}}},"description_kind":"plain"}},"scaleway_vpc_public_gateway_dhcp":{"version":0,"block":{"attributes":{"address":{"type":"string","description":"The address of the DHCP server. This will be the gateway's address in the private network. Defaults to the first address of the subnet","description_kind":"plain","optional":true,"computed":true},"created_at":{"type":"string","description":"The date and time of the creation of the public gateway.","description_kind":"plain","computed":true},"dns_local_name":{"type":"string","description":"TLD given to hostnames in the Private Network. Allowed characters are `a-z0-9-.`. Defaults to the slugified Private Network name if created along a GatewayNetwork, or else to `priv`.","description_kind":"plain","optional":true,"computed":true},"dns_search":{"type":["list","string"],"description":"Additional DNS search paths.","description_kind":"plain","optional":true,"computed":true},"dns_servers_override":{"type":["list","string"],"description":"Override the DNS server list pushed to DHCP clients, instead of the gateway itself.","description_kind":"plain","optional":true,"computed":true},"enable_dynamic":{"type":"bool","description":"Whether to enable dynamic pooling of IPs. By turning the dynamic pool off, only pre-existing DHCP reservations will be handed out. Defaults to true.","description_kind":"plain","optional":true,"computed":true},"id":{"type":"string","description_kind":"plain","optional":true,"computed":true},"organization_id":{"type":"string","description":"The organization_id you want to attach the resource to","description_kind":"plain","computed":true},"pool_high":{"type":"string","description":"High IP (included) of the dynamic address pool. Defaults to the last address of the subnet.","description_kind":"plain","optional":true,"computed":true},"pool_low":{"type":"string","description":"Low IP (included) of the dynamic address pool. Defaults to the second address of the subnet.","description_kind":"plain","optional":true,"computed":true},"project_id":{"type":"string","description":"The project_id you want to attach the resource to","description_kind":"plain","optional":true,"computed":true},"push_default_route":{"type":"bool","description":"Whether the gateway should push a default route to DHCP clients or only hand out IPs. Defaults to true.","description_kind":"plain","optional":true,"computed":true},"push_dns_server":{"type":"bool","description":"Whether the gateway should push custom DNS servers to clients. This allows for instance hostname -\u003e IP resolution. Defaults to true.","description_kind":"plain","optional":true,"computed":true},"rebind_timer":{"type":"number","description":"After how long, in seconds, a DHCP client will query for a new lease if previous renews fail. Must be 30s lower than `valid_lifetime`. Defaults to 51m (3060s).","description_kind":"plain","optional":true,"computed":true},"renew_timer":{"type":"number","description":"After how long, in seconds, a renew will be attempted. Must be 30s lower than `rebind_timer`. Defaults to 50m (3000s).","description_kind":"plain","optional":true,"computed":true},"subnet":{"type":"string","description":"Subnet for the DHCP server","description_kind":"plain","required":true},"updated_at":{"type":"string","description":"The date and time of the last update of the public gateway.","description_kind":"plain","computed":true},"valid_lifetime":{"type":"number","description":"For how long, in seconds, will DHCP entries will be valid. Defaults to 1h (3600s).","description_kind":"plain","optional":true,"computed":true},"zone":{"type":"string","description":"The zone you want to attach the resource to","description_kind":"plain","optional":true,"computed":true}},"description_kind":"plain"}},"scaleway_vpc_public_gateway_dhcp_reservation":{"version":0,"block":{"attributes":{"created_at":{"type":"string","description":"The configuration creation date.","description_kind":"plain","computed":true},"gateway_network_id":{"type":"string","description":"The ID of the owning GatewayNetwork (UUID format).","description_kind":"plain","required":true},"hostname":{"type":"string","description":"The Hostname of the client machine.","description_kind":"plain","computed":true},"id":{"type":"string","description_kind":"plain","optional":true,"computed":true},"ip_address":{"type":"string","description":"The IP address to give to the machine (IPv4 address).","description_kind":"plain","required":true},"mac_address":{"type":"string","description":"The MAC address to give a static entry to.","description_kind":"plain","required":true},"type":{"type":"string","description":"The reservation type, either static (DHCP reservation) or dynamic (DHCP lease). Possible values are reservation and lease","description_kind":"plain","computed":true},"updated_at":{"type":"string","description":"The configuration last modification date.","description_kind":"plain","computed":true},"zone":{"type":"string","description":"The zone you want to attach the resource to","description_kind":"plain","optional":true,"computed":true}},"block_types":{"timeouts":{"nesting_mode":"single","block":{"attributes":{"create":{"type":"string","description_kind":"plain","optional":true},"default":{"type":"string","description_kind":"plain","optional":true},"delete":{"type":"string","description_kind":"plain","optional":true},"update":{"type":"string","description_kind":"plain","optional":true}},"description_kind":"plain"}}},"description_kind":"plain"}},"scaleway_vpc_public_gateway_ip":{"version":0,"block":{"attributes":{"address":{"type":"string","description":"the IP itself","description_kind":"plain","computed":true},"created_at":{"type":"string","description":"The date and time of the creation of the public gateway IP","description_kind":"plain","computed":true},"id":{"type":"string","description_kind":"plain","optional":true,"computed":true},"organization_id":{"type":"string","description":"The organization_id you want to attach the resource to","description_kind":"plain","computed":true},"project_id":{"type":"string","description":"The project_id you want to attach the resource to","description_kind":"plain","optional":true,"computed":true},"reverse":{"type":"string","description":"reverse domain name for the IP address","description_kind":"plain","optional":true,"computed":true},"tags":{"type":["list","string"],"description":"The tags associated with public gateway IP","description_kind":"plain","optional":true},"updated_at":{"type":"string","description":"The date and time of the last update of the public gateway IP","description_kind":"plain","computed":true},"zone":{"type":"string","description":"The zone you want to attach the resource to","description_kind":"plain","optional":true,"computed":true}},"description_kind":"plain"}},"scaleway_vpc_public_gateway_ip_reverse_dns":{"version":0,"block":{"attributes":{"gateway_ip_id":{"type":"string","description":"The IP ID","description_kind":"plain","required":true},"id":{"type":"string","description_kind":"plain","optional":true,"computed":true},"reverse":{"type":"string","description":"The reverse DNS for this IP","description_kind":"plain","required":true},"zone":{"type":"string","description":"The zone you want to attach the resource to","description_kind":"plain","optional":true,"computed":true}},"block_types":{"timeouts":{"nesting_mode":"single","block":{"attributes":{"create":{"type":"string","description_kind":"plain","optional":true},"default":{"type":"string","description_kind":"plain","optional":true},"update":{"type":"string","description_kind":"plain","optional":true}},"description_kind":"plain"}}},"description_kind":"plain"}},"scaleway_vpc_public_gateway_pat_rule":{"version":0,"block":{"attributes":{"created_at":{"type":"string","description":"The date and time of the creation of the PAT rule","description_kind":"plain","computed":true},"gateway_id":{"type":"string","description":"The ID of the gateway this PAT rule is applied to","description_kind":"plain","required":true},"id":{"type":"string","description_kind":"plain","optional":true,"computed":true},"organization_id":{"type":"string","description":"The organization_id you want to attach the resource to","description_kind":"plain","computed":true},"private_ip":{"type":"string","description":"The private IP used in the PAT rule","description_kind":"plain","required":true},"private_port":{"type":"number","description":"The private port used in the PAT rule","description_kind":"plain","required":true},"protocol":{"type":"string","description":"The protocol used in the PAT rule","description_kind":"plain","optional":true},"public_port":{"type":"number","description":"The public port used in the PAT rule","description_kind":"plain","required":true},"updated_at":{"type":"string","description":"The date and time of the last update of the PAT rule","description_kind":"plain","computed":true},"zone":{"type":"string","description":"The zone you want to attach the resource to","description_kind":"plain","optional":true,"computed":true}},"block_types":{"timeouts":{"nesting_mode":"single","block":{"attributes":{"create":{"type":"string","description_kind":"plain","optional":true},"default":{"type":"string","description_kind":"plain","optional":true},"delete":{"type":"string","description_kind":"plain","optional":true},"update":{"type":"string","description_kind":"plain","optional":true}},"description_kind":"plain"}}},"description_kind":"plain"}},"scaleway_vpc_route":{"version":0,"block":{"attributes":{"created_at":{"type":"string","description":"The date and time of the creation of the route","description_kind":"plain","computed":true},"description":{"type":"string","description":"The route description","description_kind":"plain","optional":true},"destination":{"type":"string","description":"The destination IP or IP range of the route","description_kind":"plain","optional":true},"id":{"type":"string","description_kind":"plain","optional":true,"computed":true},"nexthop_private_network_id":{"type":"string","description":"The ID of the nexthop private network","description_kind":"plain","optional":true},"nexthop_resource_id":{"type":"string","description":"The ID of the nexthop resource","description_kind":"plain","optional":true},"region":{"type":"string","description":"The region you want to attach the resource to","description_kind":"plain","optional":true,"computed":true},"tags":{"type":["list","string"],"description":"The tags associated with the Route","description_kind":"plain","optional":true},"updated_at":{"type":"string","description":"The date and time of the last update of the route","description_kind":"plain","computed":true},"vpc_id":{"type":"string","description":"VPC ID the Route belongs to","description_kind":"plain","required":true}},"description_kind":"plain"}},"scaleway_webhosting":{"version":0,"block":{"attributes":{"cpanel_urls":{"type":["list",["object",{"dashboard":"string","webmail":"string"}]],"description":"URL to connect to cPanel Dashboard and to Webmail interface","description_kind":"plain","computed":true},"created_at":{"type":"string","description":"IsDate and time of hosting's creation (RFC 3339 format)","description_kind":"plain","computed":true},"dns_status":{"type":"string","description":"DNS status of the hosting","description_kind":"plain","computed":true},"domain":{"type":"string","description":"The domain name of the hosting","description_kind":"plain","required":true},"email":{"type":"string","description":"Contact email of the client for the hosting","description_kind":"plain","required":true},"id":{"type":"string","description_kind":"plain","optional":true,"computed":true},"offer_id":{"type":"string","description":"The ID of the selected offer for the hosting","description_kind":"plain","required":true},"offer_name":{"type":"string","description":"Name of the active offer","description_kind":"plain","computed":true},"option_ids":{"type":["list","string"],"description":"IDs of the selected options for the hosting","description_kind":"plain","optional":true},"options":{"type":["list",["object",{"id":"string","name":"string"}]],"description":"Active options of the hosting","description_kind":"plain","computed":true},"organization_id":{"type":"string","description":"The organization_id you want to attach the resource to","description_kind":"plain","computed":true},"platform_hostname":{"type":"string","description":"Hostname of the host platform","description_kind":"plain","computed":true},"platform_number":{"type":"number","description":"Number of the host platform","description_kind":"plain","computed":true},"project_id":{"type":"string","description":"The project_id you want to attach the resource to","description_kind":"plain","optional":true,"computed":true},"region":{"type":"string","description":"The region you want to attach the resource to","description_kind":"plain","optional":true,"computed":true},"status":{"type":"string","description":"The hosting status","description_kind":"plain","computed":true},"tags":{"type":["list","string"],"description":"The tags of the hosting","description_kind":"plain","optional":true,"computed":true},"updated_at":{"type":"string","description":"IsDate and time of hosting's last update (RFC 3339 format)","description_kind":"plain","computed":true},"username":{"type":"string","description":"Main hosting cPanel username","description_kind":"plain","computed":true}},"block_types":{"timeouts":{"nesting_mode":"single","block":{"attributes":{"create":{"type":"string","description_kind":"plain","optional":true},"default":{"type":"string","description_kind":"plain","optional":true},"delete":{"type":"string","description_kind":"plain","optional":true},"read":{"type":"string","description_kind":"plain","optional":true}},"description_kind":"plain"}}},"description_kind":"plain"}}},"data_source_schemas":{"scaleway_account_project":{"version":0,"block":{"attributes":{"created_at":{"type":"string","description":"The date and time of the creation of the Project (Format ISO 8601)","description_kind":"plain","computed":true},"description":{"type":"string","description":"Description of the project","description_kind":"plain","computed":true},"id":{"type":"string","description_kind":"plain","optional":true,"computed":true},"name":{"type":"string","description":"The name of the project","description_kind":"plain","optional":true},"organization_id":{"type":"string","description":"The organization_id you want to attach the resource to","description_kind":"plain","optional":true},"project_id":{"type":"string","description":"The ID of the SSH key","description_kind":"plain","optional":true,"computed":true},"updated_at":{"type":"string","description":"The date and time of the last update of the Project (Format ISO 8601)","description_kind":"plain","computed":true}},"description_kind":"plain"}},"scaleway_account_ssh_key":{"version":0,"block":{"attributes":{"created_at":{"type":"string","description":"The date and time of the creation of the iam SSH Key","description_kind":"plain","computed":true},"disabled":{"type":"bool","description":"The SSH key status","description_kind":"plain","computed":true},"fingerprint":{"type":"string","description":"The fingerprint of the iam SSH key","description_kind":"plain","computed":true},"id":{"type":"string","description_kind":"plain","optional":true,"computed":true},"name":{"type":"string","description":"The name of the iam SSH key","description_kind":"plain","optional":true},"organization_id":{"type":"string","description":"The organization_id you want to attach the resource to","description_kind":"plain","computed":true},"project_id":{"type":"string","description":"The project_id you want to attach the resource to","description_kind":"plain","optional":true},"public_key":{"type":"string","description":"The public SSH key","description_kind":"plain","computed":true},"ssh_key_id":{"type":"string","description":"The ID of the SSH key","description_kind":"plain","optional":true},"updated_at":{"type":"string","description":"The date and time of the last update of the iam SSH Key","description_kind":"plain","computed":true}},"description_kind":"plain"}},"scaleway_availability_zones":{"version":0,"block":{"attributes":{"id":{"type":"string","description_kind":"plain","optional":true,"computed":true},"region":{"type":"string","description":"Region is represented as a Geographical area such as France","description_kind":"plain","optional":true},"zones":{"type":["list","string"],"description":"Availability Zones (AZ)","description_kind":"plain","computed":true}},"block_types":{"timeouts":{"nesting_mode":"single","block":{"attributes":{"read":{"type":"string","description_kind":"plain","optional":true}},"description_kind":"plain"}}},"description_kind":"plain"}},"scaleway_baremetal_offer":{"version":0,"block":{"attributes":{"bandwidth":{"type":"number","description":"Available Bandwidth with the offer","description_kind":"plain","computed":true},"commercial_range":{"type":"string","description":"Commercial range of the offer","description_kind":"plain","computed":true},"cpu":{"type":["list",["object",{"core_count":"number","frequency":"number","name":"string","thread_count":"number"}]],"description":"CPU specifications of the offer","description_kind":"plain","computed":true},"disk":{"type":["list",["object",{"capacity":"number","type":"string"}]],"description":"Disk specifications of the offer","description_kind":"plain","computed":true},"id":{"type":"string","description_kind":"plain","optional":true,"computed":true},"include_disabled":{"type":"bool","description":"Include disabled offers","description_kind":"plain","optional":true},"memory":{"type":["list",["object",{"capacity":"number","frequency":"number","is_ecc":"bool","type":"string"}]],"description":"Memory specifications of the offer","description_kind":"plain","computed":true},"name":{"type":"string","description":"Exact name of the desired offer","description_kind":"plain","optional":true},"offer_id":{"type":"string","description":"ID of the desired offer","description_kind":"plain","optional":true},"stock":{"type":"string","description":"Stock status for this offer","description_kind":"plain","computed":true},"subscription_period":{"type":"string","description":"Period of subscription the desired offer","description_kind":"plain","optional":true},"zone":{"type":"string","description":"The zone you want to attach the resource to","description_kind":"plain","optional":true,"computed":true}},"description_kind":"plain"}},"scaleway_baremetal_option":{"version":0,"block":{"attributes":{"id":{"type":"string","description_kind":"plain","optional":true,"computed":true},"manageable":{"type":"bool","description":"Is false if the option could not be added or removed","description_kind":"plain","computed":true},"name":{"type":"string","description":"Exact label of the desired option","description_kind":"plain","optional":true},"option_id":{"type":"string","description":"The ID of the option","description_kind":"plain","optional":true},"zone":{"type":"string","description":"The zone you want to attach the resource to","description_kind":"plain","optional":true,"computed":true}},"description_kind":"plain"}},"scaleway_baremetal_os":{"version":0,"block":{"attributes":{"id":{"type":"string","description_kind":"plain","optional":true,"computed":true},"name":{"type":"string","description":"Exact label of the desired image","description_kind":"plain","optional":true},"os_id":{"type":"string","description":"The ID of the os","description_kind":"plain","optional":true},"version":{"type":"string","description":"Version string of the desired OS","description_kind":"plain","optional":true},"zone":{"type":"string","description":"The zone you want to attach the resource to","description_kind":"plain","optional":true,"computed":true}},"description_kind":"plain"}},"scaleway_baremetal_server":{"version":0,"block":{"attributes":{"description":{"type":"string","description":"Some description to associate to the server, max 255 characters","description_kind":"plain","computed":true},"domain":{"type":"string","description_kind":"plain","computed":true},"hostname":{"type":"string","description":"Hostname of the server","description_kind":"plain","computed":true},"id":{"type":"string","description_kind":"plain","optional":true,"computed":true},"install_config_afterward":{"type":"bool","description":"If True, this boolean allows to create a server without the install config if you want to provide it later","description_kind":"plain","computed":true},"ips":{"type":["list",["object",{"address":"string","id":"string","reverse":"string","version":"string"}]],"description":"IP addresses attached to the server.","description_kind":"plain","computed":true},"ipv4":{"type":["list",["object",{"address":"string","id":"string","reverse":"string","version":"string"}]],"description":"IPv4 addresses attached to the server","description_kind":"plain","computed":true},"ipv6":{"type":["list",["object",{"address":"string","id":"string","reverse":"string","version":"string"}]],"description":"IPv6 addresses attached to the server","description_kind":"plain","computed":true},"name":{"type":"string","description":"Name of the server","description_kind":"plain","optional":true},"offer":{"type":"string","description":"ID or name of the server offer","description_kind":"plain","computed":true},"offer_id":{"type":"string","description":"ID of the server offer","description_kind":"plain","computed":true},"offer_name":{"type":"string","description":"Name of the server offer","description_kind":"plain","computed":true},"options":{"type":["set",["object",{"expires_at":"string","id":"string","name":"string"}]],"description":"The options to enable on server","description_kind":"plain","computed":true},"organization_id":{"type":"string","description":"The organization_id you want to attach the resource to","description_kind":"plain","computed":true},"os":{"type":"string","description":"The base image of the server","description_kind":"plain","computed":true},"os_name":{"type":"string","description":"The base image name of the server","description_kind":"plain","computed":true},"password":{"type":"string","description":"Password used for the installation.","description_kind":"plain","computed":true},"private_network":{"type":["set",["object",{"created_at":"string","id":"string","status":"string","updated_at":"string","vlan":"number"}]],"description":"The private networks to attach to the server","description_kind":"plain","computed":true},"project_id":{"type":"string","description":"The project_id you want to attach the resource to","description_kind":"plain","optional":true},"reinstall_on_config_changes":{"type":"bool","description":"If True, this boolean allows to reinstall the server on SSH key IDs, user or password changes","description_kind":"plain","computed":true},"server_id":{"type":"string","description":"The ID of the server","description_kind":"plain","optional":true},"service_password":{"type":"string","description":"Password used for the service to install.","description_kind":"plain","computed":true},"service_user":{"type":"string","description":"User used for the service to install.","description_kind":"plain","computed":true},"ssh_key_ids":{"type":["list","string"],"description":"Array of SSH key IDs allowed to SSH to the server\n\n**NOTE** : If you are attempting to update your SSH key IDs, it will induce the reinstall of your server. \nIf this behaviour is wanted, please set 'reinstall_on_ssh_key_changes' argument to true.","description_kind":"plain","computed":true},"tags":{"type":["list","string"],"description":"Array of tags to associate with the server","description_kind":"plain","computed":true},"user":{"type":"string","description":"User used for the installation.","description_kind":"plain","computed":true},"zone":{"type":"string","description":"The zone you want to attach the resource to","description_kind":"plain","optional":true}},"description_kind":"plain"}},"scaleway_billing_consumptions":{"version":0,"block":{"attributes":{"consumptions":{"type":["list",["object",{"billed_quantity":"string","category_name":"string","product_name":"string","project_id":"string","sku":"string","unit":"string","value":"string"}]],"description_kind":"plain","computed":true},"id":{"type":"string","description_kind":"plain","optional":true,"computed":true},"organization_id":{"type":"string","description":"The organization_id you want to attach the resource to","description_kind":"plain","computed":true},"project_id":{"type":"string","description":"The project_id you want to attach the resource to","description_kind":"plain","optional":true,"computed":true},"updated_at":{"type":"string","description_kind":"plain","computed":true}},"description_kind":"plain"}},"scaleway_billing_invoices":{"version":0,"block":{"attributes":{"id":{"type":"string","description_kind":"plain","optional":true,"computed":true},"invoice_type":{"type":"string","description":"The invoice type. It can either be `periodic` or `purchase`","description_kind":"plain","optional":true},"invoices":{"type":["list",["object",{"billing_period":"string","due_date":"string","id":"string","invoice_type":"string","issued_date":"string","number":"number","organization_name":"string","seller_name":"string","start_date":"string","state":"string","stop_date":"string","total_discount":"string","total_tax":"string","total_taxed":"string","total_undiscount":"string","total_untaxed":"string"}]],"description_kind":"plain","computed":true},"organization_id":{"type":"string","description":"The organization_id you want to attach the resource to","description_kind":"plain","computed":true},"started_after":{"type":"string","description":"Invoice's start date is greater or equal to `started_after`","description_kind":"plain","optional":true},"started_before":{"type":"string","description":"Invoice's start date precedes `started_before`","description_kind":"plain","optional":true}},"description_kind":"plain"}},"scaleway_block_snapshot":{"version":0,"block":{"attributes":{"id":{"type":"string","description_kind":"plain","optional":true,"computed":true},"name":{"type":"string","description":"The snapshot name","description_kind":"plain","optional":true},"project_id":{"type":"string","description":"The project_id you want to attach the resource to","description_kind":"plain","optional":true},"snapshot_id":{"type":"string","description":"The ID of the snapshot","description_kind":"plain","optional":true},"tags":{"type":["list","string"],"description":"The tags associated with the snapshot","description_kind":"plain","computed":true},"volume_id":{"type":"string","description":"ID of the volume from which creates a snapshot","description_kind":"plain","optional":true},"zone":{"type":"string","description":"The zone you want to attach the resource to","description_kind":"plain","optional":true}},"description_kind":"plain"}},"scaleway_block_volume":{"version":0,"block":{"attributes":{"id":{"type":"string","description_kind":"plain","optional":true,"computed":true},"iops":{"type":"number","description":"The maximum IO/s expected, must match available options","description_kind":"plain","computed":true},"name":{"type":"string","description":"The volume name","description_kind":"plain","optional":true},"project_id":{"type":"string","description":"The project_id you want to attach the resource to","description_kind":"plain","optional":true},"size_in_gb":{"type":"number","description":"The volume size in GB","description_kind":"plain","computed":true},"snapshot_id":{"type":"string","description":"The snapshot to create the volume from","description_kind":"plain","computed":true},"tags":{"type":["list","string"],"description":"The tags associated with the volume","description_kind":"plain","computed":true},"volume_id":{"type":"string","description":"The ID of the volume","description_kind":"plain","optional":true},"zone":{"type":"string","description":"The zone you want to attach the resource to","description_kind":"plain","optional":true}},"description_kind":"plain"}},"scaleway_cockpit":{"version":0,"block":{"attributes":{"endpoints":{"type":["list",["object",{"alertmanager_url":"string","grafana_url":"string","logs_url":"string","metrics_url":"string","traces_url":"string"}]],"description":"Endpoints","description_kind":"plain","computed":true},"id":{"type":"string","description_kind":"plain","optional":true,"computed":true},"plan":{"type":"string","description":"The current plan of the cockpit project","description_kind":"plain","computed":true},"plan_id":{"type":"string","description":"The plan ID of the cockpit","description_kind":"plain","computed":true},"project_id":{"type":"string","description":"The project_id you want to attach the resource to","description_kind":"plain","optional":true},"push_url":{"type":["list",["object",{"push_logs_url":"string","push_metrics_url":"string"}]],"description":"Push_url","description_kind":"plain","computed":true}},"description_kind":"plain","deprecated":true}},"scaleway_cockpit_plan":{"version":0,"block":{"attributes":{"id":{"type":"string","description_kind":"plain","optional":true,"computed":true},"name":{"type":"string","description":"The name of the plan","description_kind":"plain","required":true}},"description_kind":"plain","deprecated":true}},"scaleway_config":{"version":0,"block":{"attributes":{"access_key":{"type":"string","description_kind":"plain","computed":true},"access_key_source":{"type":"string","description_kind":"plain","computed":true},"id":{"type":"string","description_kind":"plain","optional":true,"computed":true},"project_id":{"type":"string","description_kind":"plain","computed":true},"project_id_source":{"type":"string","description_kind":"plain","computed":true},"region":{"type":"string","description_kind":"plain","computed":true},"region_source":{"type":"string","description_kind":"plain","computed":true},"secret_key":{"type":"string","description_kind":"plain","computed":true,"sensitive":true},"secret_key_source":{"type":"string","description_kind":"plain","computed":true},"zone":{"type":"string","description_kind":"plain","computed":true},"zone_source":{"type":"string","description_kind":"plain","computed":true}},"description_kind":"plain"}},"scaleway_container":{"version":0,"block":{"attributes":{"container_id":{"type":"string","description":"The ID of the Container","description_kind":"plain","optional":true},"cpu_limit":{"type":"number","description":"The amount of vCPU computing resources to allocate to each container. Defaults to 70.","description_kind":"plain","computed":true},"cron_status":{"type":"string","description":"The cron status","description_kind":"plain","computed":true},"deploy":{"type":"bool","description":"This allows you to control your production environment","description_kind":"plain","computed":true},"description":{"type":"string","description":"The container description","description_kind":"plain","computed":true},"domain_name":{"type":"string","description":"The native container domain name.","description_kind":"plain","computed":true},"environment_variables":{"type":["map","string"],"description":"The environment variables to be injected into your container at runtime.","description_kind":"plain","computed":true},"error_message":{"type":"string","description":"The error description","description_kind":"plain","computed":true},"http_option":{"type":"string","description":"HTTP traffic configuration","description_kind":"plain","computed":true},"id":{"type":"string","description_kind":"plain","optional":true,"computed":true},"max_concurrency":{"type":"number","description":"The maximum the number of simultaneous requests your container can handle at the same time.","description_kind":"plain","computed":true},"max_scale":{"type":"number","description":"The maximum of number of instances this container can scale to.","description_kind":"plain","computed":true},"memory_limit":{"type":"number","description":"The memory computing resources in MB to allocate to each container.","description_kind":"plain","computed":true},"min_scale":{"type":"number","description":"The minimum of running container instances continuously.","description_kind":"plain","computed":true},"name":{"type":"string","description":"The container name","description_kind":"plain","optional":true},"namespace_id":{"type":"string","description":"The ID of the Container namespace","description_kind":"plain","required":true},"port":{"type":"number","description":"The port to expose the container.","description_kind":"plain","computed":true},"privacy":{"type":"string","description":"The privacy type define the way to authenticate to your container","description_kind":"plain","computed":true},"project_id":{"type":"string","description":"The ID of the project to filter the Container","description_kind":"plain","optional":true},"protocol":{"type":"string","description":"The communication protocol http1 or h2c. Defaults to http1.","description_kind":"plain","computed":true},"region":{"type":"string","description":"The region you want to attach the resource to","description_kind":"plain","optional":true},"registry_image":{"type":"string","description":"The scaleway registry image address","description_kind":"plain","computed":true},"registry_sha256":{"type":"string","description":"The sha256 of your source registry image, changing it will re-apply the deployment. Can be any string","description_kind":"plain","computed":true},"sandbox":{"type":"string","description":"Execution environment of the container.","description_kind":"plain","computed":true},"secret_environment_variables":{"type":["map","string"],"description":"The secret environment variables to be injected into your container at runtime.","description_kind":"plain","computed":true},"status":{"type":"string","description":"The container status","description_kind":"plain","computed":true},"timeout":{"type":"number","description":"The maximum amount of time in seconds during which your container can process a request before we stop it. Defaults to 300s.","description_kind":"plain","computed":true}},"description_kind":"plain"}},"scaleway_container_namespace":{"version":0,"block":{"attributes":{"description":{"type":"string","description":"The description of the container namespace","description_kind":"plain","computed":true},"destroy_registry":{"type":"bool","description":"Destroy registry on deletion","description_kind":"plain","computed":true},"environment_variables":{"type":["map","string"],"description":"The environment variables of the container namespace","description_kind":"plain","computed":true},"id":{"type":"string","description_kind":"plain","optional":true,"computed":true},"name":{"type":"string","description":"The name of the container namespace","description_kind":"plain","optional":true},"namespace_id":{"type":"string","description":"The ID of the Container namespace","description_kind":"plain","optional":true},"organization_id":{"type":"string","description":"The organization_id you want to attach the resource to","description_kind":"plain","computed":true},"project_id":{"type":"string","description":"The project_id you want to attach the resource to","description_kind":"plain","optional":true},"region":{"type":"string","description":"The region you want to attach the resource to","description_kind":"plain","optional":true},"registry_endpoint":{"type":"string","description":"The endpoint reachable by docker","description_kind":"plain","computed":true},"registry_namespace_id":{"type":"string","description":"The ID of the registry namespace","description_kind":"plain","computed":true},"secret_environment_variables":{"type":["map","string"],"description":"The secret environment variables of the container namespace","description_kind":"plain","computed":true}},"description_kind":"plain"}},"scaleway_domain_record":{"version":0,"block":{"attributes":{"data":{"type":"string","description":"The data of the record","description_kind":"plain","optional":true},"dns_zone":{"type":"string","description":"The zone you want to add the record in","description_kind":"plain","optional":true},"fqdn":{"type":"string","description":"The FQDN of the record","description_kind":"plain","computed":true},"geo_ip":{"type":["list",["object",{"matches":["list",["object",{"continents":["list","string"],"countries":["list","string"],"data":"string"}]]}]],"description":"Return record based on client localisation","description_kind":"plain","computed":true},"http_service":{"type":["list",["object",{"ips":["list","string"],"must_contain":"string","strategy":"string","url":"string","user_agent":"string"}]],"description":"Return record based on client localisation","description_kind":"plain","computed":true},"id":{"type":"string","description_kind":"plain","optional":true,"computed":true},"keep_empty_zone":{"type":"bool","description":"When destroy a resource record, if a zone have only NS, delete the zone","description_kind":"plain","computed":true},"name":{"type":"string","description":"The name of the record","description_kind":"plain","optional":true},"priority":{"type":"number","description":"The priority of the record","description_kind":"plain","computed":true},"project_id":{"type":"string","description":"The project_id you want to attach the resource to","description_kind":"plain","optional":true},"record_id":{"type":"string","description":"The ID of the record","description_kind":"plain","optional":true},"root_zone":{"type":"bool","description":"Does the DNS zone is the root zone or not","description_kind":"plain","computed":true},"ttl":{"type":"number","description":"The ttl of the record","description_kind":"plain","computed":true},"type":{"type":"string","description":"The type of the record","description_kind":"plain","optional":true},"view":{"type":["list",["object",{"data":"string","subnet":"string"}]],"description":"Return record based on client subnet","description_kind":"plain","computed":true},"weighted":{"type":["list",["object",{"ip":"string","weight":"number"}]],"description":"Return record based on weight","description_kind":"plain","computed":true}},"description_kind":"plain"}},"scaleway_domain_zone":{"version":0,"block":{"attributes":{"domain":{"type":"string","description":"The domain where the DNS zone will be created.","description_kind":"plain","optional":true},"id":{"type":"string","description_kind":"plain","optional":true,"computed":true},"message":{"type":"string","description":"Message","description_kind":"plain","computed":true},"ns":{"type":["list","string"],"description":"NameServer list for zone.","description_kind":"plain","computed":true},"ns_default":{"type":["list","string"],"description":"NameServer default list for zone.","description_kind":"plain","computed":true},"ns_master":{"type":["list","string"],"description":"NameServer master list for zone.","description_kind":"plain","computed":true},"project_id":{"type":"string","description":"The project_id you want to attach the resource to","description_kind":"plain","computed":true},"status":{"type":"string","description":"The domain zone status.","description_kind":"plain","computed":true},"subdomain":{"type":"string","description":"The subdomain of the DNS zone to create.","description_kind":"plain","optional":true},"updated_at":{"type":"string","description":"The date and time of the last update of the DNS zone.","description_kind":"plain","computed":true}},"description_kind":"plain"}},"scaleway_flexible_ip":{"version":0,"block":{"attributes":{"created_at":{"type":"string","description":"The date and time of the creation of the Flexible IP (Format ISO 8601)","description_kind":"plain","computed":true},"description":{"type":"string","description":"Description of the flexible IP","description_kind":"plain","computed":true},"flexible_ip_id":{"type":"string","description":"The ID of the IPv4 address","description_kind":"plain","optional":true},"id":{"type":"string","description_kind":"plain","optional":true,"computed":true},"ip_address":{"type":"string","description":"The IPv4 address","description_kind":"plain","optional":true},"is_ipv6":{"type":"bool","description":"Defines whether the flexible IP has an IPv6 address","description_kind":"plain","computed":true},"organization_id":{"type":"string","description":"The organization_id you want to attach the resource to","description_kind":"plain","computed":true},"project_id":{"type":"string","description":"The project_id you want to attach the resource to","description_kind":"plain","optional":true,"computed":true},"reverse":{"type":"string","description":"The reverse DNS for this flexible IP","description_kind":"plain","computed":true},"server_id":{"type":"string","description":"The baremetal server associated with this flexible IP","description_kind":"plain","computed":true},"status":{"type":"string","description":"The status of the flexible IP","description_kind":"plain","computed":true},"tags":{"type":["list","string"],"description":"The tags associated with the flexible IP","description_kind":"plain","computed":true},"updated_at":{"type":"string","description":"The date and time of the last update of the Flexible IP (Format ISO 8601)","description_kind":"plain","computed":true},"zone":{"type":"string","description":"The zone you want to attach the resource to","description_kind":"plain","computed":true}},"description_kind":"plain"}},"scaleway_flexible_ips":{"version":0,"block":{"attributes":{"id":{"type":"string","description_kind":"plain","optional":true,"computed":true},"ips":{"type":["list",["object",{"created_at":"string","description":"string","id":"string","ip_address":"string","mac_address":["list",["object",{"created_at":"string","id":"string","mac_address":"string","mac_type":"string","status":"string","updated_at":"string","zone":"string"}]],"organization_id":"string","project_id":"string","reverse":"string","status":"string","tags":["list","string"],"updated_at":"string","zone":"string"}]],"description_kind":"plain","computed":true},"organization_id":{"type":"string","description":"The organization_id you want to attach the resource to","description_kind":"plain","computed":true},"project_id":{"type":"string","description":"The project_id you want to attach the resource to","description_kind":"plain","optional":true,"computed":true},"server_ids":{"type":["list","string"],"description":"Flexible IPs that are attached to these server IDs are listed","description_kind":"plain","optional":true},"tags":{"type":["list","string"],"description":"Flexible IPs with these exact tags are listed","description_kind":"plain","optional":true},"zone":{"type":"string","description":"The zone you want to attach the resource to","description_kind":"plain","optional":true,"computed":true}},"description_kind":"plain"}},"scaleway_function":{"version":0,"block":{"attributes":{"cpu_limit":{"type":"number","description":"CPU limit in mCPU for your function","description_kind":"plain","computed":true},"deploy":{"type":"bool","description":"Define if the function should be deployed, terraform will wait for function to be deployed","description_kind":"plain","computed":true},"description":{"type":"string","description":"The description of the function","description_kind":"plain","computed":true},"domain_name":{"type":"string","description":"The native function domain name.","description_kind":"plain","computed":true},"environment_variables":{"type":["map","string"],"description":"The environment variables of the function","description_kind":"plain","computed":true},"function_id":{"type":"string","description":"The ID of the function","description_kind":"plain","optional":true},"handler":{"type":"string","description":"Handler of the function. Depends on the runtime https://developers.scaleway.com/en/products/functions/api/#create-a-function","description_kind":"plain","computed":true},"http_option":{"type":"string","description":"HTTP traffic configuration","description_kind":"plain","computed":true},"id":{"type":"string","description_kind":"plain","optional":true,"computed":true},"max_scale":{"type":"number","description":"Maximum replicas for your function (defaults to 20), our system will scale your functions automatically based on incoming workload, but will never scale the number of replicas above the configured max_scale.","description_kind":"plain","computed":true},"memory_limit":{"type":"number","description":"Memory limit in MB for your function, defaults to 256MB","description_kind":"plain","computed":true},"min_scale":{"type":"number","description":"Minimum replicas for your function, defaults to 0, Note that a function is billed when it gets executed, and using a min_scale greater than 0 will cause your function to run all the time.","description_kind":"plain","computed":true},"name":{"type":"string","description":"The name of the function","description_kind":"plain","optional":true},"namespace_id":{"type":"string","description":"The namespace ID associated with this function","description_kind":"plain","required":true},"organization_id":{"type":"string","description":"The organization_id you want to attach the resource to","description_kind":"plain","computed":true},"privacy":{"type":"string","description":"Privacy of the function. Can be either `private` or `public`","description_kind":"plain","computed":true},"project_id":{"type":"string","description":"The project_id you want to attach the resource to","description_kind":"plain","optional":true},"region":{"type":"string","description":"The region you want to attach the resource to","description_kind":"plain","optional":true},"runtime":{"type":"string","description":"Runtime of the function","description_kind":"plain","computed":true},"sandbox":{"type":"string","description":"Execution environment of the function.","description_kind":"plain","computed":true},"secret_environment_variables":{"type":["map","string"],"description":"The secret environment variables to be injected into your function at runtime.","description_kind":"plain","computed":true},"timeout":{"type":"number","description":"Holds the max duration (in seconds) the function is allowed for responding to a request","description_kind":"plain","computed":true},"zip_file":{"type":"string","description":"Location of the zip file to upload containing your function sources","description_kind":"plain","computed":true},"zip_hash":{"type":"string","description":"The hash of your source zip file, changing it will re-apply function. Can be any string","description_kind":"plain","computed":true}},"description_kind":"plain"}},"scaleway_function_namespace":{"version":0,"block":{"attributes":{"description":{"type":"string","description":"The description of the function namespace","description_kind":"plain","computed":true},"environment_variables":{"type":["map","string"],"description":"The environment variables of the function namespace","description_kind":"plain","computed":true},"id":{"type":"string","description_kind":"plain","optional":true,"computed":true},"name":{"type":"string","description":"The name of the function namespace","description_kind":"plain","optional":true},"namespace_id":{"type":"string","description":"The ID of the function namespace","description_kind":"plain","optional":true},"organization_id":{"type":"string","description":"The organization_id you want to attach the resource to","description_kind":"plain","computed":true},"project_id":{"type":"string","description":"The project_id you want to attach the resource to","description_kind":"plain","optional":true},"region":{"type":"string","description":"The region you want to attach the resource to","description_kind":"plain","optional":true},"registry_endpoint":{"type":"string","description":"The endpoint reachable by docker","description_kind":"plain","computed":true},"registry_namespace_id":{"type":"string","description":"The ID of the registry namespace","description_kind":"plain","computed":true},"secret_environment_variables":{"type":["map","string"],"description":"The environment variables of the function namespace","description_kind":"plain","computed":true}},"description_kind":"plain"}},"scaleway_iam_api_key":{"version":0,"block":{"attributes":{"access_key":{"type":"string","description":"The access key of the iam api key","description_kind":"plain","required":true},"application_id":{"type":"string","description":"ID of the application attached to the api key","description_kind":"plain","computed":true},"created_at":{"type":"string","description":"The date and time of the creation of the iam api key","description_kind":"plain","computed":true},"creation_ip":{"type":"string","description":"The IPv4 Address of the device which created the API key","description_kind":"plain","computed":true},"default_project_id":{"type":"string","description":"The project_id you want to attach the resource to","description_kind":"plain","computed":true},"description":{"type":"string","description":"The description of the iam api key","description_kind":"plain","computed":true},"editable":{"type":"bool","description":"Whether or not the iam api key is editable","description_kind":"plain","computed":true},"expires_at":{"type":"string","description":"The date and time of the expiration of the iam api key. Cannot be changed afterwards","description_kind":"plain","computed":true},"id":{"type":"string","description_kind":"plain","optional":true,"computed":true},"updated_at":{"type":"string","description":"The date and time of the last update of the iam api key","description_kind":"plain","computed":true},"user_id":{"type":"string","description":"ID of the user attached to the api key","description_kind":"plain","computed":true}},"description_kind":"plain"}},"scaleway_iam_application":{"version":0,"block":{"attributes":{"application_id":{"type":"string","description":"The ID of the IAM application","description_kind":"plain","optional":true},"created_at":{"type":"string","description":"The date and time of the creation of the application","description_kind":"plain","computed":true},"description":{"type":"string","description":"The description of the iam application","description_kind":"plain","computed":true},"editable":{"type":"bool","description":"Whether or not the application is editable.","description_kind":"plain","computed":true},"id":{"type":"string","description_kind":"plain","optional":true,"computed":true},"name":{"type":"string","description":"The name of the iam application","description_kind":"plain","optional":true},"organization_id":{"type":"string","description":"The organization_id the application is associated to","description_kind":"plain","optional":true},"tags":{"type":["list","string"],"description":"The tags associated with the application","description_kind":"plain","computed":true},"updated_at":{"type":"string","description":"The date and time of the last update of the application","description_kind":"plain","computed":true}},"description_kind":"plain"}},"scaleway_iam_group":{"version":0,"block":{"attributes":{"application_ids":{"type":["set","string"],"description":"List of IDs of the applications attached to the group","description_kind":"plain","computed":true},"created_at":{"type":"string","description":"The date and time of the creation of the group","description_kind":"plain","computed":true},"description":{"type":"string","description":"The description of the iam group","description_kind":"plain","computed":true},"external_membership":{"type":"bool","description":"Handle user and application memberships externally","description_kind":"plain","computed":true},"group_id":{"type":"string","description":"The ID of the IAM group","description_kind":"plain","optional":true},"id":{"type":"string","description_kind":"plain","optional":true,"computed":true},"name":{"type":"string","description":"The name of the iam group","description_kind":"plain","optional":true},"organization_id":{"type":"string","description":"The organization_id you want to attach the resource to","description_kind":"plain","optional":true},"tags":{"type":["list","string"],"description":"The tags associated with the application","description_kind":"plain","computed":true},"updated_at":{"type":"string","description":"The date and time of the last update of the group","description_kind":"plain","computed":true},"user_ids":{"type":["set","string"],"description":"List of IDs of the users attached to the group","description_kind":"plain","computed":true}},"description_kind":"plain"}},"scaleway_iam_ssh_key":{"version":0,"block":{"attributes":{"created_at":{"type":"string","description":"The date and time of the creation of the iam SSH Key","description_kind":"plain","computed":true},"disabled":{"type":"bool","description":"The SSH key status","description_kind":"plain","computed":true},"fingerprint":{"type":"string","description":"The fingerprint of the iam SSH key","description_kind":"plain","computed":true},"id":{"type":"string","description_kind":"plain","optional":true,"computed":true},"name":{"type":"string","description":"The name of the iam SSH key","description_kind":"plain","optional":true},"organization_id":{"type":"string","description":"The organization_id you want to attach the resource to","description_kind":"plain","computed":true},"project_id":{"type":"string","description":"The project_id you want to attach the resource to","description_kind":"plain","optional":true},"public_key":{"type":"string","description":"The public SSH key","description_kind":"plain","computed":true},"ssh_key_id":{"type":"string","description":"The ID of the SSH key","description_kind":"plain","optional":true},"updated_at":{"type":"string","description":"The date and time of the last update of the iam SSH Key","description_kind":"plain","computed":true}},"description_kind":"plain"}},"scaleway_iam_user":{"version":0,"block":{"attributes":{"email":{"type":"string","description":"The email address of the IAM user","description_kind":"plain","optional":true},"id":{"type":"string","description_kind":"plain","optional":true,"computed":true},"organization_id":{"type":"string","description":"The organization_id you want to attach the resource to","description_kind":"plain","optional":true},"user_id":{"type":"string","description":"The ID of the IAM user","description_kind":"plain","optional":true}},"description_kind":"plain"}},"scaleway_instance_image":{"version":0,"block":{"attributes":{"additional_volume_ids":{"type":["list","string"],"description":"The additional volume IDs attached to the image","description_kind":"plain","computed":true},"architecture":{"type":"string","description":"Architecture of the desired image","description_kind":"plain","optional":true},"creation_date":{"type":"string","description":"Date when the image was created","description_kind":"plain","computed":true},"default_bootscript_id":{"type":"string","description":"ID of the bootscript associated with this image","description_kind":"plain","computed":true},"from_server_id":{"type":"string","description":"ID of the server the image is originated from","description_kind":"plain","computed":true},"id":{"type":"string","description_kind":"plain","optional":true,"computed":true},"image_id":{"type":"string","description":"ID of the desired image","description_kind":"plain","optional":true},"latest":{"type":"bool","description":"Select most recent image if multiple match","description_kind":"plain","optional":true},"modification_date":{"type":"string","description":"Date when the image was updated","description_kind":"plain","computed":true},"name":{"type":"string","description":"Exact name of the desired image","description_kind":"plain","optional":true},"organization_id":{"type":"string","description":"The organization_id you want to attach the resource to","description_kind":"plain","computed":true},"project_id":{"type":"string","description":"The project_id you want to attach the resource to","description_kind":"plain","optional":true,"computed":true},"public":{"type":"bool","description":"Indication if the image is public","description_kind":"plain","computed":true},"root_volume_id":{"type":"string","description":"ID of the root volume associated with this image","description_kind":"plain","computed":true},"state":{"type":"string","description":"State of the image","description_kind":"plain","computed":true},"zone":{"type":"string","description":"The zone you want to attach the resource to","description_kind":"plain","optional":true,"computed":true}},"description_kind":"plain"}},"scaleway_instance_ip":{"version":0,"block":{"attributes":{"address":{"type":"string","description":"The IP address","description_kind":"plain","optional":true},"id":{"type":"string","description":"The ID of the IP address","description_kind":"plain","optional":true},"organization_id":{"type":"string","description":"The organization_id you want to attach the resource to","description_kind":"plain","computed":true},"prefix":{"type":"string","description":"The IP prefix","description_kind":"plain","computed":true},"project_id":{"type":"string","description":"The project_id you want to attach the resource to","description_kind":"plain","computed":true},"reverse":{"type":"string","description":"The reverse DNS for this IP","description_kind":"plain","computed":true},"server_id":{"type":"string","description":"The server associated with this IP","description_kind":"plain","computed":true},"tags":{"type":["list","string"],"description":"The tags associated with the ip","description_kind":"plain","computed":true},"type":{"type":"string","description":"The type of instance IP","description_kind":"plain","computed":true},"zone":{"type":"string","description":"The zone you want to attach the resource to","description_kind":"plain","computed":true}},"description_kind":"plain"}},"scaleway_instance_placement_group":{"version":0,"block":{"attributes":{"id":{"type":"string","description_kind":"plain","optional":true,"computed":true},"name":{"type":"string","description":"The name of the placement group","description_kind":"plain","optional":true},"organization_id":{"type":"string","description":"The organization_id you want to attach the resource to","description_kind":"plain","computed":true},"placement_group_id":{"type":"string","description":"The ID of the placementgroup","description_kind":"plain","optional":true},"policy_mode":{"type":"string","description":"One of the two policy_mode may be selected: enforced or optional.","description_kind":"plain","computed":true},"policy_respected":{"type":"bool","description":"Is true when the policy is respected.","description_kind":"plain","computed":true},"policy_type":{"type":"string","description":"The operating mode is selected by a policy_type","description_kind":"plain","computed":true},"project_id":{"type":"string","description":"The project_id you want to attach the resource to","description_kind":"plain","optional":true,"computed":true},"tags":{"type":["list","string"],"description":"The tags associated with the placement group","description_kind":"plain","computed":true},"zone":{"type":"string","description":"The zone you want to attach the resource to","description_kind":"plain","optional":true}},"description_kind":"plain"}},"scaleway_instance_private_nic":{"version":0,"block":{"attributes":{"id":{"type":"string","description_kind":"plain","optional":true,"computed":true},"ip_ids":{"type":["list","string"],"description":"IPAM ip list, should be for internal use only","description_kind":"plain","computed":true},"ipam_ip_ids":{"type":["list","string"],"description":"IPAM IDs of a pre-reserved IP addresses to assign to the Instance in the requested private network","description_kind":"plain","computed":true},"mac_address":{"type":"string","description":"MAC address of the NIC","description_kind":"plain","computed":true},"private_network_id":{"type":"string","description":"The private network ID","description_kind":"plain","optional":true},"private_nic_id":{"type":"string","description":"The ID of the Private NIC","description_kind":"plain","optional":true},"server_id":{"type":"string","description":"The server ID","description_kind":"plain","required":true},"tags":{"type":["list","string"],"description":"The tags associated with the private-nic","description_kind":"plain","optional":true},"zone":{"type":"string","description":"The zone you want to attach the resource to","description_kind":"plain","optional":true}},"description_kind":"plain"}},"scaleway_instance_security_group":{"version":0,"block":{"attributes":{"description":{"type":"string","description":"The description of the security group","description_kind":"plain","computed":true},"enable_default_security":{"type":"bool","description":"Enable blocking of SMTP on IPv4 and IPv6","description_kind":"plain","computed":true},"external_rules":{"type":"bool","description_kind":"plain","computed":true},"id":{"type":"string","description_kind":"plain","optional":true,"computed":true},"inbound_default_policy":{"type":"string","description":"Default inbound traffic policy for this security group","description_kind":"plain","computed":true},"inbound_rule":{"type":["list",["object",{"action":"string","ip":"string","ip_range":"string","port":"number","port_range":"string","protocol":"string"}]],"description":"Inbound rules for this security group","description_kind":"plain","computed":true},"name":{"type":"string","description":"The name of the security group","description_kind":"plain","optional":true},"organization_id":{"type":"string","description":"The organization_id you want to attach the resource to","description_kind":"plain","computed":true},"outbound_default_policy":{"type":"string","description":"Default outbound traffic policy for this security group","description_kind":"plain","computed":true},"outbound_rule":{"type":["list",["object",{"action":"string","ip":"string","ip_range":"string","port":"number","port_range":"string","protocol":"string"}]],"description":"Outbound rules for this security group","description_kind":"plain","computed":true},"project_id":{"type":"string","description":"The project_id you want to attach the resource to","description_kind":"plain","optional":true},"security_group_id":{"type":"string","description":"The ID of the security group","description_kind":"plain","optional":true},"stateful":{"type":"bool","description":"The stateful value of the security group","description_kind":"plain","computed":true},"tags":{"type":["list","string"],"description":"The tags associated with the security group","description_kind":"plain","computed":true},"zone":{"type":"string","description":"The zone you want to attach the resource to","description_kind":"plain","optional":true}},"description_kind":"plain"}},"scaleway_instance_server":{"version":0,"block":{"attributes":{"additional_volume_ids":{"type":["list","string"],"description":"The additional volumes attached to the server","description_kind":"plain","computed":true},"boot_type":{"type":"string","description":"The boot type of the server","description_kind":"plain","computed":true},"bootscript_id":{"type":"string","description":"ID of the target bootscript (set boot_type to bootscript)","description_kind":"plain","computed":true},"cloud_init":{"type":"string","description":"The cloud init script associated with this server","description_kind":"plain","computed":true},"enable_dynamic_ip":{"type":"bool","description":"Enable dynamic IP on the server","description_kind":"plain","computed":true},"enable_ipv6":{"type":"bool","description":"Determines if IPv6 is enabled for the server","description_kind":"plain","computed":true},"id":{"type":"string","description_kind":"plain","optional":true,"computed":true},"image":{"type":"string","description":"The UUID or the label of the base image used by the server","description_kind":"plain","computed":true},"ip_id":{"type":"string","description":"The ID of the reserved IP for the server","description_kind":"plain","computed":true},"ip_ids":{"type":["list","string"],"description_kind":"plain","computed":true},"ipv6_address":{"type":"string","description":"The default public IPv6 address routed to the server.","description_kind":"plain","computed":true},"ipv6_gateway":{"type":"string","description":"The IPv6 gateway address","description_kind":"plain","computed":true},"ipv6_prefix_length":{"type":"number","description":"The IPv6 prefix length routed to the server.","description_kind":"plain","computed":true},"name":{"type":"string","description":"The name of the server","description_kind":"plain","optional":true},"organization_id":{"type":"string","description":"The organization_id you want to attach the resource to","description_kind":"plain","computed":true},"placement_group_id":{"type":"string","description":"The placement group the server is attached to","description_kind":"plain","computed":true},"placement_group_policy_respected":{"type":"bool","description":"True when the placement group policy is respected","description_kind":"plain","computed":true},"private_ip":{"type":"string","description":"The Scaleway internal IP address of the server","description_kind":"plain","computed":true},"private_network":{"type":["list",["object",{"mac_address":"string","pn_id":"string","pnic_id":"string","status":"string","zone":"string"}]],"description":"List of private network to connect with your instanceSDK","description_kind":"plain","computed":true},"project_id":{"type":"string","description":"The project_id you want to attach the resource to","description_kind":"plain","optional":true},"public_ip":{"type":"string","description":"The public IPv4 address of the server","description_kind":"plain","computed":true},"public_ips":{"type":["list",["object",{"address":"string","id":"string"}]],"description":"List of public IPs attached to your instanceSDK","description_kind":"plain","computed":true},"replace_on_type_change":{"type":"bool","description":"Delete and re-create server if type change","description_kind":"plain","computed":true},"root_volume":{"type":["list",["object",{"boot":"bool","delete_on_termination":"bool","name":"string","sbs_iops":"number","size_in_gb":"number","volume_id":"string","volume_type":"string"}]],"description":"Root volume attached to the server on creation","description_kind":"plain","computed":true},"routed_ip_enabled":{"type":"bool","description":"If server supports routed IPs, default to true if public_ips is used","description_kind":"plain","computed":true},"security_group_id":{"type":"string","description":"The security group the server is attached to","description_kind":"plain","computed":true},"server_id":{"type":"string","description":"The ID of the server","description_kind":"plain","optional":true},"state":{"type":"string","description":"The state of the server should be: started, stopped, standby","description_kind":"plain","computed":true},"tags":{"type":["list","string"],"description":"The tags associated with the server","description_kind":"plain","computed":true},"type":{"type":"string","description":"The instanceSDK type of the server","description_kind":"plain","computed":true},"user_data":{"type":["map","string"],"description":"The user data associated with the server","description_kind":"plain","computed":true},"zone":{"type":"string","description":"The zone you want to attach the resource to","description_kind":"plain","optional":true}},"description_kind":"plain"}},"scaleway_instance_servers":{"version":0,"block":{"attributes":{"id":{"type":"string","description_kind":"plain","optional":true,"computed":true},"name":{"type":"string","description":"Servers with a name like it are listed.","description_kind":"plain","optional":true},"organization_id":{"type":"string","description":"The organization_id you want to attach the resource to","description_kind":"plain","computed":true},"project_id":{"type":"string","description":"The project_id you want to attach the resource to","description_kind":"plain","optional":true,"computed":true},"servers":{"type":["list",["object",{"boot_type":"string","bootscript_id":"string","enable_dynamic_ip":"bool","enable_ipv6":"bool","id":"string","image":"string","ipv6_address":"string","ipv6_gateway":"string","ipv6_prefix_length":"number","name":"string","organization_id":"string","placement_group_id":"string","placement_group_policy_respected":"bool","private_ip":"string","project_id":"string","public_ip":"string","public_ips":["list",["object",{"address":"string","id":"string"}]],"routed_ip_enabled":"bool","security_group_id":"string","state":"string","tags":["list","string"],"type":"string","zone":"string"}]],"description_kind":"plain","computed":true},"tags":{"type":["list","string"],"description":"Servers with these exact tags are listed.","description_kind":"plain","optional":true},"zone":{"type":"string","description":"The zone you want to attach the resource to","description_kind":"plain","optional":true,"computed":true}},"description_kind":"plain"}},"scaleway_instance_snapshot":{"version":0,"block":{"attributes":{"created_at":{"type":"string","description":"The date and time of the creation of the snapshot","description_kind":"plain","computed":true},"id":{"type":"string","description_kind":"plain","optional":true,"computed":true},"import":{"type":["list",["object",{"bucket":"string","key":"string"}]],"description":"Import snapshot from a qcow","description_kind":"plain","computed":true},"name":{"type":"string","description":"The name of the snapshot","description_kind":"plain","optional":true},"organization_id":{"type":"string","description":"The organization_id you want to attach the resource to","description_kind":"plain","computed":true},"project_id":{"type":"string","description":"The project_id you want to attach the resource to","description_kind":"plain","optional":true},"size_in_gb":{"type":"number","description":"The size of the snapshot in gigabyte","description_kind":"plain","computed":true},"snapshot_id":{"type":"string","description":"The ID of the snapshot","description_kind":"plain","optional":true},"tags":{"type":["list","string"],"description":"The tags associated with the snapshot","description_kind":"plain","computed":true},"type":{"type":"string","description":"The snapshot's volume type","description_kind":"plain","computed":true},"volume_id":{"type":"string","description":"ID of the volume to take a snapshot from","description_kind":"plain","computed":true},"zone":{"type":"string","description":"The zone you want to attach the resource to","description_kind":"plain","optional":true}},"description_kind":"plain"}},"scaleway_instance_volume":{"version":0,"block":{"attributes":{"from_snapshot_id":{"type":"string","description":"Create a volume based on a image","description_kind":"plain","computed":true},"id":{"type":"string","description_kind":"plain","optional":true,"computed":true},"name":{"type":"string","description":"The name of the volume","description_kind":"plain","optional":true},"organization_id":{"type":"string","description":"The organization_id you want to attach the resource to","description_kind":"plain","computed":true},"project_id":{"type":"string","description":"The project_id you want to attach the resource to","description_kind":"plain","optional":true},"server_id":{"type":"string","description":"The server associated with this volume","description_kind":"plain","computed":true},"size_in_gb":{"type":"number","description":"The size of the volume in gigabyte","description_kind":"plain","computed":true},"tags":{"type":["list","string"],"description":"The tags associated with the volume","description_kind":"plain","computed":true},"type":{"type":"string","description":"The volume type","description_kind":"plain","computed":true},"volume_id":{"type":"string","description":"The ID of the volume","description_kind":"plain","optional":true},"zone":{"type":"string","description":"The zone you want to attach the resource to","description_kind":"plain","optional":true}},"description_kind":"plain"}},"scaleway_iot_device":{"version":0,"block":{"attributes":{"allow_insecure":{"type":"bool","description":"Allow plain and server-authenticated SSL connections in addition to mutually-authenticated ones","description_kind":"plain","computed":true},"allow_multiple_connections":{"type":"bool","description":"Allow multiple connections","description_kind":"plain","computed":true},"certificate":{"type":["list",["object",{"crt":"string","key":"string"}]],"description":"Certificate section of the device","description_kind":"plain","computed":true},"created_at":{"type":"string","description":"The date and time of the creation of the device","description_kind":"plain","computed":true},"description":{"type":"string","description":"The description of the device","description_kind":"plain","computed":true},"device_id":{"type":"string","description":"The ID of the IOT Device","description_kind":"plain","optional":true},"hub_id":{"type":"string","description":"The ID of the hub on which this device will be created","description_kind":"plain","optional":true,"computed":true},"id":{"type":"string","description_kind":"plain","optional":true,"computed":true},"is_connected":{"type":"bool","description":"The MQTT connection status of the device","description_kind":"plain","computed":true},"last_activity_at":{"type":"string","description":"The date and time of last MQTT activity of the device","description_kind":"plain","computed":true},"message_filters":{"type":["list",["object",{"publish":["list",["object",{"policy":"string","topics":["list","string"]}]],"subscribe":["list",["object",{"policy":"string","topics":["list","string"]}]]}]],"description":"Rules to authorize or deny the device to publish/subscribe to specific topics","description_kind":"plain","computed":true},"name":{"type":"string","description":"The name of the device","description_kind":"plain","optional":true},"region":{"type":"string","description":"The region you want to attach the resource to","description_kind":"plain","optional":true},"status":{"type":"string","description":"The status of the device","description_kind":"plain","computed":true},"updated_at":{"type":"string","description":"The date and time of the last update of the device","description_kind":"plain","computed":true}},"description_kind":"plain"}},"scaleway_iot_hub":{"version":0,"block":{"attributes":{"connected_device_count":{"type":"number","description":"The current number of connected devices in the Hub","description_kind":"plain","computed":true},"created_at":{"type":"string","description":"The date and time of the creation of the IoT Hub","description_kind":"plain","computed":true},"device_auto_provisioning":{"type":"bool","description":"Wether to enable the device auto provisioning or not","description_kind":"plain","computed":true},"device_count":{"type":"number","description":"The number of registered devices in the Hub","description_kind":"plain","computed":true},"disable_events":{"type":"bool","description":"Whether to enable the hub events or not","description_kind":"plain","computed":true},"enabled":{"type":"bool","description":"Whether to enable the hub or not","description_kind":"plain","computed":true},"endpoint":{"type":"string","description":"The endpoint to connect the devices to","description_kind":"plain","computed":true},"events_topic_prefix":{"type":"string","description":"Topic prefix for the hub events","description_kind":"plain","computed":true},"hub_ca":{"type":"string","description":"Custom user provided certificate authority","description_kind":"plain","computed":true},"hub_ca_challenge":{"type":"string","description":"Challenge certificate for the user provided hub CA","description_kind":"plain","computed":true},"hub_id":{"type":"string","description":"The ID of the IOT Hub","description_kind":"plain","optional":true},"id":{"type":"string","description_kind":"plain","optional":true,"computed":true},"mqtt_ca":{"type":"string","description":"The MQTT certificat content","description_kind":"plain","computed":true},"mqtt_ca_url":{"type":"string","description":"The url of the MQTT ca","description_kind":"plain","computed":true},"name":{"type":"string","description":"The name of the hub","description_kind":"plain","optional":true},"organization_id":{"type":"string","description":"The organization_id you want to attach the resource to","description_kind":"plain","computed":true},"product_plan":{"type":"string","description":"The product plan of the hub","description_kind":"plain","computed":true},"project_id":{"type":"string","description":"The project_id you want to attach the resource to","description_kind":"plain","optional":true},"region":{"type":"string","description":"The region you want to attach the resource to","description_kind":"plain","optional":true},"status":{"type":"string","description":"The status of the hub","description_kind":"plain","computed":true},"updated_at":{"type":"string","description":"The date and time of the last update of the IoT Hub","description_kind":"plain","computed":true}},"description_kind":"plain"}},"scaleway_ipam_ip":{"version":0,"block":{"attributes":{"address":{"type":"string","description":"The IP address","description_kind":"plain","computed":true},"address_cidr":{"type":"string","description":"The IP address with a CIDR notation","description_kind":"plain","computed":true},"attached":{"type":"bool","description":"Defines whether to filter only for IPs which are attached to a resource","description_kind":"plain","optional":true},"id":{"type":"string","description_kind":"plain","optional":true,"computed":true},"ipam_ip_id":{"type":"string","description":"The ID of the IPAM IP","description_kind":"plain","optional":true},"mac_address":{"type":"string","description":"The MAC address to filter for","description_kind":"plain","optional":true},"organization_id":{"type":"string","description":"The organization_id you want to attach the resource to","description_kind":"plain","computed":true},"private_network_id":{"type":"string","description":"The private Network to filter for","description_kind":"plain","optional":true},"project_id":{"type":"string","description":"The project_id you want to attach the resource to","description_kind":"plain","optional":true,"computed":true},"region":{"type":"string","description":"The region you want to attach the resource to","description_kind":"plain","optional":true,"computed":true},"tags":{"type":["list","string"],"description":"The tags associated with the IP","description_kind":"plain","optional":true},"type":{"type":"string","description":"IP Type (ipv4, ipv6)","description_kind":"plain","optional":true},"zonal":{"type":"string","description":"The zone you want to attach the resource to","description_kind":"plain","optional":true,"computed":true}},"block_types":{"resource":{"nesting_mode":"list","block":{"attributes":{"id":{"type":"string","description":"ID of the resource to filter for","description_kind":"plain","optional":true},"name":{"type":"string","description":"Name of the resource to filter for","description_kind":"plain","optional":true},"type":{"type":"string","description":"Type of resource to filter for","description_kind":"plain","required":true}},"description_kind":"plain"},"max_items":1}},"description_kind":"plain"}},"scaleway_ipam_ips":{"version":0,"block":{"attributes":{"attached":{"type":"bool","description":"Defines whether to filter only for IPs which are attached to a resource","description_kind":"plain","optional":true},"id":{"type":"string","description_kind":"plain","optional":true,"computed":true},"ips":{"type":["list",["object",{"address":"string","created_at":"string","id":"string","project_id":"string","region":"string","resource":["list",["object",{"id":"string","mac_address":"string","name":"string","type":"string"}]],"tags":["list","string"],"updated_at":"string","zone":"string"}]],"description_kind":"plain","computed":true},"mac_address":{"type":"string","description":"The MAC address to filter for","description_kind":"plain","optional":true},"organization_id":{"type":"string","description":"The organization_id you want to attach the resource to","description_kind":"plain","computed":true},"private_network_id":{"type":"string","description":"The private Network to filter for","description_kind":"plain","optional":true},"project_id":{"type":"string","description":"The project_id you want to attach the resource to","description_kind":"plain","optional":true,"computed":true},"region":{"type":"string","description":"The region you want to attach the resource to","description_kind":"plain","optional":true,"computed":true},"tags":{"type":["list","string"],"description":"The tags associated with the IP to filter for","description_kind":"plain","optional":true},"type":{"type":"string","description":"IP Type (ipv4, ipv6) to filter for","description_kind":"plain","optional":true},"zonal":{"type":"string","description":"The zone you want to attach the resource to","description_kind":"plain","optional":true,"computed":true}},"block_types":{"resource":{"nesting_mode":"list","block":{"attributes":{"id":{"type":"string","description":"ID of the resource to filter for","description_kind":"plain","optional":true},"name":{"type":"string","description":"Name of the resource to filter for","description_kind":"plain","optional":true},"type":{"type":"string","description":"Type of resource to filter for","description_kind":"plain","required":true}},"description":"The IP resource to filter for","description_kind":"plain"},"max_items":1}},"description_kind":"plain"}},"scaleway_k8s_cluster":{"version":0,"block":{"attributes":{"admission_plugins":{"type":["list","string"],"description":"The list of admission plugins to enable on the cluster","description_kind":"plain","computed":true},"apiserver_cert_sans":{"type":["list","string"],"description":"Additional Subject Alternative Names for the Kubernetes API server certificate","description_kind":"plain","computed":true},"apiserver_url":{"type":"string","description":"Kubernetes API server URL","description_kind":"plain","computed":true},"auto_upgrade":{"type":["list",["object",{"enable":"bool","maintenance_window_day":"string","maintenance_window_start_hour":"number"}]],"description":"The auto upgrade configuration for the cluster","description_kind":"plain","computed":true},"autoscaler_config":{"type":["list",["object",{"balance_similar_node_groups":"bool","disable_scale_down":"bool","estimator":"string","expander":"string","expendable_pods_priority_cutoff":"number","ignore_daemonsets_utilization":"bool","max_graceful_termination_sec":"number","scale_down_delay_after_add":"string","scale_down_unneeded_time":"string","scale_down_utilization_threshold":"number"}]],"description":"The autoscaler configuration for the cluster","description_kind":"plain","computed":true},"cluster_id":{"type":"string","description":"The ID of the cluster","description_kind":"plain","optional":true},"cni":{"type":"string","description":"The CNI plugin of the cluster","description_kind":"plain","computed":true},"created_at":{"type":"string","description":"The date and time of the creation of the Kubernetes cluster","description_kind":"plain","computed":true},"description":{"type":"string","description":"The description of the cluster","description_kind":"plain","computed":true},"feature_gates":{"type":["list","string"],"description":"The list of feature gates to enable on the cluster","description_kind":"plain","computed":true},"id":{"type":"string","description_kind":"plain","optional":true,"computed":true},"kubeconfig":{"type":["list",["object",{"cluster_ca_certificate":"string","config_file":"string","host":"string","token":"string"}]],"description":"The kubeconfig configuration file of the Kubernetes cluster","description_kind":"plain","computed":true},"name":{"type":"string","description":"The name of the cluster","description_kind":"plain","optional":true},"open_id_connect_config":{"type":["list",["object",{"client_id":"string","groups_claim":["list","string"],"groups_prefix":"string","issuer_url":"string","required_claim":["list","string"],"username_claim":"string","username_prefix":"string"}]],"description":"The OpenID Connect configuration of the cluster","description_kind":"plain","computed":true},"organization_id":{"type":"string","description":"The organization_id you want to attach the resource to","description_kind":"plain","computed":true},"private_network_id":{"type":"string","description":"The ID of the cluster's private network","description_kind":"plain","computed":true},"project_id":{"type":"string","description":"The project_id you want to attach the resource to","description_kind":"plain","optional":true},"region":{"type":"string","description":"The region you want to attach the resource to","description_kind":"plain","optional":true},"status":{"type":"string","description":"The status of the cluster","description_kind":"plain","computed":true},"tags":{"type":["list","string"],"description":"The tags associated with the cluster","description_kind":"plain","computed":true},"type":{"type":"string","description":"The type of cluster","description_kind":"plain","computed":true},"updated_at":{"type":"string","description":"The date and time of the last update of the Kubernetes cluster","description_kind":"plain","computed":true},"upgrade_available":{"type":"bool","description":"True if an upgrade is available","description_kind":"plain","computed":true},"version":{"type":"string","description":"The version of the cluster","description_kind":"plain","computed":true},"wildcard_dns":{"type":"string","description":"Wildcard DNS pointing to all the ready nodes","description_kind":"plain","computed":true}},"description_kind":"plain"}},"scaleway_k8s_pool":{"version":0,"block":{"attributes":{"autohealing":{"type":"bool","description":"Enable the autohealing on the pool","description_kind":"plain","computed":true},"autoscaling":{"type":"bool","description":"Enable the autoscaling on the pool","description_kind":"plain","computed":true},"cluster_id":{"type":"string","description":"The ID of the cluster on which this pool will be created","description_kind":"plain","optional":true},"container_runtime":{"type":"string","description":"Container runtime for the pool","description_kind":"plain","computed":true},"created_at":{"type":"string","description":"The date and time of the creation of the pool","description_kind":"plain","computed":true},"current_size":{"type":"number","description":"The actual size of the pool","description_kind":"plain","computed":true},"id":{"type":"string","description_kind":"plain","optional":true,"computed":true},"kubelet_args":{"type":["map","string"],"description":"The Kubelet arguments to be used by this pool","description_kind":"plain","computed":true},"max_size":{"type":"number","description":"Maximum size of the pool","description_kind":"plain","computed":true},"min_size":{"type":"number","description":"Minimum size of the pool","description_kind":"plain","computed":true},"name":{"type":"string","description":"The name of the cluster","description_kind":"plain","optional":true},"node_type":{"type":"string","description":"Server type of the pool servers","description_kind":"plain","computed":true},"nodes":{"type":["list",["object",{"name":"string","public_ip":"string","public_ip_v6":"string","status":"string"}]],"description_kind":"plain","computed":true},"placement_group_id":{"type":"string","description":"ID of the placement group","description_kind":"plain","computed":true},"pool_id":{"type":"string","description":"The ID of the pool","description_kind":"plain","optional":true},"public_ip_disabled":{"type":"bool","description":"Defines if the public IP should be removed from the nodes.","description_kind":"plain","computed":true},"region":{"type":"string","description":"The region you want to attach the resource to","description_kind":"plain","optional":true},"root_volume_size_in_gb":{"type":"number","description":"The size of the system volume of the nodes in gigabyte","description_kind":"plain","computed":true},"root_volume_type":{"type":"string","description":"System volume type of the nodes composing the pool","description_kind":"plain","computed":true},"size":{"type":"number","description":"Size of the pool","description_kind":"plain","optional":true},"status":{"type":"string","description":"The status of the pool","description_kind":"plain","computed":true},"tags":{"type":["list","string"],"description":"The tags associated with the pool","description_kind":"plain","computed":true},"updated_at":{"type":"string","description":"The date and time of the last update of the pool","description_kind":"plain","computed":true},"upgrade_policy":{"type":["list",["object",{"max_surge":"number","max_unavailable":"number"}]],"description":"The Pool upgrade policy","description_kind":"plain","computed":true},"version":{"type":"string","description":"The Kubernetes version of the pool","description_kind":"plain","computed":true},"wait_for_pool_ready":{"type":"bool","description":"Whether to wait for the pool to be ready","description_kind":"plain","computed":true},"zone":{"type":"string","description":"The zone you want to attach the resource to","description_kind":"plain","computed":true}},"description_kind":"plain"}},"scaleway_k8s_version":{"version":0,"block":{"attributes":{"available_cnis":{"type":["list","string"],"description":"The list of supported Container Network Interface (CNI) plugins for this version","description_kind":"plain","computed":true},"available_container_runtimes":{"type":["list","string"],"description":"The list of supported container runtimes for this version","description_kind":"plain","computed":true},"available_feature_gates":{"type":["list","string"],"description":"The list of supported feature gates for this version","description_kind":"plain","computed":true},"id":{"type":"string","description_kind":"plain","optional":true,"computed":true},"name":{"type":"string","description":"Name of the Kubernetes version","description_kind":"plain","required":true},"region":{"type":"string","description":"The region you want to attach the resource to","description_kind":"plain","optional":true,"computed":true}},"description_kind":"plain"}},"scaleway_lb":{"version":1,"block":{"attributes":{"assign_flexible_ip":{"type":"bool","description":"Defines whether to automatically assign a flexible public IP to the load balancer","description_kind":"plain","computed":true},"assign_flexible_ipv6":{"type":"bool","description":"Defines whether to automatically assign a flexible public IPv6 to the load balancer","description_kind":"plain","computed":true},"description":{"type":"string","description":"The description of the lb","description_kind":"plain","computed":true},"id":{"type":"string","description_kind":"plain","optional":true,"computed":true},"ip_address":{"type":"string","description":"The load-balance public IPv4 address","description_kind":"plain","computed":true},"ip_id":{"type":"string","description":"The load-balance public IP ID","description_kind":"plain","computed":true},"ip_ids":{"type":["list","string"],"description":"List of IP IDs to attach to the Load Balancer","description_kind":"plain","computed":true},"ipv6_address":{"type":"string","description":"The load-balance public IPv6 address","description_kind":"plain","computed":true},"lb_id":{"type":"string","description":"The ID of the load-balancer","description_kind":"plain","optional":true},"name":{"type":"string","description":"Name of the lb","description_kind":"plain","optional":true},"organization_id":{"type":"string","description":"The organization_id you want to attach the resource to","description_kind":"plain","computed":true},"private_network":{"type":["set",["object",{"dhcp_config":"bool","ipam_ids":["list","string"],"private_network_id":"string","static_config":["list","string"],"status":"string","zone":"string"}]],"description":"List of private network to connect with your load balancer","description_kind":"plain","computed":true},"project_id":{"type":"string","description":"The project_id you want to attach the resource to","description_kind":"plain","optional":true},"region":{"type":"string","description":"The region of the resource","description_kind":"plain","computed":true},"release_ip":{"type":"bool","description":"Release the IPs related to this load-balancer","description_kind":"plain","optional":true},"ssl_compatibility_level":{"type":"string","description":"Enforces minimal SSL version (in SSL/TLS offloading context)","description_kind":"plain","computed":true},"tags":{"type":["list","string"],"description":"Array of tags to associate with the load-balancer","description_kind":"plain","computed":true},"type":{"type":"string","description":"The type of load-balancer you want to create","description_kind":"plain","computed":true},"zone":{"type":"string","description":"The zone you want to attach the resource to","description_kind":"plain","optional":true}},"description_kind":"plain"}},"scaleway_lb_acls":{"version":0,"block":{"attributes":{"acls":{"type":["list",["object",{"action":["list",["object",{"redirect":["list",["object",{"code":"number","target":"string","type":"string"}]],"type":"string"}]],"created_at":"string","description":"string","frontend_id":"string","id":"string","index":"number","match":["list",["object",{"http_filter":"string","http_filter_option":"string","http_filter_value":["list","string"],"invert":"bool","ip_subnet":["list","string"]}]],"name":"string","update_at":"string"}]],"description_kind":"plain","computed":true},"frontend_id":{"type":"string","description":"ACLs with a frontend id like it are listed.","description_kind":"plain","required":true},"id":{"type":"string","description_kind":"plain","optional":true,"computed":true},"name":{"type":"string","description":"ACLs with a name like it are listed.","description_kind":"plain","optional":true},"organization_id":{"type":"string","description":"The organization_id you want to attach the resource to","description_kind":"plain","computed":true},"project_id":{"type":"string","description":"The project_id you want to attach the resource to","description_kind":"plain","optional":true,"computed":true},"zone":{"type":"string","description":"The zone you want to attach the resource to","description_kind":"plain","optional":true,"computed":true}},"description_kind":"plain"}},"scaleway_lb_backend":{"version":1,"block":{"attributes":{"backend_id":{"type":"string","description":"The ID of the backend","description_kind":"plain","optional":true},"failover_host":{"type":"string","description":"Scaleway S3 bucket website to be served in case all backend servers are down\n\n**NOTE** : Only the host part of the Scaleway S3 bucket website is expected.\nE.g. 'failover-website.s3-website.fr-par.scw.cloud' if your bucket website URL is 'https://failover-website.s3-website.fr-par.scw.cloud/'.","description_kind":"plain","computed":true},"forward_port":{"type":"number","description":"User sessions will be forwarded to this port of backend servers","description_kind":"plain","computed":true},"forward_port_algorithm":{"type":"string","description":"Load balancing algorithm","description_kind":"plain","computed":true},"forward_protocol":{"type":"string","description":"Backend protocol","description_kind":"plain","computed":true},"health_check_delay":{"type":"string","description":"Interval between two HC requests","description_kind":"plain","computed":true},"health_check_http":{"type":["list",["object",{"code":"number","host_header":"string","method":"string","uri":"string"}]],"description_kind":"plain","computed":true},"health_check_https":{"type":["list",["object",{"code":"number","host_header":"string","method":"string","sni":"string","uri":"string"}]],"description_kind":"plain","computed":true},"health_check_max_retries":{"type":"number","description":"Number of allowed failed HC requests before the backend server is marked down","description_kind":"plain","computed":true},"health_check_port":{"type":"number","description":"Port the HC requests will be send to. Default to `forward_port`","description_kind":"plain","computed":true},"health_check_send_proxy":{"type":"bool","description":"Defines whether proxy protocol should be activated for the health check","description_kind":"plain","computed":true},"health_check_tcp":{"type":["list",["object",{}]],"description_kind":"plain","computed":true},"health_check_timeout":{"type":"string","description":"Timeout before we consider a HC request failed","description_kind":"plain","computed":true},"health_check_transient_delay":{"type":"string","description":"Time to wait between two consecutive health checks when a backend server is in a transient state (going UP or DOWN)","description_kind":"plain","computed":true},"id":{"type":"string","description_kind":"plain","optional":true,"computed":true},"ignore_ssl_server_verify":{"type":"bool","description":"Specifies whether the Load Balancer should check the backend server’s certificate before initiating a connection","description_kind":"plain","computed":true},"lb_id":{"type":"string","description":"The load-balancer ID","description_kind":"plain","optional":true},"max_connections":{"type":"number","description":"Maximum number of connections allowed per backend server","description_kind":"plain","computed":true},"max_retries":{"type":"number","description":"Number of retries when a backend server connection failed","description_kind":"plain","computed":true},"name":{"type":"string","description":"The name of the backend","description_kind":"plain","optional":true},"on_marked_down_action":{"type":"string","description":"Modify what occurs when a backend server is marked down","description_kind":"plain","computed":true},"proxy_protocol":{"type":"string","description":"Type of PROXY protocol to enable","description_kind":"plain","computed":true},"redispatch_attempt_count":{"type":"number","description":"Whether to use another backend server on each attempt","description_kind":"plain","computed":true},"send_proxy_v2":{"type":"bool","description":"Enables PROXY protocol version 2","description_kind":"plain","computed":true},"server_ips":{"type":["list","string"],"description":"Backend server IP addresses list (IPv4 or IPv6)","description_kind":"plain","computed":true},"ssl_bridging":{"type":"bool","description":"Enables SSL between load balancer and backend servers","description_kind":"plain","computed":true},"sticky_sessions":{"type":"string","description":"The type of sticky sessions","description_kind":"plain","computed":true},"sticky_sessions_cookie_name":{"type":"string","description":"Cookie name for sticky sessions","description_kind":"plain","computed":true},"timeout_connect":{"type":"string","description":"Maximum initial server connection establishment time","description_kind":"plain","computed":true},"timeout_queue":{"type":"string","description":"Maximum time (in seconds) for a request to be left pending in queue when `max_connections` is reached","description_kind":"plain","computed":true},"timeout_server":{"type":"string","description":"Maximum server connection inactivity time","description_kind":"plain","computed":true},"timeout_tunnel":{"type":"string","description":"Maximum tunnel inactivity time","description_kind":"plain","computed":true}},"description_kind":"plain"}},"scaleway_lb_backends":{"version":0,"block":{"attributes":{"backends":{"type":["list",["object",{"created_at":"string","failover_host":"string","forward_port":"number","forward_port_algorithm":"string","forward_protocol":"string","health_check_delay":"string","health_check_http":["list",["object",{"code":"number","host_header":"string","method":"string","uri":"string"}]],"health_check_https":["list",["object",{"code":"number","host_header":"string","method":"string","sni":"string","uri":"string"}]],"health_check_max_retries":"number","health_check_port":"number","health_check_tcp":["list",["object",{}]],"health_check_timeout":"string","id":"string","ignore_ssl_server_verify":"bool","lb_id":"string","name":"string","on_marked_down_action":"string","proxy_protocol":"string","server_ips":["list","string"],"ssl_bridging":"bool","sticky_sessions":"string","sticky_sessions_cookie_name":"string","timeout_connect":"string","timeout_server":"string","timeout_tunnel":"string","update_at":"string"}]],"description_kind":"plain","computed":true},"id":{"type":"string","description_kind":"plain","optional":true,"computed":true},"lb_id":{"type":"string","description":"backends with a lb id like it are listed.","description_kind":"plain","required":true},"name":{"type":"string","description":"Backends with a name like it are listed.","description_kind":"plain","optional":true},"organization_id":{"type":"string","description":"The organization_id you want to attach the resource to","description_kind":"plain","computed":true},"project_id":{"type":"string","description":"The project_id you want to attach the resource to","description_kind":"plain","optional":true,"computed":true},"zone":{"type":"string","description":"The zone you want to attach the resource to","description_kind":"plain","optional":true,"computed":true}},"description_kind":"plain"}},"scaleway_lb_certificate":{"version":1,"block":{"attributes":{"certificate_id":{"type":"string","description":"The ID of the certificate","description_kind":"plain","optional":true},"common_name":{"type":"string","description":"The main domain name of the certificate","description_kind":"plain","computed":true},"custom_certificate":{"type":["list",["object",{"certificate_chain":"string"}]],"description":"The custom type certificate type configuration","description_kind":"plain","computed":true},"fingerprint":{"type":"string","description":"The identifier (SHA-1) of the certificate","description_kind":"plain","computed":true},"id":{"type":"string","description_kind":"plain","optional":true,"computed":true},"lb_id":{"type":"string","description":"The load-balancer ID","description_kind":"plain","optional":true},"letsencrypt":{"type":["list",["object",{"common_name":"string","subject_alternative_name":["list","string"]}]],"description":"The Let's Encrypt type certificate configuration","description_kind":"plain","computed":true},"name":{"type":"string","description":"The name of the load-balancer certificate","description_kind":"plain","optional":true},"not_valid_after":{"type":"string","description":"The not valid after validity bound timestamp","description_kind":"plain","computed":true},"not_valid_before":{"type":"string","description":"The not valid before validity bound timestamp","description_kind":"plain","computed":true},"status":{"type":"string","description":"The status of certificate","description_kind":"plain","computed":true},"subject_alternative_name":{"type":["list","string"],"description":"The alternative domain names of the certificate","description_kind":"plain","computed":true}},"description_kind":"plain"}},"scaleway_lb_frontend":{"version":1,"block":{"attributes":{"acl":{"type":["list",["object",{"action":["list",["object",{"redirect":["list",["object",{"code":"number","target":"string","type":"string"}]],"type":"string"}]],"created_at":"string","description":"string","match":["list",["object",{"http_filter":"string","http_filter_option":"string","http_filter_value":["list","string"],"invert":"bool","ip_subnet":["list","string"]}]],"name":"string","updated_at":"string"}]],"description":"ACL rules","description_kind":"plain","computed":true},"backend_id":{"type":"string","description":"The load-balancer backend ID","description_kind":"plain","computed":true},"certificate_id":{"type":"string","description":"Certificate ID","description_kind":"plain","computed":true},"certificate_ids":{"type":["list","string"],"description":"Collection of Certificate IDs related to the load balancer and domain","description_kind":"plain","computed":true},"enable_http3":{"type":"bool","description":"Activates HTTP/3 protocol","description_kind":"plain","computed":true},"external_acls":{"type":"bool","description":"This boolean determines if ACLs should be managed externally through the 'lb_acl' resource. If set to `true`, `acl` attribute cannot be set directly in the lb frontend","description_kind":"plain","computed":true},"frontend_id":{"type":"string","description":"The ID of the frontend","description_kind":"plain","optional":true},"id":{"type":"string","description_kind":"plain","optional":true,"computed":true},"inbound_port":{"type":"number","description":"TCP port to listen on the front side","description_kind":"plain","computed":true},"lb_id":{"type":"string","description":"The load-balancer ID","description_kind":"plain","optional":true},"name":{"type":"string","description":"The name of the frontend","description_kind":"plain","optional":true},"timeout_client":{"type":"string","description":"Set the maximum inactivity time on the client side","description_kind":"plain","computed":true}},"description_kind":"plain"}},"scaleway_lb_frontends":{"version":0,"block":{"attributes":{"frontends":{"type":["list",["object",{"backend_id":"string","certificate_ids":["list","string"],"created_at":"string","enable_http3":"bool","id":"string","inbound_port":"number","lb_id":"string","name":"string","timeout_client":"string","update_at":"string"}]],"description_kind":"plain","computed":true},"id":{"type":"string","description_kind":"plain","optional":true,"computed":true},"lb_id":{"type":"string","description":"frontends with a lb id like it are listed.","description_kind":"plain","required":true},"name":{"type":"string","description":"frontends with a name like it are listed.","description_kind":"plain","optional":true},"organization_id":{"type":"string","description":"The organization_id you want to attach the resource to","description_kind":"plain","computed":true},"project_id":{"type":"string","description":"The project_id you want to attach the resource to","description_kind":"plain","optional":true,"computed":true},"zone":{"type":"string","description":"The zone you want to attach the resource to","description_kind":"plain","optional":true,"computed":true}},"description_kind":"plain"}},"scaleway_lb_ip":{"version":1,"block":{"attributes":{"id":{"type":"string","description_kind":"plain","optional":true,"computed":true},"ip_address":{"type":"string","description":"The IP address","description_kind":"plain","optional":true},"ip_id":{"type":"string","description":"The ID of the IP address","description_kind":"plain","optional":true},"is_ipv6":{"type":"bool","description":"If true, creates a Flexible IP with an IPv6 address","description_kind":"plain","computed":true},"lb_id":{"type":"string","description":"The ID of the load balancer attached to this IP, if any","description_kind":"plain","computed":true},"organization_id":{"type":"string","description":"The organization_id you want to attach the resource to","description_kind":"plain","computed":true},"project_id":{"type":"string","description":"The project_id you want to attach the resource to","description_kind":"plain","optional":true,"computed":true},"region":{"type":"string","description":"The region of the resource","description_kind":"plain","computed":true},"reverse":{"type":"string","description":"The reverse domain name for this IP","description_kind":"plain","computed":true},"tags":{"type":["list","string"],"description":"The tags associated with the flexible IP","description_kind":"plain","computed":true},"zone":{"type":"string","description":"The zone you want to attach the resource to","description_kind":"plain","computed":true}},"description_kind":"plain"}},"scaleway_lb_ips":{"version":0,"block":{"attributes":{"id":{"type":"string","description_kind":"plain","optional":true,"computed":true},"ip_cidr_range":{"type":"string","description":"IPs within a CIDR block like it are listed.","description_kind":"plain","optional":true},"ip_type":{"type":"string","description":"IP type to filter for","description_kind":"plain","optional":true},"ips":{"type":["list",["object",{"id":"string","ip_address":"string","lb_id":"string","organization_id":"string","project_id":"string","reverse":"string","tags":["list","string"],"zone":"string"}]],"description_kind":"plain","computed":true},"organization_id":{"type":"string","description":"The organization_id you want to attach the resource to","description_kind":"plain","computed":true},"project_id":{"type":"string","description":"The project_id you want to attach the resource to","description_kind":"plain","optional":true,"computed":true},"tags":{"type":["list","string"],"description":"IPs with these exact tags are listed","description_kind":"plain","optional":true},"zone":{"type":"string","description":"The zone you want to attach the resource to","description_kind":"plain","optional":true,"computed":true}},"description_kind":"plain"}},"scaleway_lb_route":{"version":1,"block":{"attributes":{"backend_id":{"type":"string","description":"The backend ID destination of redirection","description_kind":"plain","computed":true},"created_at":{"type":"string","description":"The date at which the route was created (RFC 3339 format)","description_kind":"plain","computed":true},"frontend_id":{"type":"string","description":"The frontend ID origin of redirection","description_kind":"plain","computed":true},"id":{"type":"string","description_kind":"plain","optional":true,"computed":true},"match_host_header":{"type":"string","description":"Specifies the host of the server to which the request is being sent","description_kind":"plain","computed":true},"match_sni":{"type":"string","description":"Server Name Indication TLS extension field from an incoming connection made via an SSL/TLS transport layer","description_kind":"plain","computed":true},"route_id":{"type":"string","description":"The ID of the route","description_kind":"plain","required":true},"updated_at":{"type":"string","description":"The date at which the route was last updated (RFC 3339 format)","description_kind":"plain","computed":true}},"description_kind":"plain"}},"scaleway_lb_routes":{"version":0,"block":{"attributes":{"frontend_id":{"type":"string","description":"Routes with a frontend id like it are listed.","description_kind":"plain","optional":true},"id":{"type":"string","description_kind":"plain","optional":true,"computed":true},"organization_id":{"type":"string","description":"The organization_id you want to attach the resource to","description_kind":"plain","computed":true},"project_id":{"type":"string","description":"The project_id you want to attach the resource to","description_kind":"plain","optional":true,"computed":true},"routes":{"type":["list",["object",{"backend_id":"string","created_at":"string","frontend_id":"string","id":"string","match_host_header":"string","match_sni":"string","update_at":"string"}]],"description_kind":"plain","computed":true},"zone":{"type":"string","description":"The zone you want to attach the resource to","description_kind":"plain","optional":true,"computed":true}},"description_kind":"plain"}},"scaleway_lbs":{"version":0,"block":{"attributes":{"id":{"type":"string","description_kind":"plain","optional":true,"computed":true},"lbs":{"type":["list",["object",{"backend_count":"number","created_at":"string","description":"string","frontend_count":"number","id":"string","instances":["list",["object",{"created_at":"string","id":"string","ip_address":"string","status":"string","updated_at":"string","zone":"string"}]],"ips":["list",["object",{"id":"string","ip_address":"string","lb_id":"string","organization_id":"string","project_id":"string","reverse":"string","zone":"string"}]],"name":"string","organization_id":"string","private_network_count":"number","project_id":"string","route_count":"number","ssl_compatibility_level":"string","status":"string","subscriber":"string","tags":["list","string"],"type":"string","updated_at":"string","zone":"string"}]],"description_kind":"plain","computed":true},"name":{"type":"string","description":"LBs with a name like it are listed.","description_kind":"plain","optional":true},"organization_id":{"type":"string","description":"The organization_id you want to attach the resource to","description_kind":"plain","computed":true},"project_id":{"type":"string","description":"The project_id you want to attach the resource to","description_kind":"plain","optional":true,"computed":true},"tags":{"type":["list","string"],"description":"LBs with these exact tags are listed","description_kind":"plain","optional":true},"zone":{"type":"string","description":"The zone you want to attach the resource to","description_kind":"plain","optional":true,"computed":true}},"description_kind":"plain"}},"scaleway_marketplace_image":{"version":0,"block":{"attributes":{"id":{"type":"string","description_kind":"plain","optional":true,"computed":true},"instance_type":{"type":"string","description":"The instance commercial type of the desired image","description_kind":"plain","optional":true},"label":{"type":"string","description":"Exact label of the desired image","description_kind":"plain","required":true},"zone":{"type":"string","description":"The zone you want to attach the resource to","description_kind":"plain","optional":true,"computed":true}},"description_kind":"plain"}},"scaleway_mnq_sns":{"version":0,"block":{"attributes":{"endpoint":{"type":"string","description":"Endpoint of the SNS service","description_kind":"plain","computed":true},"id":{"type":"string","description_kind":"plain","optional":true,"computed":true},"project_id":{"type":"string","description":"The project_id you want to attach the resource to","description_kind":"plain","optional":true},"region":{"type":"string","description":"The region you want to attach the resource to","description_kind":"plain","optional":true}},"description_kind":"plain"}},"scaleway_mnq_sqs":{"version":0,"block":{"attributes":{"endpoint":{"type":"string","description":"Endpoint of the SQS service","description_kind":"plain","computed":true},"id":{"type":"string","description_kind":"plain","optional":true,"computed":true},"project_id":{"type":"string","description":"The project_id you want to attach the resource to","description_kind":"plain","optional":true},"region":{"type":"string","description":"The region you want to attach the resource to","description_kind":"plain","optional":true}},"description_kind":"plain"}},"scaleway_object_bucket":{"version":0,"block":{"attributes":{"acl":{"type":"string","description":"ACL of the bucket: either 'private', 'public-read', 'public-read-write' or 'authenticated-read'.","description_kind":"plain","computed":true},"api_endpoint":{"type":"string","description":"API URL of the bucket","description_kind":"plain","computed":true},"cors_rule":{"type":["list",["object",{"allowed_headers":["list","string"],"allowed_methods":["list","string"],"allowed_origins":["list","string"],"expose_headers":["list","string"],"max_age_seconds":"number"}]],"description_kind":"plain","computed":true},"endpoint":{"type":"string","description":"Endpoint of the bucket","description_kind":"plain","computed":true},"force_destroy":{"type":"bool","description":"Delete objects in bucket","description_kind":"plain","computed":true},"id":{"type":"string","description_kind":"plain","optional":true,"computed":true},"lifecycle_rule":{"type":["list",["object",{"abort_incomplete_multipart_upload_days":"number","enabled":"bool","expiration":["list",["object",{"days":"number"}]],"id":"string","prefix":"string","tags":["map","string"],"transition":["set",["object",{"days":"number","storage_class":"string"}]]}]],"description":"Lifecycle configuration is a set of rules that define actions that Scaleway Object Storage applies to a group of objects","description_kind":"plain","computed":true},"name":{"type":"string","description":"The name of the bucket","description_kind":"plain","optional":true},"object_lock_enabled":{"type":"bool","description":"Enable object lock","description_kind":"plain","computed":true},"project_id":{"type":"string","description":"The project_id you want to attach the resource to","description_kind":"plain","optional":true},"region":{"type":"string","description":"The region you want to attach the resource to","description_kind":"plain","optional":true},"tags":{"type":["map","string"],"description":"The tags associated with this bucket","description_kind":"plain","computed":true},"versioning":{"type":["list",["object",{"enabled":"bool"}]],"description":"Allow multiple versions of an object in the same bucket","description_kind":"plain","computed":true}},"description_kind":"plain"}},"scaleway_object_bucket_policy":{"version":0,"block":{"attributes":{"bucket":{"type":"string","description":"The bucket's name or regional ID.","description_kind":"plain","required":true},"id":{"type":"string","description_kind":"plain","optional":true,"computed":true},"policy":{"type":"string","description":"The text of the policy.","description_kind":"plain","computed":true},"project_id":{"type":"string","description":"The project_id you want to attach the resource to","description_kind":"plain","optional":true},"region":{"type":"string","description":"The region you want to attach the resource to","description_kind":"plain","optional":true}},"description_kind":"plain"}},"scaleway_rdb_acl":{"version":0,"block":{"attributes":{"acl_rules":{"type":["list",["object",{"description":"string","ip":"string"}]],"description":"List of ACL rules to apply","description_kind":"plain","computed":true},"id":{"type":"string","description_kind":"plain","optional":true,"computed":true},"instance_id":{"type":"string","description":"Instance on which the ACL is applied","description_kind":"plain","required":true},"region":{"type":"string","description":"The region you want to attach the resource to","description_kind":"plain","optional":true}},"description_kind":"plain"}},"scaleway_rdb_database":{"version":0,"block":{"attributes":{"id":{"type":"string","description_kind":"plain","optional":true,"computed":true},"instance_id":{"type":"string","description":"Instance on which the database is created","description_kind":"plain","required":true},"managed":{"type":"bool","description":"Whether or not the database is managed","description_kind":"plain","computed":true},"name":{"type":"string","description":"Database name","description_kind":"plain","required":true},"owner":{"type":"string","description":"User that own the database","description_kind":"plain","computed":true},"region":{"type":"string","description":"The region you want to attach the resource to","description_kind":"plain","optional":true},"size":{"type":"string","description":"Size of the database","description_kind":"plain","computed":true}},"description_kind":"plain"}},"scaleway_rdb_database_backup":{"version":0,"block":{"attributes":{"backup_id":{"type":"string","description":"The ID of the Backup","description_kind":"plain","optional":true},"created_at":{"type":"string","description":"Creation date (Format ISO 8601).","description_kind":"plain","computed":true},"database_name":{"type":"string","description":"Name of the database of this backup.","description_kind":"plain","computed":true},"expires_at":{"type":"string","description":"Expiration date (Format ISO 8601). Cannot be removed.","description_kind":"plain","computed":true},"id":{"type":"string","description_kind":"plain","optional":true,"computed":true},"instance_id":{"type":"string","description":"Instance on which the user is created","description_kind":"plain","optional":true},"instance_name":{"type":"string","description":"Name of the instance of the backup.","description_kind":"plain","computed":true},"name":{"type":"string","description":"Name of the backup.","description_kind":"plain","optional":true},"project_id":{"type":"string","description":"The ID of the project to filter the Backup","description_kind":"plain","optional":true},"region":{"type":"string","description":"The region you want to attach the resource to","description_kind":"plain","optional":true},"size":{"type":"number","description":"Size of the backup (in bytes).","description_kind":"plain","computed":true},"updated_at":{"type":"string","description":"Updated date (Format ISO 8601).","description_kind":"plain","computed":true}},"description_kind":"plain"}},"scaleway_rdb_instance":{"version":0,"block":{"attributes":{"backup_same_region":{"type":"bool","description":"Boolean to store logical backups in the same region as the database instance","description_kind":"plain","computed":true},"backup_schedule_frequency":{"type":"number","description":"Backup schedule frequency in hours","description_kind":"plain","computed":true},"backup_schedule_retention":{"type":"number","description":"Backup schedule retention in days","description_kind":"plain","computed":true},"certificate":{"type":"string","description":"Certificate of the database instance","description_kind":"plain","computed":true},"disable_backup":{"type":"bool","description":"Disable automated backup for the database instance","description_kind":"plain","computed":true},"encryption_at_rest":{"type":"bool","description":"Enable or disable encryption at rest for the database instance","description_kind":"plain","computed":true},"endpoint_ip":{"type":"string","description":"Endpoint IP of the database instance","description_kind":"plain","computed":true},"endpoint_port":{"type":"number","description":"Endpoint port of the database instance","description_kind":"plain","computed":true},"engine":{"type":"string","description":"Database's engine version id","description_kind":"plain","computed":true},"id":{"type":"string","description_kind":"plain","optional":true,"computed":true},"init_settings":{"type":["map","string"],"description":"Map of engine settings to be set at database initialisation.","description_kind":"plain","computed":true},"instance_id":{"type":"string","description":"The ID of the RDB instance","description_kind":"plain","optional":true},"is_ha_cluster":{"type":"bool","description":"Enable or disable high availability for the database instance","description_kind":"plain","computed":true},"load_balancer":{"type":["list",["object",{"endpoint_id":"string","hostname":"string","ip":"string","name":"string","port":"number"}]],"description":"Load balancer of the database instance","description_kind":"plain","computed":true},"logs_policy":{"type":["list",["object",{"max_age_retention":"number","total_disk_retention":"number"}]],"description":"Logs policy configuration","description_kind":"plain","computed":true},"name":{"type":"string","description":"Name of the database instance","description_kind":"plain","optional":true},"node_type":{"type":"string","description":"The type of database instance you want to create","description_kind":"plain","computed":true},"organization_id":{"type":"string","description":"The organization_id you want to attach the resource to","description_kind":"plain","computed":true},"password":{"type":"string","description":"Password for the first user of the database instance","description_kind":"plain","computed":true},"private_network":{"type":["list",["object",{"enable_ipam":"bool","endpoint_id":"string","hostname":"string","ip":"string","ip_net":"string","name":"string","pn_id":"string","port":"number","zone":"string"}]],"description":"List of private network to expose your database instance","description_kind":"plain","computed":true},"project_id":{"type":"string","description":"The project_id you want to attach the resource to","description_kind":"plain","optional":true},"read_replicas":{"type":["list",["object",{"ip":"string","name":"string","port":"number"}]],"description":"Read replicas of the database instance","description_kind":"plain","computed":true},"region":{"type":"string","description":"The region you want to attach the resource to","description_kind":"plain","optional":true},"settings":{"type":["map","string"],"description":"Map of engine settings to be set on a running instance.","description_kind":"plain","computed":true},"tags":{"type":["list","string"],"description":"List of tags [\"tag1\", \"tag2\", ...] attached to a database instance","description_kind":"plain","computed":true},"user_name":{"type":"string","description":"Identifier for the first user of the database instance","description_kind":"plain","computed":true},"volume_size_in_gb":{"type":"number","description":"Volume size (in GB) when volume_type is not lssd","description_kind":"plain","computed":true},"volume_type":{"type":"string","description":"Type of volume where data are stored","description_kind":"plain","computed":true}},"description_kind":"plain"}},"scaleway_rdb_privilege":{"version":1,"block":{"attributes":{"database_name":{"type":"string","description":"Database name","description_kind":"plain","required":true},"id":{"type":"string","description_kind":"plain","optional":true,"computed":true},"instance_id":{"type":"string","description":"Instance on which the database is created","description_kind":"plain","required":true},"permission":{"type":"string","description":"Privilege","description_kind":"plain","computed":true},"region":{"type":"string","description":"The region you want to attach the resource to","description_kind":"plain","optional":true},"user_name":{"type":"string","description":"User name","description_kind":"plain","required":true}},"description_kind":"plain"}},"scaleway_redis_cluster":{"version":0,"block":{"attributes":{"acl":{"type":["set",["object",{"description":"string","id":"string","ip":"string"}]],"description":"List of acl rules.","description_kind":"plain","computed":true},"certificate":{"type":"string","description":"public TLS certificate used by redis cluster, empty if tls is disabled","description_kind":"plain","computed":true},"cluster_id":{"type":"string","description":"The ID of the Redis cluster","description_kind":"plain","optional":true},"cluster_size":{"type":"number","description":"Number of nodes for the cluster.","description_kind":"plain","computed":true},"created_at":{"type":"string","description":"The date and time of the creation of the Redis cluster","description_kind":"plain","computed":true},"id":{"type":"string","description_kind":"plain","optional":true,"computed":true},"name":{"type":"string","description":"Name of the redis cluster","description_kind":"plain","optional":true},"node_type":{"type":"string","description":"Type of node to use for the cluster","description_kind":"plain","computed":true},"password":{"type":"string","description":"Password of the user","description_kind":"plain","computed":true},"private_network":{"type":["set",["object",{"endpoint_id":"string","id":"string","service_ips":["list","string"],"zone":"string"}]],"description":"Private network specs details","description_kind":"plain","computed":true},"project_id":{"type":"string","description":"The project_id you want to attach the resource to","description_kind":"plain","optional":true},"public_network":{"type":["list",["object",{"id":"string","ips":["list","string"],"port":"number"}]],"description":"Public network specs details","description_kind":"plain","computed":true},"settings":{"type":["map","string"],"description":"Map of settings to define for the cluster.","description_kind":"plain","computed":true},"tags":{"type":["list","string"],"description":"List of tags [\"tag1\", \"tag2\", ...] attached to a redis cluster","description_kind":"plain","computed":true},"tls_enabled":{"type":"bool","description":"Whether or not TLS is enabled.","description_kind":"plain","computed":true},"updated_at":{"type":"string","description":"The date and time of the last update of the Redis cluster","description_kind":"plain","computed":true},"user_name":{"type":"string","description":"Name of the user created when the cluster is created","description_kind":"plain","computed":true},"version":{"type":"string","description":"Redis version of the cluster","description_kind":"plain","computed":true},"zone":{"type":"string","description":"The zone you want to attach the resource to","description_kind":"plain","optional":true}},"description_kind":"plain"}},"scaleway_registry_image":{"version":0,"block":{"attributes":{"id":{"type":"string","description_kind":"plain","optional":true,"computed":true},"image_id":{"type":"string","description":"The ID of the registry image","description_kind":"plain","optional":true},"name":{"type":"string","description":"The name of the registry image","description_kind":"plain","optional":true},"namespace_id":{"type":"string","description":"The namespace ID of the registry image","description_kind":"plain","optional":true,"computed":true},"organization_id":{"type":"string","description":"The organization_id you want to attach the resource to","description_kind":"plain","computed":true},"project_id":{"type":"string","description":"The project_id you want to attach the resource to","description_kind":"plain","optional":true,"computed":true},"region":{"type":"string","description":"The region you want to attach the resource to","description_kind":"plain","optional":true,"computed":true},"size":{"type":"number","description":"The size of the registry image","description_kind":"plain","computed":true},"tags":{"type":["list","string"],"description":"The tags associated with the registry image","description_kind":"plain","optional":true,"computed":true},"updated_at":{"type":"string","description_kind":"plain","computed":true},"visibility":{"type":"string","description":"The visibility policy of the registry image","description_kind":"plain","computed":true}},"description_kind":"plain"}},"scaleway_registry_image_tag":{"version":0,"block":{"attributes":{"created_at":{"type":"string","description":"Date and time of creation","description_kind":"plain","computed":true},"digest":{"type":"string","description":"Hash of the tag content. Several tags of a same image may have the same digest","description_kind":"plain","computed":true},"id":{"type":"string","description_kind":"plain","optional":true,"computed":true},"image_id":{"type":"string","description":"The ID of the registry image","description_kind":"plain","required":true},"name":{"type":"string","description":"The name of the registry image tag","description_kind":"plain","optional":true},"organization_id":{"type":"string","description":"The organization_id you want to attach the resource to","description_kind":"plain","computed":true},"project_id":{"type":"string","description":"The project_id you want to attach the resource to","description_kind":"plain","optional":true,"computed":true},"region":{"type":"string","description":"The region you want to attach the resource to","description_kind":"plain","optional":true,"computed":true},"status":{"type":"string","description":"The status of the registry image tag","description_kind":"plain","computed":true},"tag_id":{"type":"string","description":"The ID of the registry image tag","description_kind":"plain","optional":true},"updated_at":{"type":"string","description":"Date and time of last update","description_kind":"plain","computed":true}},"description_kind":"plain"}},"scaleway_registry_namespace":{"version":0,"block":{"attributes":{"description":{"type":"string","description":"The description of the container registry namespace","description_kind":"plain","computed":true},"endpoint":{"type":"string","description":"The endpoint reachable by docker","description_kind":"plain","computed":true},"id":{"type":"string","description_kind":"plain","optional":true,"computed":true},"is_public":{"type":"bool","description":"Define the default visibility policy","description_kind":"plain","computed":true},"name":{"type":"string","description":"The name of the container registry namespace","description_kind":"plain","optional":true},"namespace_id":{"type":"string","description":"The ID of the registry namespace","description_kind":"plain","optional":true},"organization_id":{"type":"string","description":"The organization_id you want to attach the resource to","description_kind":"plain","computed":true},"project_id":{"type":"string","description":"The project_id you want to attach the resource to","description_kind":"plain","optional":true},"region":{"type":"string","description":"The region you want to attach the resource to","description_kind":"plain","optional":true}},"description_kind":"plain"}},"scaleway_secret":{"version":0,"block":{"attributes":{"created_at":{"type":"string","description":"Date and time of secret's creation (RFC 3339 format)","description_kind":"plain","computed":true},"description":{"type":"string","description":"Description of the secret","description_kind":"plain","computed":true},"ephemeral_policy":{"type":["list",["object",{"action":"string","expires_once_accessed":"bool","ttl":"string"}]],"description_kind":"plain","computed":true},"id":{"type":"string","description_kind":"plain","optional":true,"computed":true},"name":{"type":"string","description":"The secret name","description_kind":"plain","optional":true},"organization_id":{"type":"string","description":"ID of organization the resource is associated to.","description_kind":"plain","optional":true,"computed":true},"path":{"type":"string","description":"Location of the secret in the directory structure.","description_kind":"plain","optional":true},"project_id":{"type":"string","description":"The project ID the resource is associated to","description_kind":"plain","optional":true},"protected":{"type":"bool","description":"True if secret protection is enabled on a given secret. A protected secret cannot be deleted.","description_kind":"plain","computed":true},"region":{"type":"string","description":"The region you want to attach the resource to","description_kind":"plain","optional":true},"secret_id":{"type":"string","description":"The ID of the secret","description_kind":"plain","optional":true},"status":{"type":"string","description":"Status of the secret","description_kind":"plain","computed":true},"tags":{"type":["list","string"],"description":"List of tags [\"tag1\", \"tag2\", ...] associated to secret","description_kind":"plain","computed":true},"type":{"type":"string","description_kind":"plain","computed":true},"updated_at":{"type":"string","description":"Date and time of secret's creation (RFC 3339 format)","description_kind":"plain","computed":true},"version_count":{"type":"number","description":"The number of versions for this Secret","description_kind":"plain","computed":true}},"description_kind":"plain"}},"scaleway_secret_version":{"version":0,"block":{"attributes":{"created_at":{"type":"string","description":"Date and time of secret version's creation (RFC 3339 format)","description_kind":"plain","computed":true},"data":{"type":"string","description":"The payload of the secret version","description_kind":"plain","computed":true,"sensitive":true},"description":{"type":"string","description":"Description of the secret version","description_kind":"plain","computed":true},"id":{"type":"string","description_kind":"plain","optional":true,"computed":true},"organization_id":{"type":"string","description":"ID of organization the resource is associated to.","description_kind":"plain","optional":true,"computed":true},"project_id":{"type":"string","description":"The ID of the project to filter the secret version","description_kind":"plain","optional":true},"region":{"type":"string","description":"The region you want to attach the resource to","description_kind":"plain","optional":true},"revision":{"type":"string","description":"The revision of secret version","description_kind":"plain","optional":true},"secret_id":{"type":"string","description":"The ID of the secret","description_kind":"plain","optional":true},"secret_name":{"type":"string","description":"The Name of the secret","description_kind":"plain","optional":true},"status":{"type":"string","description":"Status of the secret version","description_kind":"plain","computed":true},"updated_at":{"type":"string","description":"Date and time of secret version's creation (RFC 3339 format)","description_kind":"plain","computed":true}},"description_kind":"plain"}},"scaleway_tem_domain":{"version":0,"block":{"attributes":{"accept_tos":{"type":"bool","description":"Accept the Scaleway Terms of Service","description_kind":"plain","computed":true},"autoconfig":{"type":"bool","description":"Enable automatic configuration options for the domain","description_kind":"plain","computed":true},"created_at":{"type":"string","description":"Date and time of domain's creation (RFC 3339 format)","description_kind":"plain","computed":true},"dkim_config":{"type":"string","description":"DKIM public key, as should be recorded in the DNS zone","description_kind":"plain","computed":true},"dmarc_config":{"type":"string","description":"DMARC record for the domain, as should be recorded in the DNS zone","description_kind":"plain","computed":true},"dmarc_name":{"type":"string","description":"DMARC name for the domain, as should be recorded in the DNS zone","description_kind":"plain","computed":true},"domain_id":{"type":"string","description":"The ID of the tem domain","description_kind":"plain","optional":true},"id":{"type":"string","description_kind":"plain","optional":true,"computed":true},"last_error":{"type":"string","description":"Error message if the last check failed","description_kind":"plain","computed":true},"last_valid_at":{"type":"string","description":"Date and time the domain was last found to be valid (RFC 3339 format)","description_kind":"plain","computed":true},"mx_blackhole":{"type":"string","description":"The Scaleway's blackhole MX server to use","description_kind":"plain","computed":true},"name":{"type":"string","description":"The domain name used when sending emails","description_kind":"plain","optional":true},"next_check_at":{"type":"string","description":"Date and time of the next scheduled check (RFC 3339 format)","description_kind":"plain","computed":true},"project_id":{"type":"string","description":"The project_id you want to attach the resource to","description_kind":"plain","optional":true},"region":{"type":"string","description":"The region you want to attach the resource to","description_kind":"plain","optional":true},"reputation":{"type":["list",["object",{"previous_score":"number","previous_scored_at":"string","score":"number","scored_at":"string","status":"string"}]],"description":"The domain's reputation","description_kind":"plain","computed":true},"revoked_at":{"type":"string","description":"Date and time of the revocation of the domain (RFC 3339 format)","description_kind":"plain","computed":true},"smtp_host":{"type":"string","description":"SMTP host to use to send emails","description_kind":"plain","computed":true},"smtp_port":{"type":"number","description":"SMTP port to use to send emails over TLS. (Port 587)","description_kind":"plain","computed":true},"smtp_port_alternative":{"type":"number","description":"SMTP port to use to send emails over TLS. (Port 2587)","description_kind":"plain","computed":true},"smtp_port_unsecure":{"type":"number","description":"SMTP port to use to send emails. (Port 25)","description_kind":"plain","computed":true},"smtps_auth_user":{"type":"string","description":"SMTPS auth user refers to the identifier for a user authorized to send emails via SMTPS, ensuring secure email transmission","description_kind":"plain","computed":true},"smtps_port":{"type":"number","description":"SMTPS port to use to send emails over TLS Wrapper. (Port 465)","description_kind":"plain","computed":true},"smtps_port_alternative":{"type":"number","description":"SMTPS port to use to send emails over TLS Wrapper. (Port 2465)","description_kind":"plain","computed":true},"spf_config":{"type":"string","description":"Snippet of the SPF record that should be registered in the DNS zone","description_kind":"plain","computed":true},"status":{"type":"string","description":"Status of the domain","description_kind":"plain","computed":true}},"description_kind":"plain"}},"scaleway_vpc":{"version":0,"block":{"attributes":{"created_at":{"type":"string","description":"The date and time of the creation of the private network","description_kind":"plain","computed":true},"enable_routing":{"type":"bool","description":"Enable routing between Private Networks in the VPC","description_kind":"plain","computed":true},"id":{"type":"string","description_kind":"plain","optional":true,"computed":true},"is_default":{"type":"bool","description":"Defines whether the VPC is the default one for its Project","description_kind":"plain","optional":true},"name":{"type":"string","description":"The name of the VPC","description_kind":"plain","optional":true},"organization_id":{"type":"string","description":"ID of organization the resource is associated to.","description_kind":"plain","optional":true,"computed":true},"project_id":{"type":"string","description":"The project ID the resource is associated to","description_kind":"plain","optional":true},"region":{"type":"string","description":"The region you want to attach the resource to","description_kind":"plain","optional":true},"tags":{"type":["list","string"],"description":"The tags associated with the VPC","description_kind":"plain","computed":true},"updated_at":{"type":"string","description":"The date and time of the last update of the private network","description_kind":"plain","computed":true},"vpc_id":{"type":"string","description":"The ID of the VPC","description_kind":"plain","optional":true}},"description_kind":"plain"}},"scaleway_vpc_gateway_network":{"version":0,"block":{"attributes":{"cleanup_dhcp":{"type":"bool","description":"Remove DHCP config on this network on destroy","description_kind":"plain","computed":true},"created_at":{"type":"string","description":"The date and time of the creation of the gateway network","description_kind":"plain","computed":true},"dhcp_id":{"type":"string","description":"The ID of the public gateway DHCP config","description_kind":"plain","optional":true},"enable_dhcp":{"type":"bool","description":"Enable DHCP config on this network","description_kind":"plain","computed":true},"enable_masquerade":{"type":"bool","description":"Enable masquerade on this network","description_kind":"plain","optional":true},"gateway_id":{"type":"string","description":"The ID of the public gateway where connect to","description_kind":"plain","optional":true},"gateway_network_id":{"type":"string","description":"The ID of the gateway network","description_kind":"plain","optional":true},"id":{"type":"string","description_kind":"plain","optional":true,"computed":true},"ipam_config":{"type":["list",["object",{"ipam_ip_id":"string","push_default_route":"bool"}]],"description":"Auto-configure the Gateway Network using IPAM (IP address management service)","description_kind":"plain","computed":true},"mac_address":{"type":"string","description":"The mac address on this network","description_kind":"plain","computed":true},"private_network_id":{"type":"string","description":"The ID of the private network where connect to","description_kind":"plain","optional":true},"static_address":{"type":"string","description":"The static IP address in CIDR on this network","description_kind":"plain","computed":true},"status":{"type":"string","description":"The status of the Public Gateway's connection to the Private Network","description_kind":"plain","computed":true},"updated_at":{"type":"string","description":"The date and time of the last update of the gateway network","description_kind":"plain","computed":true},"zone":{"type":"string","description":"The zone you want to attach the resource to","description_kind":"plain","computed":true}},"description_kind":"plain"}},"scaleway_vpc_private_network":{"version":1,"block":{"attributes":{"created_at":{"type":"string","description":"The date and time of the creation of the private network","description_kind":"plain","computed":true},"id":{"type":"string","description_kind":"plain","optional":true,"computed":true},"ipv4_subnet":{"type":["list",["object",{"address":"string","created_at":"string","id":"string","prefix_length":"number","subnet":"string","subnet_mask":"string","updated_at":"string"}]],"description":"The IPv4 subnet associated with the private network","description_kind":"plain","computed":true},"ipv6_subnets":{"type":["set",["object",{"address":"string","created_at":"string","id":"string","prefix_length":"number","subnet":"string","subnet_mask":"string","updated_at":"string"}]],"description":"The IPv6 subnet associated with the private network","description_kind":"plain","computed":true},"is_regional":{"type":"bool","description":"Defines whether the private network is Regional. By default, it will be Zonal","description_kind":"plain","computed":true},"name":{"type":"string","description":"The name of the private network","description_kind":"plain","optional":true},"organization_id":{"type":"string","description":"The organization_id you want to attach the resource to","description_kind":"plain","computed":true},"private_network_id":{"type":"string","description":"The ID of the private network","description_kind":"plain","optional":true},"project_id":{"type":"string","description":"The project_id you want to attach the resource to","description_kind":"plain","optional":true},"region":{"type":"string","description":"The region you want to attach the resource to","description_kind":"plain","optional":true},"tags":{"type":["list","string"],"description":"The tags associated with private network","description_kind":"plain","computed":true},"updated_at":{"type":"string","description":"The date and time of the last update of the private network","description_kind":"plain","computed":true},"vpc_id":{"type":"string","description":"The ID of the vpc to which the private network belongs to","description_kind":"plain","optional":true},"zone":{"type":"string","description":"The zone you want to attach the resource to","description_kind":"plain","computed":true}},"description_kind":"plain"}},"scaleway_vpc_public_gateway":{"version":0,"block":{"attributes":{"bastion_enabled":{"type":"bool","description":"Enable SSH bastion on the gateway","description_kind":"plain","computed":true},"bastion_port":{"type":"number","description":"Port of the SSH bastion","description_kind":"plain","computed":true},"created_at":{"type":"string","description":"The date and time of the creation of the public gateway","description_kind":"plain","computed":true},"enable_smtp":{"type":"bool","description":"Enable SMTP on the gateway","description_kind":"plain","computed":true},"id":{"type":"string","description_kind":"plain","optional":true,"computed":true},"ip_id":{"type":"string","description":"attach an existing IP to the gateway","description_kind":"plain","computed":true},"name":{"type":"string","description":"name of the gateway","description_kind":"plain","optional":true},"organization_id":{"type":"string","description":"The organization_id you want to attach the resource to","description_kind":"plain","computed":true},"project_id":{"type":"string","description":"The project_id you want to attach the resource to","description_kind":"plain","optional":true},"public_gateway_id":{"type":"string","description":"The ID of the public gateway","description_kind":"plain","optional":true},"refresh_ssh_keys":{"type":"string","description":"Trigger a refresh of the SSH keys for a given Public Gateway by changing this field's value","description_kind":"plain","computed":true},"status":{"type":"string","description":"The status of the public gateway","description_kind":"plain","computed":true},"tags":{"type":["list","string"],"description":"The tags associated with public gateway","description_kind":"plain","computed":true},"type":{"type":"string","description":"gateway type","description_kind":"plain","computed":true},"updated_at":{"type":"string","description":"The date and time of the last update of the public gateway","description_kind":"plain","computed":true},"upstream_dns_servers":{"type":["list","string"],"description":"override the gateway's default recursive DNS servers, if DNS features are enabled","description_kind":"plain","computed":true},"zone":{"type":"string","description":"The zone you want to attach the resource to","description_kind":"plain","optional":true}},"description_kind":"plain"}},"scaleway_vpc_public_gateway_dhcp":{"version":0,"block":{"attributes":{"address":{"type":"string","description":"The address of the DHCP server. This will be the gateway's address in the private network. Defaults to the first address of the subnet","description_kind":"plain","computed":true},"created_at":{"type":"string","description":"The date and time of the creation of the public gateway.","description_kind":"plain","computed":true},"dhcp_id":{"type":"string","description":"The ID of the public gateway DHCP configuration","description_kind":"plain","required":true},"dns_local_name":{"type":"string","description":"TLD given to hostnames in the Private Network. Allowed characters are `a-z0-9-.`. Defaults to the slugified Private Network name if created along a GatewayNetwork, or else to `priv`.","description_kind":"plain","computed":true},"dns_search":{"type":["list","string"],"description":"Additional DNS search paths.","description_kind":"plain","computed":true},"dns_servers_override":{"type":["list","string"],"description":"Override the DNS server list pushed to DHCP clients, instead of the gateway itself.","description_kind":"plain","computed":true},"enable_dynamic":{"type":"bool","description":"Whether to enable dynamic pooling of IPs. By turning the dynamic pool off, only pre-existing DHCP reservations will be handed out. Defaults to true.","description_kind":"plain","computed":true},"id":{"type":"string","description_kind":"plain","optional":true,"computed":true},"organization_id":{"type":"string","description":"The organization_id you want to attach the resource to","description_kind":"plain","computed":true},"pool_high":{"type":"string","description":"High IP (included) of the dynamic address pool. Defaults to the last address of the subnet.","description_kind":"plain","computed":true},"pool_low":{"type":"string","description":"Low IP (included) of the dynamic address pool. Defaults to the second address of the subnet.","description_kind":"plain","computed":true},"project_id":{"type":"string","description":"The project_id you want to attach the resource to","description_kind":"plain","computed":true},"push_default_route":{"type":"bool","description":"Whether the gateway should push a default route to DHCP clients or only hand out IPs. Defaults to true.","description_kind":"plain","computed":true},"push_dns_server":{"type":"bool","description":"Whether the gateway should push custom DNS servers to clients. This allows for instance hostname -\u003e IP resolution. Defaults to true.","description_kind":"plain","computed":true},"rebind_timer":{"type":"number","description":"After how long, in seconds, a DHCP client will query for a new lease if previous renews fail. Must be 30s lower than `valid_lifetime`. Defaults to 51m (3060s).","description_kind":"plain","computed":true},"renew_timer":{"type":"number","description":"After how long, in seconds, a renew will be attempted. Must be 30s lower than `rebind_timer`. Defaults to 50m (3000s).","description_kind":"plain","computed":true},"subnet":{"type":"string","description":"Subnet for the DHCP server","description_kind":"plain","computed":true},"updated_at":{"type":"string","description":"The date and time of the last update of the public gateway.","description_kind":"plain","computed":true},"valid_lifetime":{"type":"number","description":"For how long, in seconds, will DHCP entries will be valid. Defaults to 1h (3600s).","description_kind":"plain","computed":true},"zone":{"type":"string","description":"The zone you want to attach the resource to","description_kind":"plain","computed":true}},"description_kind":"plain"}},"scaleway_vpc_public_gateway_dhcp_reservation":{"version":0,"block":{"attributes":{"created_at":{"type":"string","description":"The configuration creation date.","description_kind":"plain","computed":true},"gateway_network_id":{"type":"string","description":"The ID of the owning GatewayNetwork (UUID format).","description_kind":"plain","optional":true},"hostname":{"type":"string","description":"The Hostname of the client machine.","description_kind":"plain","computed":true},"id":{"type":"string","description_kind":"plain","optional":true,"computed":true},"ip_address":{"type":"string","description":"The IP address to give to the machine (IPv4 address).","description_kind":"plain","computed":true},"mac_address":{"type":"string","description":"The MAC address to give a static entry to.","description_kind":"plain","optional":true},"reservation_id":{"type":"string","description":"The ID of dhcp entry reservation","description_kind":"plain","optional":true},"type":{"type":"string","description":"The reservation type, either static (DHCP reservation) or dynamic (DHCP lease). Possible values are reservation and lease","description_kind":"plain","computed":true},"updated_at":{"type":"string","description":"The configuration last modification date.","description_kind":"plain","computed":true},"wait_for_dhcp":{"type":"bool","description":"Wait the MAC address in dhcp entries","description_kind":"plain","optional":true},"zone":{"type":"string","description":"The zone you want to attach the resource to","description_kind":"plain","optional":true}},"description_kind":"plain"}},"scaleway_vpc_public_gateway_ip":{"version":0,"block":{"attributes":{"address":{"type":"string","description":"the IP itself","description_kind":"plain","computed":true},"created_at":{"type":"string","description":"The date and time of the creation of the public gateway IP","description_kind":"plain","computed":true},"id":{"type":"string","description_kind":"plain","optional":true,"computed":true},"ip_id":{"type":"string","description":"The ID of the IP","description_kind":"plain","optional":true},"organization_id":{"type":"string","description":"The organization_id you want to attach the resource to","description_kind":"plain","computed":true},"project_id":{"type":"string","description":"The project_id you want to attach the resource to","description_kind":"plain","computed":true},"reverse":{"type":"string","description":"reverse domain name for the IP address","description_kind":"plain","computed":true},"tags":{"type":["list","string"],"description":"The tags associated with public gateway IP","description_kind":"plain","computed":true},"updated_at":{"type":"string","description":"The date and time of the last update of the public gateway IP","description_kind":"plain","computed":true},"zone":{"type":"string","description":"The zone you want to attach the resource to","description_kind":"plain","computed":true}},"description_kind":"plain"}},"scaleway_vpc_public_gateway_pat_rule":{"version":0,"block":{"attributes":{"created_at":{"type":"string","description":"The date and time of the creation of the PAT rule","description_kind":"plain","computed":true},"gateway_id":{"type":"string","description":"The ID of the gateway this PAT rule is applied to","description_kind":"plain","computed":true},"id":{"type":"string","description_kind":"plain","optional":true,"computed":true},"organization_id":{"type":"string","description":"The organization_id you want to attach the resource to","description_kind":"plain","computed":true},"pat_rule_id":{"type":"string","description":"The ID of the public gateway PAT rule","description_kind":"plain","required":true},"private_ip":{"type":"string","description":"The private IP used in the PAT rule","description_kind":"plain","computed":true},"private_port":{"type":"number","description":"The private port used in the PAT rule","description_kind":"plain","computed":true},"protocol":{"type":"string","description":"The protocol used in the PAT rule","description_kind":"plain","computed":true},"public_port":{"type":"number","description":"The public port used in the PAT rule","description_kind":"plain","computed":true},"updated_at":{"type":"string","description":"The date and time of the last update of the PAT rule","description_kind":"plain","computed":true},"zone":{"type":"string","description":"The zone you want to attach the resource to","description_kind":"plain","optional":true}},"description_kind":"plain"}},"scaleway_vpc_routes":{"version":0,"block":{"attributes":{"id":{"type":"string","description_kind":"plain","optional":true,"computed":true},"is_ipv6":{"type":"bool","description":"Only routes with an IPv6 destination will be returned","description_kind":"plain","optional":true},"nexthop_private_network_id":{"type":"string","description":"Only routes with a matching next hop private network ID will be returned","description_kind":"plain","optional":true},"nexthop_resource_id":{"type":"string","description":"Only routes with a matching next hop resource ID will be returned","description_kind":"plain","optional":true},"nexthop_resource_type":{"type":"string","description":"Only Routes with a matching next hop resource type will be returned","description_kind":"plain","optional":true},"region":{"type":"string","description":"The region you want to attach the resource to","description_kind":"plain","optional":true,"computed":true},"routes":{"type":["list",["object",{"created_at":"string","description":"string","destination":"string","id":"string","nexthop_ip":"string","nexthop_name":"string","nexthop_private_network_id":"string","nexthop_resource_id":"string","nexthop_resource_type":"string","region":"string","tags":["list","string"],"vpc_id":"string"}]],"description_kind":"plain","computed":true},"tags":{"type":["list","string"],"description":"Routes with these exact tags are listed.","description_kind":"plain","optional":true},"vpc_id":{"type":"string","description":"Only routes within this VPC will be returned","description_kind":"plain","optional":true}},"description_kind":"plain"}},"scaleway_vpcs":{"version":0,"block":{"attributes":{"id":{"type":"string","description_kind":"plain","optional":true,"computed":true},"name":{"type":"string","description":"VPCs with a name like it are listed.","description_kind":"plain","optional":true},"organization_id":{"type":"string","description":"The organization_id you want to attach the resource to","description_kind":"plain","computed":true},"project_id":{"type":"string","description":"The project_id you want to attach the resource to","description_kind":"plain","optional":true,"computed":true},"region":{"type":"string","description":"The region you want to attach the resource to","description_kind":"plain","optional":true,"computed":true},"tags":{"type":["list","string"],"description":"VPCs with these exact tags are listed.","description_kind":"plain","optional":true},"vpcs":{"type":["list",["object",{"created_at":"string","id":"string","is_default":"bool","name":"string","organization_id":"string","project_id":"string","region":"string","tags":["list","string"],"update_at":"string"}]],"description_kind":"plain","computed":true}},"description_kind":"plain"}},"scaleway_webhosting":{"version":0,"block":{"attributes":{"cpanel_urls":{"type":["list",["object",{"dashboard":"string","webmail":"string"}]],"description":"URL to connect to cPanel Dashboard and to Webmail interface","description_kind":"plain","computed":true},"created_at":{"type":"string","description":"IsDate and time of hosting's creation (RFC 3339 format)","description_kind":"plain","computed":true},"dns_status":{"type":"string","description":"DNS status of the hosting","description_kind":"plain","computed":true},"domain":{"type":"string","description":"The domain name of the hosting","description_kind":"plain","optional":true},"email":{"type":"string","description":"Contact email of the client for the hosting","description_kind":"plain","computed":true},"id":{"type":"string","description_kind":"plain","optional":true,"computed":true},"offer_id":{"type":"string","description":"The ID of the selected offer for the hosting","description_kind":"plain","computed":true},"offer_name":{"type":"string","description":"Name of the active offer","description_kind":"plain","computed":true},"option_ids":{"type":["list","string"],"description":"IDs of the selected options for the hosting","description_kind":"plain","computed":true},"options":{"type":["list",["object",{"id":"string","name":"string"}]],"description":"Active options of the hosting","description_kind":"plain","computed":true},"organization_id":{"type":"string","description":"ID of organization the resource is associated to.","description_kind":"plain","optional":true,"computed":true},"platform_hostname":{"type":"string","description":"Hostname of the host platform","description_kind":"plain","computed":true},"platform_number":{"type":"number","description":"Number of the host platform","description_kind":"plain","computed":true},"project_id":{"type":"string","description":"The project ID the resource is associated to","description_kind":"plain","optional":true},"region":{"type":"string","description":"The region you want to attach the resource to","description_kind":"plain","computed":true},"status":{"type":"string","description":"The hosting status","description_kind":"plain","computed":true},"tags":{"type":["list","string"],"description":"The tags of the hosting","description_kind":"plain","computed":true},"updated_at":{"type":"string","description":"IsDate and time of hosting's last update (RFC 3339 format)","description_kind":"plain","computed":true},"username":{"type":"string","description":"Main hosting cPanel username","description_kind":"plain","computed":true},"webhosting_id":{"type":"string","description":"The ID of the Webhosting","description_kind":"plain","optional":true}},"description_kind":"plain"}},"scaleway_webhosting_offer":{"version":0,"block":{"attributes":{"billing_operation_path":{"type":"string","description_kind":"plain","computed":true},"id":{"type":"string","description_kind":"plain","optional":true,"computed":true},"name":{"type":"string","description":"Exact name of the desired offer","description_kind":"plain","optional":true},"offer_id":{"type":"string","description":"ID of the desired offer","description_kind":"plain","optional":true},"price":{"type":"string","description_kind":"plain","computed":true},"product":{"type":["list",["object",{"databases_quota":"number","email_accounts_quota":"number","email_storage_quota":"number","hosting_storage_quota":"number","name":"string","option":"bool","ram":"number","support_included":"bool","v_cpu":"number"}]],"description_kind":"plain","computed":true},"region":{"type":"string","description":"The region you want to attach the resource to","description_kind":"plain","optional":true,"computed":true}},"description_kind":"plain"}}}}}}
